
Microsoft Visual Studio Solution File, Format Version 12.00
# Visual Studio 15
VisualStudioVersion = 15.0.33801.198
MinimumVisualStudioVersion = 10.0.40219.1
Project("{F184B08F-C81C-45F6-A57F-5ABD9991F28F}") = "Crodip_agent", "Crodip_agent.vbproj", "{DD7C56AA-4A81-4966-94BC-6B9B62054235}"
EndProject
Project("{F184B08F-C81C-45F6-A57F-5ABD9991F28F}") = "CRODIP_ControlLibrary", "CRODIP_ControlLibrary\CRODIP_ControlLibrary\CRODIP_ControlLibrary.vbproj", "{2E21234E-DAEF-48B6-AFF5-A3655C9420E4}"
EndProject
Project("{F184B08F-C81C-45F6-A57F-5ABD9991F28F}") = "CRODIPAcquisition", "CRODIPAcquisition\CRODIPAcquisition.vbproj", "{6A47ACA1-97A9-468D-9C04-9B9CC11F6FE9}"
EndProject
Project("{F184B08F-C81C-45F6-A57F-5ABD9991F28F}") = "AcquisitionMD2", "AcquisitionMD2\AcquisitionMD2.vbproj", "{333CD6FE-B2A4-4536-B8B9-18547927CD05}"
EndProject
Project("{F184B08F-C81C-45F6-A57F-5ABD9991F28F}") = "AcquisitionAAMS", "AcquisitionAAMS\AcquisitionAAMS.vbproj", "{20A5B624-091F-4463-9D58-FD9591E0CB51}"
EndProject
Project("{F184B08F-C81C-45F6-A57F-5ABD9991F28F}") = "AcquisitionERECA", "AcquisitionERECA\AcquisitionERECA.vbproj", "{2EBF5163-6939-4EA3-AB6E-783518B739E9}"
EndProject
Project("{F184B08F-C81C-45F6-A57F-5ABD9991F28F}") = "AcquisitionITEQ", "AcquisitionITEQ\AcquisitionITEQ.vbproj", "{261D4ECE-CFCD-4BC7-B7EB-EA41468A3439}"
EndProject
Project("{F184B08F-C81C-45F6-A57F-5ABD9991F28F}") = "AcquisitionITEQ2", "AcquisitionITEQ2\AcquisitionITEQ2.vbproj", "{A050122C-6BDE-45E1-9B9C-ED48BCCC7A66}"
EndProject
Project("{F184B08F-C81C-45F6-A57F-5ABD9991F28F}") = "AcquisitionMD2Transfert", "AcquisitionMD2Transfert\AcquisitionMD2Transfert.vbproj", "{B6028142-A6E7-47CD-95EA-8F7F1C8AC84D}"
EndProject
Project("{F184B08F-C81C-45F6-A57F-5ABD9991F28F}") = "Crodip_updater", "Crodip_updater\Crodip_updater.vbproj", "{3CD1ECE4-5DF3-46FD-A6A0-17163645B1F0}"
EndProject
Project("{F184B08F-C81C-45F6-A57F-5ABD9991F28F}") = "DBUpdate", "DBUpdate\DBUpdate.vbproj", "{65815FF1-9AC8-4D74-A001-3069EA510506}"
EndProject
Project("{F184B08F-C81C-45F6-A57F-5ABD9991F28F}") = "testAcquisition", "testAcquisition\testAcquisition.vbproj", "{67DCF3F7-9846-42DE-99C5-BA631E5E3BC0}"
EndProject
Project("{F184B08F-C81C-45F6-A57F-5ABD9991F28F}") = "TestCRODIP3", "TestCRODIP3\TestCRODIP3.vbproj", "{17D2745C-F3C7-4ACA-B579-60E4BE471002}"
EndProject
Project("{F184B08F-C81C-45F6-A57F-5ABD9991F28F}") = "CRODIPGPS", "CRODIPGPS\CRODIPGPS.vbproj", "{6288E64B-CC4D-4C5C-92B9-77C8FD061CCC}"
EndProject
Project("{F184B08F-C81C-45F6-A57F-5ABD9991F28F}") = "DemoButtonVB", "DemoButtonVB\DemoButtonVB.vbproj", "{8F79257D-E466-4125-A90A-826463AB566A}"
EndProject
Project("{F184B08F-C81C-45F6-A57F-5ABD9991F28F}") = "CRODIPWS", "CRODIPWS\CRODIPWS.vbproj", "{D148FB92-18B1-4FB6-903D-1DC575B7D452}"
EndProject
Project("{F184B08F-C81C-45F6-A57F-5ABD9991F28F}") = "TestCrodipWS", "TestCrodipWS\TestCrodipWS.vbproj", "{7A709543-4D21-49D0-9C55-44759F743B7A}"
EndProject
Project("{F184B08F-C81C-45F6-A57F-5ABD9991F28F}") = "MAJDB", "R:\crodip_agentNEW\MAJDB\MAJDB.vbproj", "{D0E1861C-B709-4499-9790-13D17FF1B5AB}"
EndProject
Project("{54435603-DBB4-11D2-8724-00A0C9A8B90C}") = "SetupAgent", "R:\crodip_agentNEW\SetupAgent\SetupAgent.vdproj", "{FACA4A7F-89AD-4DD4-A277-BDF04E0C09EB}"
EndProject
Global
	GlobalSection(SolutionConfigurationPlatforms) = preSolution
		Debug|Any CPU = Debug|Any CPU
		Debug|x86 = Debug|x86
		DebugReglagePulve|Any CPU = DebugReglagePulve|Any CPU
		DebugReglagePulve|x86 = DebugReglagePulve|x86
		Release|Any CPU = Release|Any CPU
		Release|x86 = Release|x86
		ReleaseReglagePulve|Any CPU = ReleaseReglagePulve|Any CPU
		ReleaseReglagePulve|x86 = ReleaseReglagePulve|x86
	EndGlobalSection
	GlobalSection(ProjectConfigurationPlatforms) = postSolution
		{DD7C56AA-4A81-4966-94BC-6B9B62054235}.Debug|Any CPU.ActiveCfg = Debug|Any CPU
		{DD7C56AA-4A81-4966-94BC-6B9B62054235}.Debug|Any CPU.Build.0 = Debug|Any CPU
		{DD7C56AA-4A81-4966-94BC-6B9B62054235}.Debug|x86.ActiveCfg = Debug|x86
		{DD7C56AA-4A81-4966-94BC-6B9B62054235}.Debug|x86.Build.0 = Debug|x86
		{DD7C56AA-4A81-4966-94BC-6B9B62054235}.DebugReglagePulve|Any CPU.ActiveCfg = DebugReglagePulve|Any CPU
		{DD7C56AA-4A81-4966-94BC-6B9B62054235}.DebugReglagePulve|Any CPU.Build.0 = DebugReglagePulve|Any CPU
		{DD7C56AA-4A81-4966-94BC-6B9B62054235}.DebugReglagePulve|x86.ActiveCfg = DebugReglagePulve|x86
		{DD7C56AA-4A81-4966-94BC-6B9B62054235}.DebugReglagePulve|x86.Build.0 = DebugReglagePulve|x86
		{DD7C56AA-4A81-4966-94BC-6B9B62054235}.Release|Any CPU.ActiveCfg = Release|Any CPU
		{DD7C56AA-4A81-4966-94BC-6B9B62054235}.Release|Any CPU.Build.0 = Release|Any CPU
		{DD7C56AA-4A81-4966-94BC-6B9B62054235}.Release|x86.ActiveCfg = Release|x86
		{DD7C56AA-4A81-4966-94BC-6B9B62054235}.Release|x86.Build.0 = Release|x86
		{DD7C56AA-4A81-4966-94BC-6B9B62054235}.ReleaseReglagePulve|Any CPU.ActiveCfg = ReleaseReglagePulve|Any CPU
		{DD7C56AA-4A81-4966-94BC-6B9B62054235}.ReleaseReglagePulve|Any CPU.Build.0 = ReleaseReglagePulve|Any CPU
		{DD7C56AA-4A81-4966-94BC-6B9B62054235}.ReleaseReglagePulve|x86.ActiveCfg = ReleaseReglagePulve|x86
		{DD7C56AA-4A81-4966-94BC-6B9B62054235}.ReleaseReglagePulve|x86.Build.0 = ReleaseReglagePulve|x86
		{2E21234E-DAEF-48B6-AFF5-A3655C9420E4}.Debug|Any CPU.ActiveCfg = Debug|Any CPU
		{2E21234E-DAEF-48B6-AFF5-A3655C9420E4}.Debug|Any CPU.Build.0 = Debug|Any CPU
		{2E21234E-DAEF-48B6-AFF5-A3655C9420E4}.Debug|x86.ActiveCfg = Debug|x86
		{2E21234E-DAEF-48B6-AFF5-A3655C9420E4}.Debug|x86.Build.0 = Debug|x86
		{2E21234E-DAEF-48B6-AFF5-A3655C9420E4}.DebugReglagePulve|Any CPU.ActiveCfg = DebugReglagePulve|Any CPU
		{2E21234E-DAEF-48B6-AFF5-A3655C9420E4}.DebugReglagePulve|Any CPU.Build.0 = DebugReglagePulve|Any CPU
		{2E21234E-DAEF-48B6-AFF5-A3655C9420E4}.DebugReglagePulve|x86.ActiveCfg = DebugReglagePulve|x86
		{2E21234E-DAEF-48B6-AFF5-A3655C9420E4}.DebugReglagePulve|x86.Build.0 = DebugReglagePulve|x86
		{2E21234E-DAEF-48B6-AFF5-A3655C9420E4}.Release|Any CPU.ActiveCfg = Release|Any CPU
		{2E21234E-DAEF-48B6-AFF5-A3655C9420E4}.Release|Any CPU.Build.0 = Release|Any CPU
		{2E21234E-DAEF-48B6-AFF5-A3655C9420E4}.Release|x86.ActiveCfg = Release|x86
		{2E21234E-DAEF-48B6-AFF5-A3655C9420E4}.Release|x86.Build.0 = Release|x86
		{2E21234E-DAEF-48B6-AFF5-A3655C9420E4}.ReleaseReglagePulve|Any CPU.ActiveCfg = ReleaseReglagePulve|Any CPU
		{2E21234E-DAEF-48B6-AFF5-A3655C9420E4}.ReleaseReglagePulve|Any CPU.Build.0 = ReleaseReglagePulve|Any CPU
		{2E21234E-DAEF-48B6-AFF5-A3655C9420E4}.ReleaseReglagePulve|x86.ActiveCfg = ReleaseReglagePulve|x86
		{2E21234E-DAEF-48B6-AFF5-A3655C9420E4}.ReleaseReglagePulve|x86.Build.0 = ReleaseReglagePulve|x86
		{6A47ACA1-97A9-468D-9C04-9B9CC11F6FE9}.Debug|Any CPU.ActiveCfg = Debug|Any CPU
		{6A47ACA1-97A9-468D-9C04-9B9CC11F6FE9}.Debug|Any CPU.Build.0 = Debug|Any CPU
		{6A47ACA1-97A9-468D-9C04-9B9CC11F6FE9}.Debug|x86.ActiveCfg = Debug|x86
		{6A47ACA1-97A9-468D-9C04-9B9CC11F6FE9}.Debug|x86.Build.0 = Debug|x86
		{6A47ACA1-97A9-468D-9C04-9B9CC11F6FE9}.DebugReglagePulve|Any CPU.ActiveCfg = Debug|Any CPU
		{6A47ACA1-97A9-468D-9C04-9B9CC11F6FE9}.DebugReglagePulve|Any CPU.Build.0 = Debug|Any CPU
		{6A47ACA1-97A9-468D-9C04-9B9CC11F6FE9}.DebugReglagePulve|x86.ActiveCfg = Debug|x86
		{6A47ACA1-97A9-468D-9C04-9B9CC11F6FE9}.DebugReglagePulve|x86.Build.0 = Debug|x86
		{6A47ACA1-97A9-468D-9C04-9B9CC11F6FE9}.Release|Any CPU.ActiveCfg = Release|Any CPU
		{6A47ACA1-97A9-468D-9C04-9B9CC11F6FE9}.Release|Any CPU.Build.0 = Release|Any CPU
		{6A47ACA1-97A9-468D-9C04-9B9CC11F6FE9}.Release|x86.ActiveCfg = Release|x86
		{6A47ACA1-97A9-468D-9C04-9B9CC11F6FE9}.Release|x86.Build.0 = Release|x86
		{6A47ACA1-97A9-468D-9C04-9B9CC11F6FE9}.ReleaseReglagePulve|Any CPU.ActiveCfg = Release|Any CPU
		{6A47ACA1-97A9-468D-9C04-9B9CC11F6FE9}.ReleaseReglagePulve|Any CPU.Build.0 = Release|Any CPU
		{6A47ACA1-97A9-468D-9C04-9B9CC11F6FE9}.ReleaseReglagePulve|x86.ActiveCfg = Release|x86
		{6A47ACA1-97A9-468D-9C04-9B9CC11F6FE9}.ReleaseReglagePulve|x86.Build.0 = Release|x86
		{333CD6FE-B2A4-4536-B8B9-18547927CD05}.Debug|Any CPU.ActiveCfg = Debug|Any CPU
		{333CD6FE-B2A4-4536-B8B9-18547927CD05}.Debug|Any CPU.Build.0 = Debug|Any CPU
		{333CD6FE-B2A4-4536-B8B9-18547927CD05}.Debug|x86.ActiveCfg = Debug|x86
		{333CD6FE-B2A4-4536-B8B9-18547927CD05}.Debug|x86.Build.0 = Debug|x86
		{333CD6FE-B2A4-4536-B8B9-18547927CD05}.DebugReglagePulve|Any CPU.ActiveCfg = Debug|Any CPU
		{333CD6FE-B2A4-4536-B8B9-18547927CD05}.DebugReglagePulve|Any CPU.Build.0 = Debug|Any CPU
		{333CD6FE-B2A4-4536-B8B9-18547927CD05}.DebugReglagePulve|x86.ActiveCfg = Debug|x86
		{333CD6FE-B2A4-4536-B8B9-18547927CD05}.DebugReglagePulve|x86.Build.0 = Debug|x86
		{333CD6FE-B2A4-4536-B8B9-18547927CD05}.Release|Any CPU.ActiveCfg = Release|Any CPU
		{333CD6FE-B2A4-4536-B8B9-18547927CD05}.Release|Any CPU.Build.0 = Release|Any CPU
		{333CD6FE-B2A4-4536-B8B9-18547927CD05}.Release|x86.ActiveCfg = Release|x86
		{333CD6FE-B2A4-4536-B8B9-18547927CD05}.Release|x86.Build.0 = Release|x86
		{333CD6FE-B2A4-4536-B8B9-18547927CD05}.ReleaseReglagePulve|Any CPU.ActiveCfg = Release|Any CPU
		{333CD6FE-B2A4-4536-B8B9-18547927CD05}.ReleaseReglagePulve|Any CPU.Build.0 = Release|Any CPU
		{333CD6FE-B2A4-4536-B8B9-18547927CD05}.ReleaseReglagePulve|x86.ActiveCfg = Release|x86
		{333CD6FE-B2A4-4536-B8B9-18547927CD05}.ReleaseReglagePulve|x86.Build.0 = Release|x86
		{20A5B624-091F-4463-9D58-FD9591E0CB51}.Debug|Any CPU.ActiveCfg = Debug|Any CPU
		{20A5B624-091F-4463-9D58-FD9591E0CB51}.Debug|Any CPU.Build.0 = Debug|Any CPU
		{20A5B624-091F-4463-9D58-FD9591E0CB51}.Debug|x86.ActiveCfg = Debug|Any CPU
		{20A5B624-091F-4463-9D58-FD9591E0CB51}.Debug|x86.Build.0 = Debug|Any CPU
		{20A5B624-091F-4463-9D58-FD9591E0CB51}.DebugReglagePulve|Any CPU.ActiveCfg = Debug|Any CPU
		{20A5B624-091F-4463-9D58-FD9591E0CB51}.DebugReglagePulve|Any CPU.Build.0 = Debug|Any CPU
		{20A5B624-091F-4463-9D58-FD9591E0CB51}.DebugReglagePulve|x86.ActiveCfg = Debug|Any CPU
		{20A5B624-091F-4463-9D58-FD9591E0CB51}.DebugReglagePulve|x86.Build.0 = Debug|Any CPU
		{20A5B624-091F-4463-9D58-FD9591E0CB51}.Release|Any CPU.ActiveCfg = Release|Any CPU
		{20A5B624-091F-4463-9D58-FD9591E0CB51}.Release|Any CPU.Build.0 = Release|Any CPU
		{20A5B624-091F-4463-9D58-FD9591E0CB51}.Release|x86.ActiveCfg = Release|Any CPU
		{20A5B624-091F-4463-9D58-FD9591E0CB51}.Release|x86.Build.0 = Release|Any CPU
		{20A5B624-091F-4463-9D58-FD9591E0CB51}.ReleaseReglagePulve|Any CPU.ActiveCfg = Release|Any CPU
		{20A5B624-091F-4463-9D58-FD9591E0CB51}.ReleaseReglagePulve|Any CPU.Build.0 = Release|Any CPU
		{20A5B624-091F-4463-9D58-FD9591E0CB51}.ReleaseReglagePulve|x86.ActiveCfg = Release|Any CPU
		{20A5B624-091F-4463-9D58-FD9591E0CB51}.ReleaseReglagePulve|x86.Build.0 = Release|Any CPU
		{2EBF5163-6939-4EA3-AB6E-783518B739E9}.Debug|Any CPU.ActiveCfg = Debug|Any CPU
		{2EBF5163-6939-4EA3-AB6E-783518B739E9}.Debug|Any CPU.Build.0 = Debug|Any CPU
		{2EBF5163-6939-4EA3-AB6E-783518B739E9}.Debug|x86.ActiveCfg = Debug|Any CPU
		{2EBF5163-6939-4EA3-AB6E-783518B739E9}.Debug|x86.Build.0 = Debug|Any CPU
		{2EBF5163-6939-4EA3-AB6E-783518B739E9}.DebugReglagePulve|Any CPU.ActiveCfg = Debug|Any CPU
		{2EBF5163-6939-4EA3-AB6E-783518B739E9}.DebugReglagePulve|Any CPU.Build.0 = Debug|Any CPU
		{2EBF5163-6939-4EA3-AB6E-783518B739E9}.DebugReglagePulve|x86.ActiveCfg = Debug|Any CPU
		{2EBF5163-6939-4EA3-AB6E-783518B739E9}.DebugReglagePulve|x86.Build.0 = Debug|Any CPU
		{2EBF5163-6939-4EA3-AB6E-783518B739E9}.Release|Any CPU.ActiveCfg = Release|Any CPU
		{2EBF5163-6939-4EA3-AB6E-783518B739E9}.Release|Any CPU.Build.0 = Release|Any CPU
		{2EBF5163-6939-4EA3-AB6E-783518B739E9}.Release|x86.ActiveCfg = Release|Any CPU
		{2EBF5163-6939-4EA3-AB6E-783518B739E9}.Release|x86.Build.0 = Release|Any CPU
		{2EBF5163-6939-4EA3-AB6E-783518B739E9}.ReleaseReglagePulve|Any CPU.ActiveCfg = Release|Any CPU
		{2EBF5163-6939-4EA3-AB6E-783518B739E9}.ReleaseReglagePulve|Any CPU.Build.0 = Release|Any CPU
		{2EBF5163-6939-4EA3-AB6E-783518B739E9}.ReleaseReglagePulve|x86.ActiveCfg = Release|Any CPU
		{2EBF5163-6939-4EA3-AB6E-783518B739E9}.ReleaseReglagePulve|x86.Build.0 = Release|Any CPU
		{261D4ECE-CFCD-4BC7-B7EB-EA41468A3439}.Debug|Any CPU.ActiveCfg = Debug|Any CPU
		{261D4ECE-CFCD-4BC7-B7EB-EA41468A3439}.Debug|Any CPU.Build.0 = Debug|Any CPU
		{261D4ECE-CFCD-4BC7-B7EB-EA41468A3439}.Debug|x86.ActiveCfg = Debug|Any CPU
		{261D4ECE-CFCD-4BC7-B7EB-EA41468A3439}.Debug|x86.Build.0 = Debug|Any CPU
		{261D4ECE-CFCD-4BC7-B7EB-EA41468A3439}.DebugReglagePulve|Any CPU.ActiveCfg = Debug|Any CPU
		{261D4ECE-CFCD-4BC7-B7EB-EA41468A3439}.DebugReglagePulve|Any CPU.Build.0 = Debug|Any CPU
		{261D4ECE-CFCD-4BC7-B7EB-EA41468A3439}.DebugReglagePulve|x86.ActiveCfg = Debug|Any CPU
		{261D4ECE-CFCD-4BC7-B7EB-EA41468A3439}.DebugReglagePulve|x86.Build.0 = Debug|Any CPU
		{261D4ECE-CFCD-4BC7-B7EB-EA41468A3439}.Release|Any CPU.ActiveCfg = Release|Any CPU
		{261D4ECE-CFCD-4BC7-B7EB-EA41468A3439}.Release|Any CPU.Build.0 = Release|Any CPU
		{261D4ECE-CFCD-4BC7-B7EB-EA41468A3439}.Release|x86.ActiveCfg = Release|Any CPU
		{261D4ECE-CFCD-4BC7-B7EB-EA41468A3439}.Release|x86.Build.0 = Release|Any CPU
		{261D4ECE-CFCD-4BC7-B7EB-EA41468A3439}.ReleaseReglagePulve|Any CPU.ActiveCfg = Release|Any CPU
		{261D4ECE-CFCD-4BC7-B7EB-EA41468A3439}.ReleaseReglagePulve|Any CPU.Build.0 = Release|Any CPU
		{261D4ECE-CFCD-4BC7-B7EB-EA41468A3439}.ReleaseReglagePulve|x86.ActiveCfg = Release|Any CPU
		{261D4ECE-CFCD-4BC7-B7EB-EA41468A3439}.ReleaseReglagePulve|x86.Build.0 = Release|Any CPU
		{A050122C-6BDE-45E1-9B9C-ED48BCCC7A66}.Debug|Any CPU.ActiveCfg = Debug|Any CPU
		{A050122C-6BDE-45E1-9B9C-ED48BCCC7A66}.Debug|Any CPU.Build.0 = Debug|Any CPU
		{A050122C-6BDE-45E1-9B9C-ED48BCCC7A66}.Debug|x86.ActiveCfg = Debug|Any CPU
		{A050122C-6BDE-45E1-9B9C-ED48BCCC7A66}.Debug|x86.Build.0 = Debug|Any CPU
		{A050122C-6BDE-45E1-9B9C-ED48BCCC7A66}.DebugReglagePulve|Any CPU.ActiveCfg = Debug|Any CPU
		{A050122C-6BDE-45E1-9B9C-ED48BCCC7A66}.DebugReglagePulve|Any CPU.Build.0 = Debug|Any CPU
		{A050122C-6BDE-45E1-9B9C-ED48BCCC7A66}.DebugReglagePulve|x86.ActiveCfg = Debug|Any CPU
		{A050122C-6BDE-45E1-9B9C-ED48BCCC7A66}.DebugReglagePulve|x86.Build.0 = Debug|Any CPU
		{A050122C-6BDE-45E1-9B9C-ED48BCCC7A66}.Release|Any CPU.ActiveCfg = Release|Any CPU
		{A050122C-6BDE-45E1-9B9C-ED48BCCC7A66}.Release|Any CPU.Build.0 = Release|Any CPU
		{A050122C-6BDE-45E1-9B9C-ED48BCCC7A66}.Release|x86.ActiveCfg = Release|Any CPU
		{A050122C-6BDE-45E1-9B9C-ED48BCCC7A66}.Release|x86.Build.0 = Release|Any CPU
		{A050122C-6BDE-45E1-9B9C-ED48BCCC7A66}.ReleaseReglagePulve|Any CPU.ActiveCfg = Release|Any CPU
		{A050122C-6BDE-45E1-9B9C-ED48BCCC7A66}.ReleaseReglagePulve|Any CPU.Build.0 = Release|Any CPU
		{A050122C-6BDE-45E1-9B9C-ED48BCCC7A66}.ReleaseReglagePulve|x86.ActiveCfg = Release|Any CPU
		{A050122C-6BDE-45E1-9B9C-ED48BCCC7A66}.ReleaseReglagePulve|x86.Build.0 = Release|Any CPU
		{B6028142-A6E7-47CD-95EA-8F7F1C8AC84D}.Debug|Any CPU.ActiveCfg = Debug|Any CPU
		{B6028142-A6E7-47CD-95EA-8F7F1C8AC84D}.Debug|Any CPU.Build.0 = Debug|Any CPU
		{B6028142-A6E7-47CD-95EA-8F7F1C8AC84D}.Debug|x86.ActiveCfg = Debug|Any CPU
		{B6028142-A6E7-47CD-95EA-8F7F1C8AC84D}.Debug|x86.Build.0 = Debug|Any CPU
		{B6028142-A6E7-47CD-95EA-8F7F1C8AC84D}.DebugReglagePulve|Any CPU.ActiveCfg = Debug|Any CPU
		{B6028142-A6E7-47CD-95EA-8F7F1C8AC84D}.DebugReglagePulve|Any CPU.Build.0 = Debug|Any CPU
		{B6028142-A6E7-47CD-95EA-8F7F1C8AC84D}.DebugReglagePulve|x86.ActiveCfg = Debug|Any CPU
		{B6028142-A6E7-47CD-95EA-8F7F1C8AC84D}.DebugReglagePulve|x86.Build.0 = Debug|Any CPU
		{B6028142-A6E7-47CD-95EA-8F7F1C8AC84D}.Release|Any CPU.ActiveCfg = Release|Any CPU
		{B6028142-A6E7-47CD-95EA-8F7F1C8AC84D}.Release|Any CPU.Build.0 = Release|Any CPU
		{B6028142-A6E7-47CD-95EA-8F7F1C8AC84D}.Release|x86.ActiveCfg = Release|Any CPU
		{B6028142-A6E7-47CD-95EA-8F7F1C8AC84D}.Release|x86.Build.0 = Release|Any CPU
		{B6028142-A6E7-47CD-95EA-8F7F1C8AC84D}.ReleaseReglagePulve|Any CPU.ActiveCfg = Release|Any CPU
		{B6028142-A6E7-47CD-95EA-8F7F1C8AC84D}.ReleaseReglagePulve|Any CPU.Build.0 = Release|Any CPU
		{B6028142-A6E7-47CD-95EA-8F7F1C8AC84D}.ReleaseReglagePulve|x86.ActiveCfg = Release|Any CPU
		{B6028142-A6E7-47CD-95EA-8F7F1C8AC84D}.ReleaseReglagePulve|x86.Build.0 = Release|Any CPU
		{3CD1ECE4-5DF3-46FD-A6A0-17163645B1F0}.Debug|Any CPU.ActiveCfg = Debug|Any CPU
		{3CD1ECE4-5DF3-46FD-A6A0-17163645B1F0}.Debug|Any CPU.Build.0 = Debug|Any CPU
		{3CD1ECE4-5DF3-46FD-A6A0-17163645B1F0}.Debug|x86.ActiveCfg = Debug|x86
		{3CD1ECE4-5DF3-46FD-A6A0-17163645B1F0}.Debug|x86.Build.0 = Debug|x86
		{3CD1ECE4-5DF3-46FD-A6A0-17163645B1F0}.DebugReglagePulve|Any CPU.ActiveCfg = DebugReglagePulve|Any CPU
		{3CD1ECE4-5DF3-46FD-A6A0-17163645B1F0}.DebugReglagePulve|Any CPU.Build.0 = DebugReglagePulve|Any CPU
		{3CD1ECE4-5DF3-46FD-A6A0-17163645B1F0}.DebugReglagePulve|x86.ActiveCfg = DebugReglagePulve|x86
		{3CD1ECE4-5DF3-46FD-A6A0-17163645B1F0}.DebugReglagePulve|x86.Build.0 = DebugReglagePulve|x86
		{3CD1ECE4-5DF3-46FD-A6A0-17163645B1F0}.Release|Any CPU.ActiveCfg = Release|Any CPU
		{3CD1ECE4-5DF3-46FD-A6A0-17163645B1F0}.Release|Any CPU.Build.0 = Release|Any CPU
		{3CD1ECE4-5DF3-46FD-A6A0-17163645B1F0}.Release|x86.ActiveCfg = Release|x86
		{3CD1ECE4-5DF3-46FD-A6A0-17163645B1F0}.Release|x86.Build.0 = Release|x86
		{3CD1ECE4-5DF3-46FD-A6A0-17163645B1F0}.ReleaseReglagePulve|Any CPU.ActiveCfg = ReleaseReglagePulve|Any CPU
		{3CD1ECE4-5DF3-46FD-A6A0-17163645B1F0}.ReleaseReglagePulve|Any CPU.Build.0 = ReleaseReglagePulve|Any CPU
		{3CD1ECE4-5DF3-46FD-A6A0-17163645B1F0}.ReleaseReglagePulve|x86.ActiveCfg = ReleaseReglagePulve|x86
		{3CD1ECE4-5DF3-46FD-A6A0-17163645B1F0}.ReleaseReglagePulve|x86.Build.0 = ReleaseReglagePulve|x86
		{65815FF1-9AC8-4D74-A001-3069EA510506}.Debug|Any CPU.ActiveCfg = Debug|Any CPU
		{65815FF1-9AC8-4D74-A001-3069EA510506}.Debug|Any CPU.Build.0 = Debug|Any CPU
		{65815FF1-9AC8-4D74-A001-3069EA510506}.Debug|x86.ActiveCfg = Debug|x86
		{65815FF1-9AC8-4D74-A001-3069EA510506}.Debug|x86.Build.0 = Debug|x86
		{65815FF1-9AC8-4D74-A001-3069EA510506}.DebugReglagePulve|Any CPU.ActiveCfg = DebugReglagePulve|Any CPU
		{65815FF1-9AC8-4D74-A001-3069EA510506}.DebugReglagePulve|Any CPU.Build.0 = DebugReglagePulve|Any CPU
		{65815FF1-9AC8-4D74-A001-3069EA510506}.DebugReglagePulve|x86.ActiveCfg = DebugReglagePulve|x86
		{65815FF1-9AC8-4D74-A001-3069EA510506}.DebugReglagePulve|x86.Build.0 = DebugReglagePulve|x86
		{65815FF1-9AC8-4D74-A001-3069EA510506}.Release|Any CPU.ActiveCfg = Release|Any CPU
		{65815FF1-9AC8-4D74-A001-3069EA510506}.Release|Any CPU.Build.0 = Release|Any CPU
		{65815FF1-9AC8-4D74-A001-3069EA510506}.Release|x86.ActiveCfg = Release|x86
		{65815FF1-9AC8-4D74-A001-3069EA510506}.Release|x86.Build.0 = Release|x86
		{65815FF1-9AC8-4D74-A001-3069EA510506}.ReleaseReglagePulve|Any CPU.ActiveCfg = ReleaseReglagePulve|Any CPU
		{65815FF1-9AC8-4D74-A001-3069EA510506}.ReleaseReglagePulve|Any CPU.Build.0 = ReleaseReglagePulve|Any CPU
		{65815FF1-9AC8-4D74-A001-3069EA510506}.ReleaseReglagePulve|x86.ActiveCfg = ReleaseReglagePulve|x86
		{65815FF1-9AC8-4D74-A001-3069EA510506}.ReleaseReglagePulve|x86.Build.0 = ReleaseReglagePulve|x86
		{67DCF3F7-9846-42DE-99C5-BA631E5E3BC0}.Debug|Any CPU.ActiveCfg = Debug|Any CPU
		{67DCF3F7-9846-42DE-99C5-BA631E5E3BC0}.Debug|Any CPU.Build.0 = Debug|Any CPU
		{67DCF3F7-9846-42DE-99C5-BA631E5E3BC0}.Debug|x86.ActiveCfg = Debug|Any CPU
		{67DCF3F7-9846-42DE-99C5-BA631E5E3BC0}.Debug|x86.Build.0 = Debug|Any CPU
		{67DCF3F7-9846-42DE-99C5-BA631E5E3BC0}.DebugReglagePulve|Any CPU.ActiveCfg = Debug|Any CPU
		{67DCF3F7-9846-42DE-99C5-BA631E5E3BC0}.DebugReglagePulve|Any CPU.Build.0 = Debug|Any CPU
		{67DCF3F7-9846-42DE-99C5-BA631E5E3BC0}.DebugReglagePulve|x86.ActiveCfg = Debug|Any CPU
		{67DCF3F7-9846-42DE-99C5-BA631E5E3BC0}.DebugReglagePulve|x86.Build.0 = Debug|Any CPU
		{67DCF3F7-9846-42DE-99C5-BA631E5E3BC0}.Release|Any CPU.ActiveCfg = Release|Any CPU
		{67DCF3F7-9846-42DE-99C5-BA631E5E3BC0}.Release|Any CPU.Build.0 = Release|Any CPU
		{67DCF3F7-9846-42DE-99C5-BA631E5E3BC0}.Release|x86.ActiveCfg = Release|Any CPU
		{67DCF3F7-9846-42DE-99C5-BA631E5E3BC0}.Release|x86.Build.0 = Release|Any CPU
		{67DCF3F7-9846-42DE-99C5-BA631E5E3BC0}.ReleaseReglagePulve|Any CPU.ActiveCfg = Release|Any CPU
		{67DCF3F7-9846-42DE-99C5-BA631E5E3BC0}.ReleaseReglagePulve|Any CPU.Build.0 = Release|Any CPU
		{67DCF3F7-9846-42DE-99C5-BA631E5E3BC0}.ReleaseReglagePulve|x86.ActiveCfg = Release|Any CPU
		{67DCF3F7-9846-42DE-99C5-BA631E5E3BC0}.ReleaseReglagePulve|x86.Build.0 = Release|Any CPU
		{17D2745C-F3C7-4ACA-B579-60E4BE471002}.Debug|Any CPU.ActiveCfg = Debug|Any CPU
		{17D2745C-F3C7-4ACA-B579-60E4BE471002}.Debug|Any CPU.Build.0 = Debug|Any CPU
		{17D2745C-F3C7-4ACA-B579-60E4BE471002}.Debug|x86.ActiveCfg = Debug|Any CPU
		{17D2745C-F3C7-4ACA-B579-60E4BE471002}.Debug|x86.Build.0 = Debug|Any CPU
		{17D2745C-F3C7-4ACA-B579-60E4BE471002}.DebugReglagePulve|Any CPU.ActiveCfg = Debug|Any CPU
		{17D2745C-F3C7-4ACA-B579-60E4BE471002}.DebugReglagePulve|Any CPU.Build.0 = Debug|Any CPU
		{17D2745C-F3C7-4ACA-B579-60E4BE471002}.DebugReglagePulve|x86.ActiveCfg = Debug|Any CPU
		{17D2745C-F3C7-4ACA-B579-60E4BE471002}.DebugReglagePulve|x86.Build.0 = Debug|Any CPU
		{17D2745C-F3C7-4ACA-B579-60E4BE471002}.Release|Any CPU.ActiveCfg = Release|Any CPU
		{17D2745C-F3C7-4ACA-B579-60E4BE471002}.Release|Any CPU.Build.0 = Release|Any CPU
		{17D2745C-F3C7-4ACA-B579-60E4BE471002}.Release|x86.ActiveCfg = Release|Any CPU
		{17D2745C-F3C7-4ACA-B579-60E4BE471002}.Release|x86.Build.0 = Release|Any CPU
		{17D2745C-F3C7-4ACA-B579-60E4BE471002}.ReleaseReglagePulve|Any CPU.ActiveCfg = Release|Any CPU
		{17D2745C-F3C7-4ACA-B579-60E4BE471002}.ReleaseReglagePulve|Any CPU.Build.0 = Release|Any CPU
		{17D2745C-F3C7-4ACA-B579-60E4BE471002}.ReleaseReglagePulve|x86.ActiveCfg = Release|Any CPU
		{17D2745C-F3C7-4ACA-B579-60E4BE471002}.ReleaseReglagePulve|x86.Build.0 = Release|Any CPU
		{6288E64B-CC4D-4C5C-92B9-77C8FD061CCC}.Debug|Any CPU.ActiveCfg = Debug|Any CPU
		{6288E64B-CC4D-4C5C-92B9-77C8FD061CCC}.Debug|Any CPU.Build.0 = Debug|Any CPU
		{6288E64B-CC4D-4C5C-92B9-77C8FD061CCC}.Debug|x86.ActiveCfg = Debug|Any CPU
		{6288E64B-CC4D-4C5C-92B9-77C8FD061CCC}.Debug|x86.Build.0 = Debug|Any CPU
		{6288E64B-CC4D-4C5C-92B9-77C8FD061CCC}.DebugReglagePulve|Any CPU.ActiveCfg = Debug|Any CPU
		{6288E64B-CC4D-4C5C-92B9-77C8FD061CCC}.DebugReglagePulve|Any CPU.Build.0 = Debug|Any CPU
		{6288E64B-CC4D-4C5C-92B9-77C8FD061CCC}.DebugReglagePulve|x86.ActiveCfg = Debug|Any CPU
		{6288E64B-CC4D-4C5C-92B9-77C8FD061CCC}.DebugReglagePulve|x86.Build.0 = Debug|Any CPU
		{6288E64B-CC4D-4C5C-92B9-77C8FD061CCC}.Release|Any CPU.ActiveCfg = Release|Any CPU
		{6288E64B-CC4D-4C5C-92B9-77C8FD061CCC}.Release|Any CPU.Build.0 = Release|Any CPU
		{6288E64B-CC4D-4C5C-92B9-77C8FD061CCC}.Release|x86.ActiveCfg = Release|Any CPU
		{6288E64B-CC4D-4C5C-92B9-77C8FD061CCC}.Release|x86.Build.0 = Release|Any CPU
		{6288E64B-CC4D-4C5C-92B9-77C8FD061CCC}.ReleaseReglagePulve|Any CPU.ActiveCfg = Release|Any CPU
		{6288E64B-CC4D-4C5C-92B9-77C8FD061CCC}.ReleaseReglagePulve|Any CPU.Build.0 = Release|Any CPU
		{6288E64B-CC4D-4C5C-92B9-77C8FD061CCC}.ReleaseReglagePulve|x86.ActiveCfg = Release|Any CPU
		{6288E64B-CC4D-4C5C-92B9-77C8FD061CCC}.ReleaseReglagePulve|x86.Build.0 = Release|Any CPU
		{8F79257D-E466-4125-A90A-826463AB566A}.Debug|Any CPU.ActiveCfg = Debug|Any CPU
		{8F79257D-E466-4125-A90A-826463AB566A}.Debug|Any CPU.Build.0 = Debug|Any CPU
		{8F79257D-E466-4125-A90A-826463AB566A}.Debug|x86.ActiveCfg = Debug|Any CPU
		{8F79257D-E466-4125-A90A-826463AB566A}.Debug|x86.Build.0 = Debug|Any CPU
		{8F79257D-E466-4125-A90A-826463AB566A}.DebugReglagePulve|Any CPU.ActiveCfg = Debug|Any CPU
		{8F79257D-E466-4125-A90A-826463AB566A}.DebugReglagePulve|Any CPU.Build.0 = Debug|Any CPU
		{8F79257D-E466-4125-A90A-826463AB566A}.DebugReglagePulve|x86.ActiveCfg = Debug|Any CPU
		{8F79257D-E466-4125-A90A-826463AB566A}.DebugReglagePulve|x86.Build.0 = Debug|Any CPU
		{8F79257D-E466-4125-A90A-826463AB566A}.Release|Any CPU.ActiveCfg = Release|Any CPU
		{8F79257D-E466-4125-A90A-826463AB566A}.Release|Any CPU.Build.0 = Release|Any CPU
		{8F79257D-E466-4125-A90A-826463AB566A}.Release|x86.ActiveCfg = Release|Any CPU
		{8F79257D-E466-4125-A90A-826463AB566A}.Release|x86.Build.0 = Release|Any CPU
		{8F79257D-E466-4125-A90A-826463AB566A}.ReleaseReglagePulve|Any CPU.ActiveCfg = Release|Any CPU
		{8F79257D-E466-4125-A90A-826463AB566A}.ReleaseReglagePulve|Any CPU.Build.0 = Release|Any CPU
		{8F79257D-E466-4125-A90A-826463AB566A}.ReleaseReglagePulve|x86.ActiveCfg = Release|Any CPU
		{8F79257D-E466-4125-A90A-826463AB566A}.ReleaseReglagePulve|x86.Build.0 = Release|Any CPU
		{D148FB92-18B1-4FB6-903D-1DC575B7D452}.Debug|Any CPU.ActiveCfg = Debug|Any CPU
		{D148FB92-18B1-4FB6-903D-1DC575B7D452}.Debug|Any CPU.Build.0 = Debug|Any CPU
		{D148FB92-18B1-4FB6-903D-1DC575B7D452}.Debug|x86.ActiveCfg = Debug|Any CPU
		{D148FB92-18B1-4FB6-903D-1DC575B7D452}.Debug|x86.Build.0 = Debug|Any CPU
		{D148FB92-18B1-4FB6-903D-1DC575B7D452}.DebugReglagePulve|Any CPU.ActiveCfg = Debug|Any CPU
		{D148FB92-18B1-4FB6-903D-1DC575B7D452}.DebugReglagePulve|Any CPU.Build.0 = Debug|Any CPU
		{D148FB92-18B1-4FB6-903D-1DC575B7D452}.DebugReglagePulve|x86.ActiveCfg = Debug|Any CPU
		{D148FB92-18B1-4FB6-903D-1DC575B7D452}.DebugReglagePulve|x86.Build.0 = Debug|Any CPU
		{D148FB92-18B1-4FB6-903D-1DC575B7D452}.Release|Any CPU.ActiveCfg = Release|Any CPU
		{D148FB92-18B1-4FB6-903D-1DC575B7D452}.Release|Any CPU.Build.0 = Release|Any CPU
		{D148FB92-18B1-4FB6-903D-1DC575B7D452}.Release|x86.ActiveCfg = Release|Any CPU
		{D148FB92-18B1-4FB6-903D-1DC575B7D452}.Release|x86.Build.0 = Release|Any CPU
		{D148FB92-18B1-4FB6-903D-1DC575B7D452}.ReleaseReglagePulve|Any CPU.ActiveCfg = Release|Any CPU
		{D148FB92-18B1-4FB6-903D-1DC575B7D452}.ReleaseReglagePulve|Any CPU.Build.0 = Release|Any CPU
		{D148FB92-18B1-4FB6-903D-1DC575B7D452}.ReleaseReglagePulve|x86.ActiveCfg = Release|Any CPU
		{D148FB92-18B1-4FB6-903D-1DC575B7D452}.ReleaseReglagePulve|x86.Build.0 = Release|Any CPU
		{7A709543-4D21-49D0-9C55-44759F743B7A}.Debug|Any CPU.ActiveCfg = Debug|Any CPU
		{7A709543-4D21-49D0-9C55-44759F743B7A}.Debug|Any CPU.Build.0 = Debug|Any CPU
		{7A709543-4D21-49D0-9C55-44759F743B7A}.Debug|x86.ActiveCfg = Debug|Any CPU
		{7A709543-4D21-49D0-9C55-44759F743B7A}.Debug|x86.Build.0 = Debug|Any CPU
		{7A709543-4D21-49D0-9C55-44759F743B7A}.DebugReglagePulve|Any CPU.ActiveCfg = Debug|Any CPU
		{7A709543-4D21-49D0-9C55-44759F743B7A}.DebugReglagePulve|Any CPU.Build.0 = Debug|Any CPU
		{7A709543-4D21-49D0-9C55-44759F743B7A}.DebugReglagePulve|x86.ActiveCfg = Debug|Any CPU
		{7A709543-4D21-49D0-9C55-44759F743B7A}.DebugReglagePulve|x86.Build.0 = Debug|Any CPU
		{7A709543-4D21-49D0-9C55-44759F743B7A}.Release|Any CPU.ActiveCfg = Release|Any CPU
		{7A709543-4D21-49D0-9C55-44759F743B7A}.Release|Any CPU.Build.0 = Release|Any CPU
		{7A709543-4D21-49D0-9C55-44759F743B7A}.Release|x86.ActiveCfg = Release|Any CPU
		{7A709543-4D21-49D0-9C55-44759F743B7A}.Release|x86.Build.0 = Release|Any CPU
		{7A709543-4D21-49D0-9C55-44759F743B7A}.ReleaseReglagePulve|Any CPU.ActiveCfg = Release|Any CPU
		{7A709543-4D21-49D0-9C55-44759F743B7A}.ReleaseReglagePulve|Any CPU.Build.0 = Release|Any CPU
		{7A709543-4D21-49D0-9C55-44759F743B7A}.ReleaseReglagePulve|x86.ActiveCfg = Release|Any CPU
		{7A709543-4D21-49D0-9C55-44759F743B7A}.ReleaseReglagePulve|x86.Build.0 = Release|Any CPU
		{D0E1861C-B709-4499-9790-13D17FF1B5AB}.Debug|Any CPU.ActiveCfg = Debug|Any CPU
		{D0E1861C-B709-4499-9790-13D17FF1B5AB}.Debug|Any CPU.Build.0 = Debug|Any CPU
		{D0E1861C-B709-4499-9790-13D17FF1B5AB}.Debug|x86.ActiveCfg = Debug|Any CPU
		{D0E1861C-B709-4499-9790-13D17FF1B5AB}.Debug|x86.Build.0 = Debug|Any CPU
		{D0E1861C-B709-4499-9790-13D17FF1B5AB}.DebugReglagePulve|Any CPU.ActiveCfg = Debug|Any CPU
		{D0E1861C-B709-4499-9790-13D17FF1B5AB}.DebugReglagePulve|Any CPU.Build.0 = Debug|Any CPU
		{D0E1861C-B709-4499-9790-13D17FF1B5AB}.DebugReglagePulve|x86.ActiveCfg = Debug|Any CPU
		{D0E1861C-B709-4499-9790-13D17FF1B5AB}.DebugReglagePulve|x86.Build.0 = Debug|Any CPU
		{D0E1861C-B709-4499-9790-13D17FF1B5AB}.Release|Any CPU.ActiveCfg = Release|Any CPU
		{D0E1861C-B709-4499-9790-13D17FF1B5AB}.Release|Any CPU.Build.0 = Release|Any CPU
		{D0E1861C-B709-4499-9790-13D17FF1B5AB}.Release|x86.ActiveCfg = Release|Any CPU
		{D0E1861C-B709-4499-9790-13D17FF1B5AB}.Release|x86.Build.0 = Release|Any CPU
		{D0E1861C-B709-4499-9790-13D17FF1B5AB}.ReleaseReglagePulve|Any CPU.ActiveCfg = Release|Any CPU
		{D0E1861C-B709-4499-9790-13D17FF1B5AB}.ReleaseReglagePulve|Any CPU.Build.0 = Release|Any CPU
		{D0E1861C-B709-4499-9790-13D17FF1B5AB}.ReleaseReglagePulve|x86.ActiveCfg = Release|Any CPU
		{D0E1861C-B709-4499-9790-13D17FF1B5AB}.ReleaseReglagePulve|x86.Build.0 = Release|Any CPU
		{FACA4A7F-89AD-4DD4-A277-BDF04E0C09EB}.Debug|Any CPU.ActiveCfg = Debug
		{FACA4A7F-89AD-4DD4-A277-BDF04E0C09EB}.Debug|Any CPU.Build.0 = Debug
		{FACA4A7F-89AD-4DD4-A277-BDF04E0C09EB}.Debug|x86.ActiveCfg = Debug
		{FACA4A7F-89AD-4DD4-A277-BDF04E0C09EB}.Debug|x86.Build.0 = Debug
		{FACA4A7F-89AD-4DD4-A277-BDF04E0C09EB}.DebugReglagePulve|Any CPU.ActiveCfg = Debug
		{FACA4A7F-89AD-4DD4-A277-BDF04E0C09EB}.DebugReglagePulve|Any CPU.Build.0 = Debug
		{FACA4A7F-89AD-4DD4-A277-BDF04E0C09EB}.DebugReglagePulve|x86.ActiveCfg = Debug
		{FACA4A7F-89AD-4DD4-A277-BDF04E0C09EB}.DebugReglagePulve|x86.Build.0 = Debug
		{FACA4A7F-89AD-4DD4-A277-BDF04E0C09EB}.Release|Any CPU.ActiveCfg = Release
		{FACA4A7F-89AD-4DD4-A277-BDF04E0C09EB}.Release|Any CPU.Build.0 = Release
		{FACA4A7F-89AD-4DD4-A277-BDF04E0C09EB}.Release|x86.ActiveCfg = Release
		{FACA4A7F-89AD-4DD4-A277-BDF04E0C09EB}.Release|x86.Build.0 = Release
		{FACA4A7F-89AD-4DD4-A277-BDF04E0C09EB}.ReleaseReglagePulve|Any CPU.ActiveCfg = Release
		{FACA4A7F-89AD-4DD4-A277-BDF04E0C09EB}.ReleaseReglagePulve|Any CPU.Build.0 = Release
		{FACA4A7F-89AD-4DD4-A277-BDF04E0C09EB}.ReleaseReglagePulve|x86.ActiveCfg = Release
		{FACA4A7F-89AD-4DD4-A277-BDF04E0C09EB}.ReleaseReglagePulve|x86.Build.0 = Release
	EndGlobalSection
	GlobalSection(SolutionProperties) = preSolution
		HideSolutionNode = FALSE
	EndGlobalSection
	GlobalSection(ExtensibilityGlobals) = postSolution
		SolutionGuid = {44F59EF4-23F8-4981-BD68-7A1279B027AE}
	EndGlobalSection
EndGlobal
