
Microsoft Visual Studio Solution File, Format Version 11.00
# Visual Studio 2010
Project("{2150E333-8FDC-42A3-9474-1A3956D46DE8}") = "Solution Items", "Solution Items", "{34DE14A0-A2A5-484B-9809-A82B3B9C3FAE}"
EndProject
Project("{2150E333-8FDC-42A3-9474-1A3956D46DE8}") = "NewFolder1", "NewFolder1", "{2104E11D-6ACC-4915-AECD-4C1229FE1FA5}"
EndProject
Project("{F184B08F-C81C-45F6-A57F-5ABD9991F28F}") = "TestCrodip", "TestCrodip\TestCrodip.vbproj", "{16C8EDEE-16AE-4944-83A9-B3A0604C65A3}"
EndProject
Project("{F184B08F-C81C-45F6-A57F-5ABD9991F28F}") = "Crodip_agent", "Crodip_agent.vbproj", "{DD7C56AA-4A81-4966-94BC-6B9B62054235}"
EndProject
Project("{F184B08F-C81C-45F6-A57F-5ABD9991F28F}") = "Crodip_updater", "Crodip_updater\Crodip_updater.vbproj", "{3CD1ECE4-5DF3-46FD-A6A0-17163645B1F0}"
EndProject
Project("{F184B08F-C81C-45F6-A57F-5ABD9991F28F}") = "DBUpdate", "DBUpdate\DBUpdate.vbproj", "{65815FF1-9AC8-4D74-A001-3069EA510506}"
EndProject
Project("{F184B08F-C81C-45F6-A57F-5ABD9991F28F}") = "WindowsTest", "TestCrodip\WindowsTest\WindowsTest.vbproj", "{87C5B755-067B-4FA9-96AE-274724A24E3F}"
EndProject
Project("{F184B08F-C81C-45F6-A57F-5ABD9991F28F}") = "CRODIP_ControlLibrary", "CRODIP_ControlLibrary\CRODIP_ControlLibrary\CRODIP_ControlLibrary.vbproj", "{2E21234E-DAEF-48B6-AFF5-A3655C9420E4}"
EndProject
Project("{F184B08F-C81C-45F6-A57F-5ABD9991F28F}") = "calcCrodip", "CalcCrodip\calcCrodip\calcCrodip.vbproj", "{6005D3EF-8530-4E8D-A75D-3E45E4A99D60}"
EndProject
Project("{F184B08F-C81C-45F6-A57F-5ABD9991F28F}") = "Questionnaire", "questionnaire\Questionnaire.vbproj", "{05F0E96E-295E-41AC-910E-D84884627EEE}"
EndProject
Global
	GlobalSection(SubversionScc) = preSolution
		Svn-Managed = True
		Manager = AnkhSVN - Subversion Support for Visual Studio
	EndGlobalSection
	GlobalSection(TestCaseManagementSettings) = postSolution
		CategoryFile = Crodip_agent.vsmdi
	EndGlobalSection
	GlobalSection(SolutionConfigurationPlatforms) = preSolution
		Debug|Any CPU = Debug|Any CPU
		Debug|Mixed Platforms = Debug|Mixed Platforms
		Debug|x86 = Debug|x86
		Release|Any CPU = Release|Any CPU
		Release|Mixed Platforms = Release|Mixed Platforms
		Release|x86 = Release|x86
	EndGlobalSection
	GlobalSection(ProjectConfigurationPlatforms) = postSolution
		{16C8EDEE-16AE-4944-83A9-B3A0604C65A3}.Debug|Any CPU.ActiveCfg = Debug|Any CPU
		{16C8EDEE-16AE-4944-83A9-B3A0604C65A3}.Debug|Any CPU.Build.0 = Debug|Any CPU
		{16C8EDEE-16AE-4944-83A9-B3A0604C65A3}.Debug|Mixed Platforms.ActiveCfg = Debug|Any CPU
		{16C8EDEE-16AE-4944-83A9-B3A0604C65A3}.Debug|Mixed Platforms.Build.0 = Debug|Any CPU
		{16C8EDEE-16AE-4944-83A9-B3A0604C65A3}.Debug|x86.ActiveCfg = Debug|Any CPU
		{16C8EDEE-16AE-4944-83A9-B3A0604C65A3}.Release|Any CPU.ActiveCfg = Release|Any CPU
		{16C8EDEE-16AE-4944-83A9-B3A0604C65A3}.Release|Any CPU.Build.0 = Release|Any CPU
		{16C8EDEE-16AE-4944-83A9-B3A0604C65A3}.Release|Mixed Platforms.ActiveCfg = Release|Any CPU
		{16C8EDEE-16AE-4944-83A9-B3A0604C65A3}.Release|x86.ActiveCfg = Release|Any CPU
		{DD7C56AA-4A81-4966-94BC-6B9B62054235}.Debug|Any CPU.ActiveCfg = Debug|Any CPU
		{DD7C56AA-4A81-4966-94BC-6B9B62054235}.Debug|Any CPU.Build.0 = Debug|Any CPU
		{DD7C56AA-4A81-4966-94BC-6B9B62054235}.Debug|Mixed Platforms.ActiveCfg = Debug|Any CPU
		{DD7C56AA-4A81-4966-94BC-6B9B62054235}.Debug|Mixed Platforms.Build.0 = Debug|Any CPU
		{DD7C56AA-4A81-4966-94BC-6B9B62054235}.Debug|x86.ActiveCfg = Debug|Any CPU
		{DD7C56AA-4A81-4966-94BC-6B9B62054235}.Release|Any CPU.ActiveCfg = Release|Any CPU
		{DD7C56AA-4A81-4966-94BC-6B9B62054235}.Release|Any CPU.Build.0 = Release|Any CPU
		{DD7C56AA-4A81-4966-94BC-6B9B62054235}.Release|Mixed Platforms.ActiveCfg = Release|Any CPU
		{DD7C56AA-4A81-4966-94BC-6B9B62054235}.Release|Mixed Platforms.Build.0 = Release|Any CPU
		{DD7C56AA-4A81-4966-94BC-6B9B62054235}.Release|x86.ActiveCfg = Release|Any CPU
		{3CD1ECE4-5DF3-46FD-A6A0-17163645B1F0}.Debug|Any CPU.ActiveCfg = Debug|Any CPU
		{3CD1ECE4-5DF3-46FD-A6A0-17163645B1F0}.Debug|Any CPU.Build.0 = Debug|Any CPU
		{3CD1ECE4-5DF3-46FD-A6A0-17163645B1F0}.Debug|Mixed Platforms.ActiveCfg = Debug|Any CPU
		{3CD1ECE4-5DF3-46FD-A6A0-17163645B1F0}.Debug|Mixed Platforms.Build.0 = Debug|Any CPU
		{3CD1ECE4-5DF3-46FD-A6A0-17163645B1F0}.Debug|x86.ActiveCfg = Debug|Any CPU
		{3CD1ECE4-5DF3-46FD-A6A0-17163645B1F0}.Release|Any CPU.ActiveCfg = Release|Any CPU
		{3CD1ECE4-5DF3-46FD-A6A0-17163645B1F0}.Release|Any CPU.Build.0 = Release|Any CPU
		{3CD1ECE4-5DF3-46FD-A6A0-17163645B1F0}.Release|Mixed Platforms.ActiveCfg = Release|Any CPU
		{3CD1ECE4-5DF3-46FD-A6A0-17163645B1F0}.Release|Mixed Platforms.Build.0 = Release|Any CPU
		{3CD1ECE4-5DF3-46FD-A6A0-17163645B1F0}.Release|x86.ActiveCfg = Release|Any CPU
		{65815FF1-9AC8-4D74-A001-3069EA510506}.Debug|Any CPU.ActiveCfg = Debug|x86
		{65815FF1-9AC8-4D74-A001-3069EA510506}.Debug|Mixed Platforms.ActiveCfg = Debug|x86
		{65815FF1-9AC8-4D74-A001-3069EA510506}.Debug|Mixed Platforms.Build.0 = Debug|x86
		{65815FF1-9AC8-4D74-A001-3069EA510506}.Debug|x86.ActiveCfg = Debug|x86
		{65815FF1-9AC8-4D74-A001-3069EA510506}.Debug|x86.Build.0 = Debug|x86
		{65815FF1-9AC8-4D74-A001-3069EA510506}.Release|Any CPU.ActiveCfg = Release|x86
		{65815FF1-9AC8-4D74-A001-3069EA510506}.Release|Mixed Platforms.ActiveCfg = Release|x86
		{65815FF1-9AC8-4D74-A001-3069EA510506}.Release|Mixed Platforms.Build.0 = Release|x86
		{65815FF1-9AC8-4D74-A001-3069EA510506}.Release|x86.ActiveCfg = Release|x86
		{65815FF1-9AC8-4D74-A001-3069EA510506}.Release|x86.Build.0 = Release|x86
		{87C5B755-067B-4FA9-96AE-274724A24E3F}.Debug|Any CPU.ActiveCfg = Debug|x86
		{87C5B755-067B-4FA9-96AE-274724A24E3F}.Debug|Mixed Platforms.ActiveCfg = Debug|x86
		{87C5B755-067B-4FA9-96AE-274724A24E3F}.Debug|Mixed Platforms.Build.0 = Debug|x86
		{87C5B755-067B-4FA9-96AE-274724A24E3F}.Debug|x86.ActiveCfg = Debug|x86
		{87C5B755-067B-4FA9-96AE-274724A24E3F}.Debug|x86.Build.0 = Debug|x86
		{87C5B755-067B-4FA9-96AE-274724A24E3F}.Release|Any CPU.ActiveCfg = Release|x86
		{87C5B755-067B-4FA9-96AE-274724A24E3F}.Release|Mixed Platforms.ActiveCfg = Release|x86
		{87C5B755-067B-4FA9-96AE-274724A24E3F}.Release|Mixed Platforms.Build.0 = Release|x86
		{87C5B755-067B-4FA9-96AE-274724A24E3F}.Release|x86.ActiveCfg = Release|x86
		{87C5B755-067B-4FA9-96AE-274724A24E3F}.Release|x86.Build.0 = Release|x86
		{2E21234E-DAEF-48B6-AFF5-A3655C9420E4}.Debug|Any CPU.ActiveCfg = Debug|Any CPU
		{2E21234E-DAEF-48B6-AFF5-A3655C9420E4}.Debug|Any CPU.Build.0 = Debug|Any CPU
		{2E21234E-DAEF-48B6-AFF5-A3655C9420E4}.Debug|Mixed Platforms.ActiveCfg = Debug|Any CPU
		{2E21234E-DAEF-48B6-AFF5-A3655C9420E4}.Debug|Mixed Platforms.Build.0 = Debug|Any CPU
		{2E21234E-DAEF-48B6-AFF5-A3655C9420E4}.Debug|x86.ActiveCfg = Debug|Any CPU
		{2E21234E-DAEF-48B6-AFF5-A3655C9420E4}.Release|Any CPU.ActiveCfg = Release|Any CPU
		{2E21234E-DAEF-48B6-AFF5-A3655C9420E4}.Release|Any CPU.Build.0 = Release|Any CPU
		{2E21234E-DAEF-48B6-AFF5-A3655C9420E4}.Release|Mixed Platforms.ActiveCfg = Release|Any CPU
		{2E21234E-DAEF-48B6-AFF5-A3655C9420E4}.Release|Mixed Platforms.Build.0 = Release|Any CPU
		{2E21234E-DAEF-48B6-AFF5-A3655C9420E4}.Release|x86.ActiveCfg = Release|Any CPU
		{6005D3EF-8530-4E8D-A75D-3E45E4A99D60}.Debug|Any CPU.ActiveCfg = Debug|x86
		{6005D3EF-8530-4E8D-A75D-3E45E4A99D60}.Debug|Mixed Platforms.ActiveCfg = Debug|x86
		{6005D3EF-8530-4E8D-A75D-3E45E4A99D60}.Debug|Mixed Platforms.Build.0 = Debug|x86
		{6005D3EF-8530-4E8D-A75D-3E45E4A99D60}.Debug|x86.ActiveCfg = Debug|x86
		{6005D3EF-8530-4E8D-A75D-3E45E4A99D60}.Debug|x86.Build.0 = Debug|x86
		{6005D3EF-8530-4E8D-A75D-3E45E4A99D60}.Release|Any CPU.ActiveCfg = Release|x86
		{6005D3EF-8530-4E8D-A75D-3E45E4A99D60}.Release|Mixed Platforms.ActiveCfg = Release|x86
		{6005D3EF-8530-4E8D-A75D-3E45E4A99D60}.Release|Mixed Platforms.Build.0 = Release|x86
		{6005D3EF-8530-4E8D-A75D-3E45E4A99D60}.Release|x86.ActiveCfg = Release|x86
		{6005D3EF-8530-4E8D-A75D-3E45E4A99D60}.Release|x86.Build.0 = Release|x86
		{05F0E96E-295E-41AC-910E-D84884627EEE}.Debug|Any CPU.ActiveCfg = Debug|x86
		{05F0E96E-295E-41AC-910E-D84884627EEE}.Debug|Mixed Platforms.ActiveCfg = Debug|x86
		{05F0E96E-295E-41AC-910E-D84884627EEE}.Debug|Mixed Platforms.Build.0 = Debug|x86
		{05F0E96E-295E-41AC-910E-D84884627EEE}.Debug|x86.ActiveCfg = Debug|x86
		{05F0E96E-295E-41AC-910E-D84884627EEE}.Debug|x86.Build.0 = Debug|x86
		{05F0E96E-295E-41AC-910E-D84884627EEE}.Release|Any CPU.ActiveCfg = Release|x86
		{05F0E96E-295E-41AC-910E-D84884627EEE}.Release|Mixed Platforms.ActiveCfg = Release|x86
		{05F0E96E-295E-41AC-910E-D84884627EEE}.Release|Mixed Platforms.Build.0 = Release|x86
		{05F0E96E-295E-41AC-910E-D84884627EEE}.Release|x86.ActiveCfg = Release|x86
		{05F0E96E-295E-41AC-910E-D84884627EEE}.Release|x86.Build.0 = Release|x86
	EndGlobalSection
	GlobalSection(SolutionProperties) = preSolution
		HideSolutionNode = FALSE
	EndGlobalSection
EndGlobal
