
Microsoft Visual Studio Solution File, Format Version 12.00
# Visual Studio 2013
VisualStudioVersion = 12.0.30501.0
MinimumVisualStudioVersion = 10.0.40219.1
Project("{2150E333-8FDC-42A3-9474-1A3956D46DE8}") = "Solution Items", "Solution Items", "{34DE14A0-A2A5-484B-9809-A82B3B9C3FAE}"
	ProjectSection(SolutionItems) = preProject
		Performance1.psess = Performance1.psess
	EndProjectSection
EndProject
Project("{F184B08F-C81C-45F6-A57F-5ABD9991F28F}") = "TestCrodip", "TestCrodip\TestCrodip.vbproj", "{16C8EDEE-16AE-4944-83A9-B3A0604C65A3}"
EndProject
Project("{F184B08F-C81C-45F6-A57F-5ABD9991F28F}") = "Crodip_agent", "Crodip_agent.vbproj", "{DD7C56AA-4A81-4966-94BC-6B9B62054235}"
EndProject
Project("{F184B08F-C81C-45F6-A57F-5ABD9991F28F}") = "Crodip_updater", "Crodip_updater\Crodip_updater.vbproj", "{3CD1ECE4-5DF3-46FD-A6A0-17163645B1F0}"
EndProject
Project("{F184B08F-C81C-45F6-A57F-5ABD9991F28F}") = "DBUpdate", "DBUpdate\DBUpdate.vbproj", "{65815FF1-9AC8-4D74-A001-3069EA510506}"
EndProject
Project("{F184B08F-C81C-45F6-A57F-5ABD9991F28F}") = "CRODIP_ControlLibrary", "CRODIP_ControlLibrary\CRODIP_ControlLibrary\CRODIP_ControlLibrary.vbproj", "{2E21234E-DAEF-48B6-AFF5-A3655C9420E4}"
EndProject
Global
	GlobalSection(SolutionConfigurationPlatforms) = preSolution
		Debug|Any CPU = Debug|Any CPU
		Debug|Mixed Platforms = Debug|Mixed Platforms
		Debug|x86 = Debug|x86
		DebugReglagePulve|Any CPU = DebugReglagePulve|Any CPU
		DebugReglagePulve|Mixed Platforms = DebugReglagePulve|Mixed Platforms
		DebugReglagePulve|x86 = DebugReglagePulve|x86
		Release|Any CPU = Release|Any CPU
		Release|Mixed Platforms = Release|Mixed Platforms
		Release|x86 = Release|x86
		ReleaseReglagePulve|Any CPU = ReleaseReglagePulve|Any CPU
		ReleaseReglagePulve|Mixed Platforms = ReleaseReglagePulve|Mixed Platforms
		ReleaseReglagePulve|x86 = ReleaseReglagePulve|x86
	EndGlobalSection
	GlobalSection(ProjectConfigurationPlatforms) = postSolution
		{16C8EDEE-16AE-4944-83A9-B3A0604C65A3}.Debug|Any CPU.ActiveCfg = Debug|Any CPU
		{16C8EDEE-16AE-4944-83A9-B3A0604C65A3}.Debug|Any CPU.Build.0 = Debug|Any CPU
		{16C8EDEE-16AE-4944-83A9-B3A0604C65A3}.Debug|Mixed Platforms.ActiveCfg = Debug|x86
		{16C8EDEE-16AE-4944-83A9-B3A0604C65A3}.Debug|Mixed Platforms.Build.0 = Debug|x86
		{16C8EDEE-16AE-4944-83A9-B3A0604C65A3}.Debug|x86.ActiveCfg = Debug|Any CPU
		{16C8EDEE-16AE-4944-83A9-B3A0604C65A3}.DebugReglagePulve|Any CPU.ActiveCfg = DebugReglagePulve|Any CPU
		{16C8EDEE-16AE-4944-83A9-B3A0604C65A3}.DebugReglagePulve|Any CPU.Build.0 = DebugReglagePulve|Any CPU
		{16C8EDEE-16AE-4944-83A9-B3A0604C65A3}.DebugReglagePulve|Mixed Platforms.ActiveCfg = DebugReglagePulve|x86
		{16C8EDEE-16AE-4944-83A9-B3A0604C65A3}.DebugReglagePulve|Mixed Platforms.Build.0 = DebugReglagePulve|x86
		{16C8EDEE-16AE-4944-83A9-B3A0604C65A3}.DebugReglagePulve|x86.ActiveCfg = DebugReglagePulve|x86
		{16C8EDEE-16AE-4944-83A9-B3A0604C65A3}.DebugReglagePulve|x86.Build.0 = DebugReglagePulve|x86
		{16C8EDEE-16AE-4944-83A9-B3A0604C65A3}.Release|Any CPU.ActiveCfg = Release|Any CPU
		{16C8EDEE-16AE-4944-83A9-B3A0604C65A3}.Release|Any CPU.Build.0 = Release|Any CPU
		{16C8EDEE-16AE-4944-83A9-B3A0604C65A3}.Release|Mixed Platforms.ActiveCfg = Release|x86
		{16C8EDEE-16AE-4944-83A9-B3A0604C65A3}.Release|x86.ActiveCfg = Release|Any CPU
		{16C8EDEE-16AE-4944-83A9-B3A0604C65A3}.ReleaseReglagePulve|Any CPU.ActiveCfg = ReleaseReglagePulve|Any CPU
		{16C8EDEE-16AE-4944-83A9-B3A0604C65A3}.ReleaseReglagePulve|Mixed Platforms.ActiveCfg = ReleaseReglagePulve|x86
		{16C8EDEE-16AE-4944-83A9-B3A0604C65A3}.ReleaseReglagePulve|Mixed Platforms.Build.0 = ReleaseReglagePulve|x86
		{16C8EDEE-16AE-4944-83A9-B3A0604C65A3}.ReleaseReglagePulve|x86.ActiveCfg = ReleaseReglagePulve|x86
		{DD7C56AA-4A81-4966-94BC-6B9B62054235}.Debug|Any CPU.ActiveCfg = Debug|Any CPU
		{DD7C56AA-4A81-4966-94BC-6B9B62054235}.Debug|Any CPU.Build.0 = Debug|Any CPU
		{DD7C56AA-4A81-4966-94BC-6B9B62054235}.Debug|Mixed Platforms.ActiveCfg = Debug|x86
		{DD7C56AA-4A81-4966-94BC-6B9B62054235}.Debug|Mixed Platforms.Build.0 = Debug|x86
		{DD7C56AA-4A81-4966-94BC-6B9B62054235}.Debug|x86.ActiveCfg = Debug|Any CPU
		{DD7C56AA-4A81-4966-94BC-6B9B62054235}.DebugReglagePulve|Any CPU.ActiveCfg = DebugReglagePulve|Any CPU
		{DD7C56AA-4A81-4966-94BC-6B9B62054235}.DebugReglagePulve|Any CPU.Build.0 = DebugReglagePulve|Any CPU
		{DD7C56AA-4A81-4966-94BC-6B9B62054235}.DebugReglagePulve|Mixed Platforms.ActiveCfg = DebugReglagePulve|x86
		{DD7C56AA-4A81-4966-94BC-6B9B62054235}.DebugReglagePulve|Mixed Platforms.Build.0 = DebugReglagePulve|x86
		{DD7C56AA-4A81-4966-94BC-6B9B62054235}.DebugReglagePulve|x86.ActiveCfg = DebugReglagePulve|x86
		{DD7C56AA-4A81-4966-94BC-6B9B62054235}.DebugReglagePulve|x86.Build.0 = DebugReglagePulve|x86
		{DD7C56AA-4A81-4966-94BC-6B9B62054235}.Release|Any CPU.ActiveCfg = Release|Any CPU
		{DD7C56AA-4A81-4966-94BC-6B9B62054235}.Release|Any CPU.Build.0 = Release|Any CPU
		{DD7C56AA-4A81-4966-94BC-6B9B62054235}.Release|Mixed Platforms.ActiveCfg = Release|x86
		{DD7C56AA-4A81-4966-94BC-6B9B62054235}.Release|Mixed Platforms.Build.0 = Release|x86
		{DD7C56AA-4A81-4966-94BC-6B9B62054235}.Release|x86.ActiveCfg = Release|Any CPU
		{DD7C56AA-4A81-4966-94BC-6B9B62054235}.ReleaseReglagePulve|Any CPU.ActiveCfg = ReleaseReglagePulve|Any CPU
		{DD7C56AA-4A81-4966-94BC-6B9B62054235}.ReleaseReglagePulve|Any CPU.Build.0 = ReleaseReglagePulve|Any CPU
		{DD7C56AA-4A81-4966-94BC-6B9B62054235}.ReleaseReglagePulve|Mixed Platforms.ActiveCfg = ReleaseReglagePulve|x86
		{DD7C56AA-4A81-4966-94BC-6B9B62054235}.ReleaseReglagePulve|Mixed Platforms.Build.0 = ReleaseReglagePulve|x86
		{DD7C56AA-4A81-4966-94BC-6B9B62054235}.ReleaseReglagePulve|x86.ActiveCfg = ReleaseReglagePulve|x86
		{DD7C56AA-4A81-4966-94BC-6B9B62054235}.ReleaseReglagePulve|x86.Build.0 = ReleaseReglagePulve|x86
		{3CD1ECE4-5DF3-46FD-A6A0-17163645B1F0}.Debug|Any CPU.ActiveCfg = Debug|Any CPU
		{3CD1ECE4-5DF3-46FD-A6A0-17163645B1F0}.Debug|Any CPU.Build.0 = Debug|Any CPU
		{3CD1ECE4-5DF3-46FD-A6A0-17163645B1F0}.Debug|Mixed Platforms.ActiveCfg = Debug|x86
		{3CD1ECE4-5DF3-46FD-A6A0-17163645B1F0}.Debug|Mixed Platforms.Build.0 = Debug|x86
		{3CD1ECE4-5DF3-46FD-A6A0-17163645B1F0}.Debug|x86.ActiveCfg = Debug|Any CPU
		{3CD1ECE4-5DF3-46FD-A6A0-17163645B1F0}.DebugReglagePulve|Any CPU.ActiveCfg = DebugReglagePulve|Any CPU
		{3CD1ECE4-5DF3-46FD-A6A0-17163645B1F0}.DebugReglagePulve|Any CPU.Build.0 = DebugReglagePulve|Any CPU
		{3CD1ECE4-5DF3-46FD-A6A0-17163645B1F0}.DebugReglagePulve|Mixed Platforms.ActiveCfg = DebugReglagePulve|x86
		{3CD1ECE4-5DF3-46FD-A6A0-17163645B1F0}.DebugReglagePulve|Mixed Platforms.Build.0 = DebugReglagePulve|x86
		{3CD1ECE4-5DF3-46FD-A6A0-17163645B1F0}.DebugReglagePulve|x86.ActiveCfg = DebugReglagePulve|x86
		{3CD1ECE4-5DF3-46FD-A6A0-17163645B1F0}.DebugReglagePulve|x86.Build.0 = DebugReglagePulve|x86
		{3CD1ECE4-5DF3-46FD-A6A0-17163645B1F0}.Release|Any CPU.ActiveCfg = Release|Any CPU
		{3CD1ECE4-5DF3-46FD-A6A0-17163645B1F0}.Release|Any CPU.Build.0 = Release|Any CPU
		{3CD1ECE4-5DF3-46FD-A6A0-17163645B1F0}.Release|Mixed Platforms.ActiveCfg = Release|x86
		{3CD1ECE4-5DF3-46FD-A6A0-17163645B1F0}.Release|Mixed Platforms.Build.0 = Release|x86
		{3CD1ECE4-5DF3-46FD-A6A0-17163645B1F0}.Release|x86.ActiveCfg = Release|Any CPU
		{3CD1ECE4-5DF3-46FD-A6A0-17163645B1F0}.ReleaseReglagePulve|Any CPU.ActiveCfg = ReleaseReglagePulve|Any CPU
		{3CD1ECE4-5DF3-46FD-A6A0-17163645B1F0}.ReleaseReglagePulve|Any CPU.Build.0 = ReleaseReglagePulve|Any CPU
		{3CD1ECE4-5DF3-46FD-A6A0-17163645B1F0}.ReleaseReglagePulve|Mixed Platforms.ActiveCfg = ReleaseReglagePulve|x86
		{3CD1ECE4-5DF3-46FD-A6A0-17163645B1F0}.ReleaseReglagePulve|Mixed Platforms.Build.0 = ReleaseReglagePulve|x86
		{3CD1ECE4-5DF3-46FD-A6A0-17163645B1F0}.ReleaseReglagePulve|x86.ActiveCfg = ReleaseReglagePulve|x86
		{3CD1ECE4-5DF3-46FD-A6A0-17163645B1F0}.ReleaseReglagePulve|x86.Build.0 = ReleaseReglagePulve|x86
		{65815FF1-9AC8-4D74-A001-3069EA510506}.Debug|Any CPU.ActiveCfg = Debug|x86
		{65815FF1-9AC8-4D74-A001-3069EA510506}.Debug|Mixed Platforms.ActiveCfg = Debug|x86
		{65815FF1-9AC8-4D74-A001-3069EA510506}.Debug|Mixed Platforms.Build.0 = Debug|x86
		{65815FF1-9AC8-4D74-A001-3069EA510506}.Debug|x86.ActiveCfg = Debug|x86
		{65815FF1-9AC8-4D74-A001-3069EA510506}.Debug|x86.Build.0 = Debug|x86
		{65815FF1-9AC8-4D74-A001-3069EA510506}.DebugReglagePulve|Any CPU.ActiveCfg = DebugReglagePulve|x86
		{65815FF1-9AC8-4D74-A001-3069EA510506}.DebugReglagePulve|Mixed Platforms.ActiveCfg = DebugReglagePulve|x86
		{65815FF1-9AC8-4D74-A001-3069EA510506}.DebugReglagePulve|Mixed Platforms.Build.0 = DebugReglagePulve|x86
		{65815FF1-9AC8-4D74-A001-3069EA510506}.DebugReglagePulve|x86.ActiveCfg = DebugReglagePulve|x86
		{65815FF1-9AC8-4D74-A001-3069EA510506}.DebugReglagePulve|x86.Build.0 = DebugReglagePulve|x86
		{65815FF1-9AC8-4D74-A001-3069EA510506}.Release|Any CPU.ActiveCfg = Release|x86
		{65815FF1-9AC8-4D74-A001-3069EA510506}.Release|Mixed Platforms.ActiveCfg = Release|x86
		{65815FF1-9AC8-4D74-A001-3069EA510506}.Release|Mixed Platforms.Build.0 = Release|x86
		{65815FF1-9AC8-4D74-A001-3069EA510506}.Release|x86.ActiveCfg = Release|x86
		{65815FF1-9AC8-4D74-A001-3069EA510506}.Release|x86.Build.0 = Release|x86
		{65815FF1-9AC8-4D74-A001-3069EA510506}.ReleaseReglagePulve|Any CPU.ActiveCfg = ReleaseReglagePulve|x86
		{65815FF1-9AC8-4D74-A001-3069EA510506}.ReleaseReglagePulve|Mixed Platforms.ActiveCfg = ReleaseReglagePulve|x86
		{65815FF1-9AC8-4D74-A001-3069EA510506}.ReleaseReglagePulve|Mixed Platforms.Build.0 = ReleaseReglagePulve|x86
		{65815FF1-9AC8-4D74-A001-3069EA510506}.ReleaseReglagePulve|x86.ActiveCfg = ReleaseReglagePulve|x86
		{65815FF1-9AC8-4D74-A001-3069EA510506}.ReleaseReglagePulve|x86.Build.0 = ReleaseReglagePulve|x86
		{2E21234E-DAEF-48B6-AFF5-A3655C9420E4}.Debug|Any CPU.ActiveCfg = Debug|Any CPU
		{2E21234E-DAEF-48B6-AFF5-A3655C9420E4}.Debug|Any CPU.Build.0 = Debug|Any CPU
		{2E21234E-DAEF-48B6-AFF5-A3655C9420E4}.Debug|Mixed Platforms.ActiveCfg = Debug|x86
		{2E21234E-DAEF-48B6-AFF5-A3655C9420E4}.Debug|Mixed Platforms.Build.0 = Debug|x86
		{2E21234E-DAEF-48B6-AFF5-A3655C9420E4}.Debug|x86.ActiveCfg = Debug|Any CPU
		{2E21234E-DAEF-48B6-AFF5-A3655C9420E4}.DebugReglagePulve|Any CPU.ActiveCfg = DebugReglagePulve|Any CPU
		{2E21234E-DAEF-48B6-AFF5-A3655C9420E4}.DebugReglagePulve|Any CPU.Build.0 = DebugReglagePulve|Any CPU
		{2E21234E-DAEF-48B6-AFF5-A3655C9420E4}.DebugReglagePulve|Mixed Platforms.ActiveCfg = DebugReglagePulve|x86
		{2E21234E-DAEF-48B6-AFF5-A3655C9420E4}.DebugReglagePulve|Mixed Platforms.Build.0 = DebugReglagePulve|x86
		{2E21234E-DAEF-48B6-AFF5-A3655C9420E4}.DebugReglagePulve|x86.ActiveCfg = DebugReglagePulve|x86
		{2E21234E-DAEF-48B6-AFF5-A3655C9420E4}.DebugReglagePulve|x86.Build.0 = DebugReglagePulve|x86
		{2E21234E-DAEF-48B6-AFF5-A3655C9420E4}.Release|Any CPU.ActiveCfg = Release|Any CPU
		{2E21234E-DAEF-48B6-AFF5-A3655C9420E4}.Release|Any CPU.Build.0 = Release|Any CPU
		{2E21234E-DAEF-48B6-AFF5-A3655C9420E4}.Release|Mixed Platforms.ActiveCfg = Release|x86
		{2E21234E-DAEF-48B6-AFF5-A3655C9420E4}.Release|Mixed Platforms.Build.0 = Release|x86
		{2E21234E-DAEF-48B6-AFF5-A3655C9420E4}.Release|x86.ActiveCfg = Release|Any CPU
		{2E21234E-DAEF-48B6-AFF5-A3655C9420E4}.ReleaseReglagePulve|Any CPU.ActiveCfg = ReleaseReglagePulve|Any CPU
		{2E21234E-DAEF-48B6-AFF5-A3655C9420E4}.ReleaseReglagePulve|Any CPU.Build.0 = ReleaseReglagePulve|Any CPU
		{2E21234E-DAEF-48B6-AFF5-A3655C9420E4}.ReleaseReglagePulve|Mixed Platforms.ActiveCfg = ReleaseReglagePulve|x86
		{2E21234E-DAEF-48B6-AFF5-A3655C9420E4}.ReleaseReglagePulve|Mixed Platforms.Build.0 = ReleaseReglagePulve|x86
		{2E21234E-DAEF-48B6-AFF5-A3655C9420E4}.ReleaseReglagePulve|x86.ActiveCfg = ReleaseReglagePulve|x86
		{2E21234E-DAEF-48B6-AFF5-A3655C9420E4}.ReleaseReglagePulve|x86.Build.0 = ReleaseReglagePulve|x86
	EndGlobalSection
	GlobalSection(SolutionProperties) = preSolution
		HideSolutionNode = FALSE
	EndGlobalSection
	GlobalSection(SubversionScc) = preSolution
		Svn-Managed = True
		Manager = AnkhSVN - Subversion Support for Visual Studio
	EndGlobalSection
	GlobalSection(TestCaseManagementSettings) = postSolution
		CategoryFile = Crodip_agent.vsmdi
	EndGlobalSection
EndGlobal
