
Microsoft Visual Studio Solution File, Format Version 12.00
# Visual Studio 15
VisualStudioVersion = 15.0.27703.2035
MinimumVisualStudioVersion = 10.0.40219.1
Project("{2150E333-8FDC-42A3-9474-1A3956D46DE8}") = "Solution Items", "Solution Items", "{34DE14A0-A2A5-484B-9809-A82B3B9C3FAE}"
	ProjectSection(SolutionItems) = preProject
		Notes.txt = Notes.txt
		Performance1.psess = Performance1.psess
	EndProjectSection
EndProject
Project("{F184B08F-C81C-45F6-A57F-5ABD9991F28F}") = "Crodip_updater", "Crodip_updater\Crodip_updater.vbproj", "{3CD1ECE4-5DF3-46FD-A6A0-17163645B1F0}"
EndProject
Project("{F184B08F-C81C-45F6-A57F-5ABD9991F28F}") = "DBUpdate", "DBUpdate\DBUpdate.vbproj", "{65815FF1-9AC8-4D74-A001-3069EA510506}"
EndProject
Project("{F184B08F-C81C-45F6-A57F-5ABD9991F28F}") = "CRODIP_ControlLibrary", "CRODIP_ControlLibrary\CRODIP_ControlLibrary\CRODIP_ControlLibrary.vbproj", "{2E21234E-DAEF-48B6-AFF5-A3655C9420E4}"
EndProject
Project("{F184B08F-C81C-45F6-A57F-5ABD9991F28F}") = "Crodip_agent", "Crodip_agent.vbproj", "{DD7C56AA-4A81-4966-94BC-6B9B62054235}"
EndProject
Project("{F184B08F-C81C-45F6-A57F-5ABD9991F28F}") = "AcquisitionMD2", "AcquisitionMD2\AcquisitionMD2.vbproj", "{333CD6FE-B2A4-4536-B8B9-18547927CD05}"
EndProject
Project("{F184B08F-C81C-45F6-A57F-5ABD9991F28F}") = "CRODIPAcquisition", "CRODIPAcquisition\CRODIPAcquisition.vbproj", "{6A47ACA1-97A9-468D-9C04-9B9CC11F6FE9}"
EndProject
Project("{F184B08F-C81C-45F6-A57F-5ABD9991F28F}") = "AcquisitionITEQ", "AcquisitionITEQ\AcquisitionITEQ.vbproj", "{261D4ECE-CFCD-4BC7-B7EB-EA41468A3439}"
EndProject
Project("{F184B08F-C81C-45F6-A57F-5ABD9991F28F}") = "specflowCRODIP", "..\specflowCRODIP\specflowCRODIP.vbproj", "{61B6F1F1-01A4-4450-8B8C-0DBC76214DD3}"
EndProject
Project("{F184B08F-C81C-45F6-A57F-5ABD9991F28F}") = "testAcquisition", "testAcquisition\testAcquisition.vbproj", "{67DCF3F7-9846-42DE-99C5-BA631E5E3BC0}"
	ProjectSection(ProjectDependencies) = postProject
		{6A47ACA1-97A9-468D-9C04-9B9CC11F6FE9} = {6A47ACA1-97A9-468D-9C04-9B9CC11F6FE9}
		{261D4ECE-CFCD-4BC7-B7EB-EA41468A3439} = {261D4ECE-CFCD-4BC7-B7EB-EA41468A3439}
		{333CD6FE-B2A4-4536-B8B9-18547927CD05} = {333CD6FE-B2A4-4536-B8B9-18547927CD05}
	EndProjectSection
EndProject
Project("{F184B08F-C81C-45F6-A57F-5ABD9991F28F}") = "AcquisitionAAMS", "AcquisitionAAMS\AcquisitionAAMS.vbproj", "{20A5B624-091F-4463-9D58-FD9591E0CB51}"
EndProject
Project("{54435603-DBB4-11D2-8724-00A0C9A8B90C}") = "SetupAgent", "R:\crodip_agentNEW\SetupAgent\SetupAgent.vdproj", "{49258497-1A03-42AF-A50E-EDDFC444EA96}"
EndProject
Project("{F184B08F-C81C-45F6-A57F-5ABD9991F28F}") = "TestCRODIP3", "R:\crodip_agentNEW\TestCRODIP3\TestCRODIP3.vbproj", "{17D2745C-F3C7-4ACA-B579-60E4BE471002}"
EndProject
Global
	GlobalSection(SolutionConfigurationPlatforms) = preSolution
		Debug|Any CPU = Debug|Any CPU
		Debug|Mixed Platforms = Debug|Mixed Platforms
		Debug|PHP 5.5 = Debug|PHP 5.5
		Debug|x86 = Debug|x86
		DebugReglagePulve|Any CPU = DebugReglagePulve|Any CPU
		DebugReglagePulve|Mixed Platforms = DebugReglagePulve|Mixed Platforms
		DebugReglagePulve|PHP 5.5 = DebugReglagePulve|PHP 5.5
		DebugReglagePulve|x86 = DebugReglagePulve|x86
		DEV|Any CPU = DEV|Any CPU
		DEV|Mixed Platforms = DEV|Mixed Platforms
		DEV|PHP 5.5 = DEV|PHP 5.5
		DEV|x86 = DEV|x86
		dev2|Any CPU = dev2|Any CPU
		dev2|Mixed Platforms = dev2|Mixed Platforms
		dev2|PHP 5.5 = dev2|PHP 5.5
		dev2|x86 = dev2|x86
		dv2|Any CPU = dv2|Any CPU
		dv2|Mixed Platforms = dv2|Mixed Platforms
		dv2|PHP 5.5 = dv2|PHP 5.5
		dv2|x86 = dv2|x86
		Release|Any CPU = Release|Any CPU
		Release|Mixed Platforms = Release|Mixed Platforms
		Release|PHP 5.5 = Release|PHP 5.5
		Release|x86 = Release|x86
		ReleaseReglagePulve|Any CPU = ReleaseReglagePulve|Any CPU
		ReleaseReglagePulve|Mixed Platforms = ReleaseReglagePulve|Mixed Platforms
		ReleaseReglagePulve|PHP 5.5 = ReleaseReglagePulve|PHP 5.5
		ReleaseReglagePulve|x86 = ReleaseReglagePulve|x86
	EndGlobalSection
	GlobalSection(ProjectConfigurationPlatforms) = postSolution
		{3CD1ECE4-5DF3-46FD-A6A0-17163645B1F0}.Debug|Any CPU.ActiveCfg = Debug|Any CPU
		{3CD1ECE4-5DF3-46FD-A6A0-17163645B1F0}.Debug|Any CPU.Build.0 = Debug|Any CPU
		{3CD1ECE4-5DF3-46FD-A6A0-17163645B1F0}.Debug|Mixed Platforms.ActiveCfg = Debug|x86
		{3CD1ECE4-5DF3-46FD-A6A0-17163645B1F0}.Debug|PHP 5.5.ActiveCfg = Debug|Any CPU
		{3CD1ECE4-5DF3-46FD-A6A0-17163645B1F0}.Debug|x86.ActiveCfg = Debug|Any CPU
		{3CD1ECE4-5DF3-46FD-A6A0-17163645B1F0}.DebugReglagePulve|Any CPU.ActiveCfg = DebugReglagePulve|Any CPU
		{3CD1ECE4-5DF3-46FD-A6A0-17163645B1F0}.DebugReglagePulve|Any CPU.Build.0 = DebugReglagePulve|Any CPU
		{3CD1ECE4-5DF3-46FD-A6A0-17163645B1F0}.DebugReglagePulve|Mixed Platforms.ActiveCfg = DebugReglagePulve|x86
		{3CD1ECE4-5DF3-46FD-A6A0-17163645B1F0}.DebugReglagePulve|Mixed Platforms.Build.0 = DebugReglagePulve|x86
		{3CD1ECE4-5DF3-46FD-A6A0-17163645B1F0}.DebugReglagePulve|PHP 5.5.ActiveCfg = DebugReglagePulve|Any CPU
		{3CD1ECE4-5DF3-46FD-A6A0-17163645B1F0}.DebugReglagePulve|x86.ActiveCfg = DebugReglagePulve|x86
		{3CD1ECE4-5DF3-46FD-A6A0-17163645B1F0}.DebugReglagePulve|x86.Build.0 = DebugReglagePulve|x86
		{3CD1ECE4-5DF3-46FD-A6A0-17163645B1F0}.DEV|Any CPU.ActiveCfg = DebugReglagePulve|Any CPU
		{3CD1ECE4-5DF3-46FD-A6A0-17163645B1F0}.DEV|Mixed Platforms.ActiveCfg = DebugReglagePulve|x86
		{3CD1ECE4-5DF3-46FD-A6A0-17163645B1F0}.DEV|PHP 5.5.ActiveCfg = DebugReglagePulve|Any CPU
		{3CD1ECE4-5DF3-46FD-A6A0-17163645B1F0}.DEV|x86.ActiveCfg = DebugReglagePulve|x86
		{3CD1ECE4-5DF3-46FD-A6A0-17163645B1F0}.dev2|Any CPU.ActiveCfg = DebugReglagePulve|Any CPU
		{3CD1ECE4-5DF3-46FD-A6A0-17163645B1F0}.dev2|Mixed Platforms.ActiveCfg = DebugReglagePulve|x86
		{3CD1ECE4-5DF3-46FD-A6A0-17163645B1F0}.dev2|PHP 5.5.ActiveCfg = DebugReglagePulve|Any CPU
		{3CD1ECE4-5DF3-46FD-A6A0-17163645B1F0}.dev2|x86.ActiveCfg = DebugReglagePulve|x86
		{3CD1ECE4-5DF3-46FD-A6A0-17163645B1F0}.dv2|Any CPU.ActiveCfg = DebugReglagePulve|Any CPU
		{3CD1ECE4-5DF3-46FD-A6A0-17163645B1F0}.dv2|Mixed Platforms.ActiveCfg = DebugReglagePulve|x86
		{3CD1ECE4-5DF3-46FD-A6A0-17163645B1F0}.dv2|PHP 5.5.ActiveCfg = DebugReglagePulve|Any CPU
		{3CD1ECE4-5DF3-46FD-A6A0-17163645B1F0}.dv2|x86.ActiveCfg = DebugReglagePulve|x86
		{3CD1ECE4-5DF3-46FD-A6A0-17163645B1F0}.Release|Any CPU.ActiveCfg = Release|Any CPU
		{3CD1ECE4-5DF3-46FD-A6A0-17163645B1F0}.Release|Any CPU.Build.0 = Release|Any CPU
		{3CD1ECE4-5DF3-46FD-A6A0-17163645B1F0}.Release|Mixed Platforms.ActiveCfg = Release|x86
		{3CD1ECE4-5DF3-46FD-A6A0-17163645B1F0}.Release|Mixed Platforms.Build.0 = Release|x86
		{3CD1ECE4-5DF3-46FD-A6A0-17163645B1F0}.Release|PHP 5.5.ActiveCfg = Release|Any CPU
		{3CD1ECE4-5DF3-46FD-A6A0-17163645B1F0}.Release|x86.ActiveCfg = Release|x86
		{3CD1ECE4-5DF3-46FD-A6A0-17163645B1F0}.ReleaseReglagePulve|Any CPU.ActiveCfg = ReleaseReglagePulve|Any CPU
		{3CD1ECE4-5DF3-46FD-A6A0-17163645B1F0}.ReleaseReglagePulve|Any CPU.Build.0 = ReleaseReglagePulve|Any CPU
		{3CD1ECE4-5DF3-46FD-A6A0-17163645B1F0}.ReleaseReglagePulve|Mixed Platforms.ActiveCfg = ReleaseReglagePulve|x86
		{3CD1ECE4-5DF3-46FD-A6A0-17163645B1F0}.ReleaseReglagePulve|Mixed Platforms.Build.0 = ReleaseReglagePulve|x86
		{3CD1ECE4-5DF3-46FD-A6A0-17163645B1F0}.ReleaseReglagePulve|PHP 5.5.ActiveCfg = ReleaseReglagePulve|Any CPU
		{3CD1ECE4-5DF3-46FD-A6A0-17163645B1F0}.ReleaseReglagePulve|x86.ActiveCfg = ReleaseReglagePulve|x86
		{3CD1ECE4-5DF3-46FD-A6A0-17163645B1F0}.ReleaseReglagePulve|x86.Build.0 = ReleaseReglagePulve|x86
		{65815FF1-9AC8-4D74-A001-3069EA510506}.Debug|Any CPU.ActiveCfg = Debug|x86
		{65815FF1-9AC8-4D74-A001-3069EA510506}.Debug|Mixed Platforms.ActiveCfg = Debug|x86
		{65815FF1-9AC8-4D74-A001-3069EA510506}.Debug|PHP 5.5.ActiveCfg = Debug|x86
		{65815FF1-9AC8-4D74-A001-3069EA510506}.Debug|x86.ActiveCfg = Debug|x86
		{65815FF1-9AC8-4D74-A001-3069EA510506}.DebugReglagePulve|Any CPU.ActiveCfg = DebugReglagePulve|x86
		{65815FF1-9AC8-4D74-A001-3069EA510506}.DebugReglagePulve|Mixed Platforms.ActiveCfg = DebugReglagePulve|x86
		{65815FF1-9AC8-4D74-A001-3069EA510506}.DebugReglagePulve|Mixed Platforms.Build.0 = DebugReglagePulve|x86
		{65815FF1-9AC8-4D74-A001-3069EA510506}.DebugReglagePulve|PHP 5.5.ActiveCfg = DebugReglagePulve|x86
		{65815FF1-9AC8-4D74-A001-3069EA510506}.DebugReglagePulve|x86.ActiveCfg = DebugReglagePulve|x86
		{65815FF1-9AC8-4D74-A001-3069EA510506}.DebugReglagePulve|x86.Build.0 = DebugReglagePulve|x86
		{65815FF1-9AC8-4D74-A001-3069EA510506}.DEV|Any CPU.ActiveCfg = DebugReglagePulve|x86
		{65815FF1-9AC8-4D74-A001-3069EA510506}.DEV|Mixed Platforms.ActiveCfg = DebugReglagePulve|x86
		{65815FF1-9AC8-4D74-A001-3069EA510506}.DEV|PHP 5.5.ActiveCfg = DebugReglagePulve|x86
		{65815FF1-9AC8-4D74-A001-3069EA510506}.DEV|x86.ActiveCfg = DebugReglagePulve|x86
		{65815FF1-9AC8-4D74-A001-3069EA510506}.dev2|Any CPU.ActiveCfg = DebugReglagePulve|x86
		{65815FF1-9AC8-4D74-A001-3069EA510506}.dev2|Mixed Platforms.ActiveCfg = DebugReglagePulve|x86
		{65815FF1-9AC8-4D74-A001-3069EA510506}.dev2|PHP 5.5.ActiveCfg = DebugReglagePulve|x86
		{65815FF1-9AC8-4D74-A001-3069EA510506}.dev2|x86.ActiveCfg = DebugReglagePulve|x86
		{65815FF1-9AC8-4D74-A001-3069EA510506}.dv2|Any CPU.ActiveCfg = DebugReglagePulve|x86
		{65815FF1-9AC8-4D74-A001-3069EA510506}.dv2|Mixed Platforms.ActiveCfg = DebugReglagePulve|x86
		{65815FF1-9AC8-4D74-A001-3069EA510506}.dv2|PHP 5.5.ActiveCfg = DebugReglagePulve|x86
		{65815FF1-9AC8-4D74-A001-3069EA510506}.dv2|x86.ActiveCfg = DebugReglagePulve|x86
		{65815FF1-9AC8-4D74-A001-3069EA510506}.Release|Any CPU.ActiveCfg = Release|x86
		{65815FF1-9AC8-4D74-A001-3069EA510506}.Release|Mixed Platforms.ActiveCfg = Release|x86
		{65815FF1-9AC8-4D74-A001-3069EA510506}.Release|PHP 5.5.ActiveCfg = Release|x86
		{65815FF1-9AC8-4D74-A001-3069EA510506}.Release|x86.ActiveCfg = Release|x86
		{65815FF1-9AC8-4D74-A001-3069EA510506}.ReleaseReglagePulve|Any CPU.ActiveCfg = ReleaseReglagePulve|x86
		{65815FF1-9AC8-4D74-A001-3069EA510506}.ReleaseReglagePulve|Mixed Platforms.ActiveCfg = ReleaseReglagePulve|x86
		{65815FF1-9AC8-4D74-A001-3069EA510506}.ReleaseReglagePulve|PHP 5.5.ActiveCfg = ReleaseReglagePulve|x86
		{65815FF1-9AC8-4D74-A001-3069EA510506}.ReleaseReglagePulve|x86.ActiveCfg = ReleaseReglagePulve|x86
		{65815FF1-9AC8-4D74-A001-3069EA510506}.ReleaseReglagePulve|x86.Build.0 = ReleaseReglagePulve|x86
		{2E21234E-DAEF-48B6-AFF5-A3655C9420E4}.Debug|Any CPU.ActiveCfg = Debug|Any CPU
		{2E21234E-DAEF-48B6-AFF5-A3655C9420E4}.Debug|Any CPU.Build.0 = Debug|Any CPU
		{2E21234E-DAEF-48B6-AFF5-A3655C9420E4}.Debug|Mixed Platforms.ActiveCfg = Debug|x86
		{2E21234E-DAEF-48B6-AFF5-A3655C9420E4}.Debug|Mixed Platforms.Build.0 = Debug|x86
		{2E21234E-DAEF-48B6-AFF5-A3655C9420E4}.Debug|PHP 5.5.ActiveCfg = Debug|Any CPU
		{2E21234E-DAEF-48B6-AFF5-A3655C9420E4}.Debug|x86.ActiveCfg = Debug|Any CPU
		{2E21234E-DAEF-48B6-AFF5-A3655C9420E4}.Debug|x86.Build.0 = Debug|Any CPU
		{2E21234E-DAEF-48B6-AFF5-A3655C9420E4}.DebugReglagePulve|Any CPU.ActiveCfg = DebugReglagePulve|Any CPU
		{2E21234E-DAEF-48B6-AFF5-A3655C9420E4}.DebugReglagePulve|Any CPU.Build.0 = DebugReglagePulve|Any CPU
		{2E21234E-DAEF-48B6-AFF5-A3655C9420E4}.DebugReglagePulve|Mixed Platforms.ActiveCfg = DebugReglagePulve|x86
		{2E21234E-DAEF-48B6-AFF5-A3655C9420E4}.DebugReglagePulve|Mixed Platforms.Build.0 = DebugReglagePulve|x86
		{2E21234E-DAEF-48B6-AFF5-A3655C9420E4}.DebugReglagePulve|PHP 5.5.ActiveCfg = DebugReglagePulve|Any CPU
		{2E21234E-DAEF-48B6-AFF5-A3655C9420E4}.DebugReglagePulve|x86.ActiveCfg = DebugReglagePulve|x86
		{2E21234E-DAEF-48B6-AFF5-A3655C9420E4}.DebugReglagePulve|x86.Build.0 = DebugReglagePulve|x86
		{2E21234E-DAEF-48B6-AFF5-A3655C9420E4}.DEV|Any CPU.ActiveCfg = DebugReglagePulve|Any CPU
		{2E21234E-DAEF-48B6-AFF5-A3655C9420E4}.DEV|Any CPU.Build.0 = DebugReglagePulve|Any CPU
		{2E21234E-DAEF-48B6-AFF5-A3655C9420E4}.DEV|Mixed Platforms.ActiveCfg = DebugReglagePulve|x86
		{2E21234E-DAEF-48B6-AFF5-A3655C9420E4}.DEV|Mixed Platforms.Build.0 = DebugReglagePulve|x86
		{2E21234E-DAEF-48B6-AFF5-A3655C9420E4}.DEV|PHP 5.5.ActiveCfg = DebugReglagePulve|Any CPU
		{2E21234E-DAEF-48B6-AFF5-A3655C9420E4}.DEV|x86.ActiveCfg = DebugReglagePulve|x86
		{2E21234E-DAEF-48B6-AFF5-A3655C9420E4}.DEV|x86.Build.0 = DebugReglagePulve|x86
		{2E21234E-DAEF-48B6-AFF5-A3655C9420E4}.dev2|Any CPU.ActiveCfg = DebugReglagePulve|Any CPU
		{2E21234E-DAEF-48B6-AFF5-A3655C9420E4}.dev2|Any CPU.Build.0 = DebugReglagePulve|Any CPU
		{2E21234E-DAEF-48B6-AFF5-A3655C9420E4}.dev2|Mixed Platforms.ActiveCfg = DebugReglagePulve|x86
		{2E21234E-DAEF-48B6-AFF5-A3655C9420E4}.dev2|Mixed Platforms.Build.0 = DebugReglagePulve|x86
		{2E21234E-DAEF-48B6-AFF5-A3655C9420E4}.dev2|PHP 5.5.ActiveCfg = DebugReglagePulve|Any CPU
		{2E21234E-DAEF-48B6-AFF5-A3655C9420E4}.dev2|x86.ActiveCfg = DebugReglagePulve|x86
		{2E21234E-DAEF-48B6-AFF5-A3655C9420E4}.dev2|x86.Build.0 = DebugReglagePulve|x86
		{2E21234E-DAEF-48B6-AFF5-A3655C9420E4}.dv2|Any CPU.ActiveCfg = DebugReglagePulve|Any CPU
		{2E21234E-DAEF-48B6-AFF5-A3655C9420E4}.dv2|Any CPU.Build.0 = DebugReglagePulve|Any CPU
		{2E21234E-DAEF-48B6-AFF5-A3655C9420E4}.dv2|Mixed Platforms.ActiveCfg = DebugReglagePulve|x86
		{2E21234E-DAEF-48B6-AFF5-A3655C9420E4}.dv2|Mixed Platforms.Build.0 = DebugReglagePulve|x86
		{2E21234E-DAEF-48B6-AFF5-A3655C9420E4}.dv2|PHP 5.5.ActiveCfg = DebugReglagePulve|Any CPU
		{2E21234E-DAEF-48B6-AFF5-A3655C9420E4}.dv2|x86.ActiveCfg = DebugReglagePulve|x86
		{2E21234E-DAEF-48B6-AFF5-A3655C9420E4}.dv2|x86.Build.0 = DebugReglagePulve|x86
		{2E21234E-DAEF-48B6-AFF5-A3655C9420E4}.Release|Any CPU.ActiveCfg = Release|x86
		{2E21234E-DAEF-48B6-AFF5-A3655C9420E4}.Release|Any CPU.Build.0 = Release|x86
		{2E21234E-DAEF-48B6-AFF5-A3655C9420E4}.Release|Mixed Platforms.ActiveCfg = Release|x86
		{2E21234E-DAEF-48B6-AFF5-A3655C9420E4}.Release|Mixed Platforms.Build.0 = Release|x86
		{2E21234E-DAEF-48B6-AFF5-A3655C9420E4}.Release|PHP 5.5.ActiveCfg = Release|Any CPU
		{2E21234E-DAEF-48B6-AFF5-A3655C9420E4}.Release|x86.ActiveCfg = Release|x86
		{2E21234E-DAEF-48B6-AFF5-A3655C9420E4}.Release|x86.Build.0 = Release|x86
		{2E21234E-DAEF-48B6-AFF5-A3655C9420E4}.ReleaseReglagePulve|Any CPU.ActiveCfg = ReleaseReglagePulve|Any CPU
		{2E21234E-DAEF-48B6-AFF5-A3655C9420E4}.ReleaseReglagePulve|Any CPU.Build.0 = ReleaseReglagePulve|Any CPU
		{2E21234E-DAEF-48B6-AFF5-A3655C9420E4}.ReleaseReglagePulve|Mixed Platforms.ActiveCfg = ReleaseReglagePulve|x86
		{2E21234E-DAEF-48B6-AFF5-A3655C9420E4}.ReleaseReglagePulve|Mixed Platforms.Build.0 = ReleaseReglagePulve|x86
		{2E21234E-DAEF-48B6-AFF5-A3655C9420E4}.ReleaseReglagePulve|PHP 5.5.ActiveCfg = ReleaseReglagePulve|Any CPU
		{2E21234E-DAEF-48B6-AFF5-A3655C9420E4}.ReleaseReglagePulve|x86.ActiveCfg = ReleaseReglagePulve|x86
		{2E21234E-DAEF-48B6-AFF5-A3655C9420E4}.ReleaseReglagePulve|x86.Build.0 = ReleaseReglagePulve|x86
		{DD7C56AA-4A81-4966-94BC-6B9B62054235}.Debug|Any CPU.ActiveCfg = Debug|Any CPU
		{DD7C56AA-4A81-4966-94BC-6B9B62054235}.Debug|Any CPU.Build.0 = Debug|Any CPU
		{DD7C56AA-4A81-4966-94BC-6B9B62054235}.Debug|Mixed Platforms.ActiveCfg = Debug|x86
		{DD7C56AA-4A81-4966-94BC-6B9B62054235}.Debug|Mixed Platforms.Build.0 = Debug|x86
		{DD7C56AA-4A81-4966-94BC-6B9B62054235}.Debug|PHP 5.5.ActiveCfg = Debug|Any CPU
		{DD7C56AA-4A81-4966-94BC-6B9B62054235}.Debug|x86.ActiveCfg = Debug|x86
		{DD7C56AA-4A81-4966-94BC-6B9B62054235}.Debug|x86.Build.0 = Debug|x86
		{DD7C56AA-4A81-4966-94BC-6B9B62054235}.DebugReglagePulve|Any CPU.ActiveCfg = DebugReglagePulve|Any CPU
		{DD7C56AA-4A81-4966-94BC-6B9B62054235}.DebugReglagePulve|Any CPU.Build.0 = DebugReglagePulve|Any CPU
		{DD7C56AA-4A81-4966-94BC-6B9B62054235}.DebugReglagePulve|Mixed Platforms.ActiveCfg = DebugReglagePulve|x86
		{DD7C56AA-4A81-4966-94BC-6B9B62054235}.DebugReglagePulve|Mixed Platforms.Build.0 = DebugReglagePulve|x86
		{DD7C56AA-4A81-4966-94BC-6B9B62054235}.DebugReglagePulve|PHP 5.5.ActiveCfg = DebugReglagePulve|Any CPU
		{DD7C56AA-4A81-4966-94BC-6B9B62054235}.DebugReglagePulve|x86.ActiveCfg = DebugReglagePulve|x86
		{DD7C56AA-4A81-4966-94BC-6B9B62054235}.DebugReglagePulve|x86.Build.0 = DebugReglagePulve|x86
		{DD7C56AA-4A81-4966-94BC-6B9B62054235}.DEV|Any CPU.ActiveCfg = DebugReglagePulve|Any CPU
		{DD7C56AA-4A81-4966-94BC-6B9B62054235}.DEV|Any CPU.Build.0 = DebugReglagePulve|Any CPU
		{DD7C56AA-4A81-4966-94BC-6B9B62054235}.DEV|Mixed Platforms.ActiveCfg = DebugReglagePulve|x86
		{DD7C56AA-4A81-4966-94BC-6B9B62054235}.DEV|Mixed Platforms.Build.0 = DebugReglagePulve|x86
		{DD7C56AA-4A81-4966-94BC-6B9B62054235}.DEV|PHP 5.5.ActiveCfg = DebugReglagePulve|Any CPU
		{DD7C56AA-4A81-4966-94BC-6B9B62054235}.DEV|x86.ActiveCfg = DebugReglagePulve|x86
		{DD7C56AA-4A81-4966-94BC-6B9B62054235}.DEV|x86.Build.0 = DebugReglagePulve|x86
		{DD7C56AA-4A81-4966-94BC-6B9B62054235}.dev2|Any CPU.ActiveCfg = DebugReglagePulve|Any CPU
		{DD7C56AA-4A81-4966-94BC-6B9B62054235}.dev2|Any CPU.Build.0 = DebugReglagePulve|Any CPU
		{DD7C56AA-4A81-4966-94BC-6B9B62054235}.dev2|Mixed Platforms.ActiveCfg = DebugReglagePulve|x86
		{DD7C56AA-4A81-4966-94BC-6B9B62054235}.dev2|Mixed Platforms.Build.0 = DebugReglagePulve|x86
		{DD7C56AA-4A81-4966-94BC-6B9B62054235}.dev2|PHP 5.5.ActiveCfg = DebugReglagePulve|Any CPU
		{DD7C56AA-4A81-4966-94BC-6B9B62054235}.dev2|x86.ActiveCfg = DebugReglagePulve|x86
		{DD7C56AA-4A81-4966-94BC-6B9B62054235}.dev2|x86.Build.0 = DebugReglagePulve|x86
		{DD7C56AA-4A81-4966-94BC-6B9B62054235}.dv2|Any CPU.ActiveCfg = DebugReglagePulve|Any CPU
		{DD7C56AA-4A81-4966-94BC-6B9B62054235}.dv2|Any CPU.Build.0 = DebugReglagePulve|Any CPU
		{DD7C56AA-4A81-4966-94BC-6B9B62054235}.dv2|Mixed Platforms.ActiveCfg = DebugReglagePulve|x86
		{DD7C56AA-4A81-4966-94BC-6B9B62054235}.dv2|Mixed Platforms.Build.0 = DebugReglagePulve|x86
		{DD7C56AA-4A81-4966-94BC-6B9B62054235}.dv2|PHP 5.5.ActiveCfg = DebugReglagePulve|Any CPU
		{DD7C56AA-4A81-4966-94BC-6B9B62054235}.dv2|x86.ActiveCfg = DebugReglagePulve|x86
		{DD7C56AA-4A81-4966-94BC-6B9B62054235}.dv2|x86.Build.0 = DebugReglagePulve|x86
		{DD7C56AA-4A81-4966-94BC-6B9B62054235}.Release|Any CPU.ActiveCfg = Release|x86
		{DD7C56AA-4A81-4966-94BC-6B9B62054235}.Release|Any CPU.Build.0 = Release|x86
		{DD7C56AA-4A81-4966-94BC-6B9B62054235}.Release|Mixed Platforms.ActiveCfg = Release|x86
		{DD7C56AA-4A81-4966-94BC-6B9B62054235}.Release|Mixed Platforms.Build.0 = Release|x86
		{DD7C56AA-4A81-4966-94BC-6B9B62054235}.Release|PHP 5.5.ActiveCfg = Release|Any CPU
		{DD7C56AA-4A81-4966-94BC-6B9B62054235}.Release|x86.ActiveCfg = Release|x86
		{DD7C56AA-4A81-4966-94BC-6B9B62054235}.Release|x86.Build.0 = Release|x86
		{DD7C56AA-4A81-4966-94BC-6B9B62054235}.ReleaseReglagePulve|Any CPU.ActiveCfg = ReleaseReglagePulve|Any CPU
		{DD7C56AA-4A81-4966-94BC-6B9B62054235}.ReleaseReglagePulve|Any CPU.Build.0 = ReleaseReglagePulve|Any CPU
		{DD7C56AA-4A81-4966-94BC-6B9B62054235}.ReleaseReglagePulve|Mixed Platforms.ActiveCfg = ReleaseReglagePulve|x86
		{DD7C56AA-4A81-4966-94BC-6B9B62054235}.ReleaseReglagePulve|Mixed Platforms.Build.0 = ReleaseReglagePulve|x86
		{DD7C56AA-4A81-4966-94BC-6B9B62054235}.ReleaseReglagePulve|PHP 5.5.ActiveCfg = ReleaseReglagePulve|Any CPU
		{DD7C56AA-4A81-4966-94BC-6B9B62054235}.ReleaseReglagePulve|x86.ActiveCfg = ReleaseReglagePulve|x86
		{DD7C56AA-4A81-4966-94BC-6B9B62054235}.ReleaseReglagePulve|x86.Build.0 = ReleaseReglagePulve|x86
		{333CD6FE-B2A4-4536-B8B9-18547927CD05}.Debug|Any CPU.ActiveCfg = Debug|Any CPU
		{333CD6FE-B2A4-4536-B8B9-18547927CD05}.Debug|Any CPU.Build.0 = Debug|Any CPU
		{333CD6FE-B2A4-4536-B8B9-18547927CD05}.Debug|Mixed Platforms.ActiveCfg = Debug|Any CPU
		{333CD6FE-B2A4-4536-B8B9-18547927CD05}.Debug|Mixed Platforms.Build.0 = Debug|Any CPU
		{333CD6FE-B2A4-4536-B8B9-18547927CD05}.Debug|PHP 5.5.ActiveCfg = Debug|Any CPU
		{333CD6FE-B2A4-4536-B8B9-18547927CD05}.Debug|PHP 5.5.Build.0 = Debug|Any CPU
		{333CD6FE-B2A4-4536-B8B9-18547927CD05}.Debug|x86.ActiveCfg = Debug|x86
		{333CD6FE-B2A4-4536-B8B9-18547927CD05}.Debug|x86.Build.0 = Debug|x86
		{333CD6FE-B2A4-4536-B8B9-18547927CD05}.DebugReglagePulve|Any CPU.ActiveCfg = Debug|Any CPU
		{333CD6FE-B2A4-4536-B8B9-18547927CD05}.DebugReglagePulve|Any CPU.Build.0 = Debug|Any CPU
		{333CD6FE-B2A4-4536-B8B9-18547927CD05}.DebugReglagePulve|Mixed Platforms.ActiveCfg = Debug|Any CPU
		{333CD6FE-B2A4-4536-B8B9-18547927CD05}.DebugReglagePulve|Mixed Platforms.Build.0 = Debug|Any CPU
		{333CD6FE-B2A4-4536-B8B9-18547927CD05}.DebugReglagePulve|PHP 5.5.ActiveCfg = Debug|Any CPU
		{333CD6FE-B2A4-4536-B8B9-18547927CD05}.DebugReglagePulve|PHP 5.5.Build.0 = Debug|Any CPU
		{333CD6FE-B2A4-4536-B8B9-18547927CD05}.DebugReglagePulve|x86.ActiveCfg = Debug|Any CPU
		{333CD6FE-B2A4-4536-B8B9-18547927CD05}.DebugReglagePulve|x86.Build.0 = Debug|Any CPU
		{333CD6FE-B2A4-4536-B8B9-18547927CD05}.DEV|Any CPU.ActiveCfg = Debug|Any CPU
		{333CD6FE-B2A4-4536-B8B9-18547927CD05}.DEV|Any CPU.Build.0 = Debug|Any CPU
		{333CD6FE-B2A4-4536-B8B9-18547927CD05}.DEV|Mixed Platforms.ActiveCfg = Debug|Any CPU
		{333CD6FE-B2A4-4536-B8B9-18547927CD05}.DEV|Mixed Platforms.Build.0 = Debug|Any CPU
		{333CD6FE-B2A4-4536-B8B9-18547927CD05}.DEV|PHP 5.5.ActiveCfg = Debug|Any CPU
		{333CD6FE-B2A4-4536-B8B9-18547927CD05}.DEV|PHP 5.5.Build.0 = Debug|Any CPU
		{333CD6FE-B2A4-4536-B8B9-18547927CD05}.DEV|x86.ActiveCfg = Debug|Any CPU
		{333CD6FE-B2A4-4536-B8B9-18547927CD05}.DEV|x86.Build.0 = Debug|Any CPU
		{333CD6FE-B2A4-4536-B8B9-18547927CD05}.dev2|Any CPU.ActiveCfg = Debug|Any CPU
		{333CD6FE-B2A4-4536-B8B9-18547927CD05}.dev2|Any CPU.Build.0 = Debug|Any CPU
		{333CD6FE-B2A4-4536-B8B9-18547927CD05}.dev2|Mixed Platforms.ActiveCfg = Debug|Any CPU
		{333CD6FE-B2A4-4536-B8B9-18547927CD05}.dev2|Mixed Platforms.Build.0 = Debug|Any CPU
		{333CD6FE-B2A4-4536-B8B9-18547927CD05}.dev2|PHP 5.5.ActiveCfg = Debug|Any CPU
		{333CD6FE-B2A4-4536-B8B9-18547927CD05}.dev2|PHP 5.5.Build.0 = Debug|Any CPU
		{333CD6FE-B2A4-4536-B8B9-18547927CD05}.dev2|x86.ActiveCfg = Debug|Any CPU
		{333CD6FE-B2A4-4536-B8B9-18547927CD05}.dev2|x86.Build.0 = Debug|Any CPU
		{333CD6FE-B2A4-4536-B8B9-18547927CD05}.dv2|Any CPU.ActiveCfg = Debug|Any CPU
		{333CD6FE-B2A4-4536-B8B9-18547927CD05}.dv2|Any CPU.Build.0 = Debug|Any CPU
		{333CD6FE-B2A4-4536-B8B9-18547927CD05}.dv2|Mixed Platforms.ActiveCfg = Debug|Any CPU
		{333CD6FE-B2A4-4536-B8B9-18547927CD05}.dv2|Mixed Platforms.Build.0 = Debug|Any CPU
		{333CD6FE-B2A4-4536-B8B9-18547927CD05}.dv2|PHP 5.5.ActiveCfg = Debug|Any CPU
		{333CD6FE-B2A4-4536-B8B9-18547927CD05}.dv2|PHP 5.5.Build.0 = Debug|Any CPU
		{333CD6FE-B2A4-4536-B8B9-18547927CD05}.dv2|x86.ActiveCfg = Debug|Any CPU
		{333CD6FE-B2A4-4536-B8B9-18547927CD05}.dv2|x86.Build.0 = Debug|Any CPU
		{333CD6FE-B2A4-4536-B8B9-18547927CD05}.Release|Any CPU.ActiveCfg = Release|Any CPU
		{333CD6FE-B2A4-4536-B8B9-18547927CD05}.Release|Any CPU.Build.0 = Release|Any CPU
		{333CD6FE-B2A4-4536-B8B9-18547927CD05}.Release|Mixed Platforms.ActiveCfg = Release|Any CPU
		{333CD6FE-B2A4-4536-B8B9-18547927CD05}.Release|Mixed Platforms.Build.0 = Release|Any CPU
		{333CD6FE-B2A4-4536-B8B9-18547927CD05}.Release|PHP 5.5.ActiveCfg = Release|Any CPU
		{333CD6FE-B2A4-4536-B8B9-18547927CD05}.Release|PHP 5.5.Build.0 = Release|Any CPU
		{333CD6FE-B2A4-4536-B8B9-18547927CD05}.Release|x86.ActiveCfg = Release|Any CPU
		{333CD6FE-B2A4-4536-B8B9-18547927CD05}.Release|x86.Build.0 = Release|Any CPU
		{333CD6FE-B2A4-4536-B8B9-18547927CD05}.ReleaseReglagePulve|Any CPU.ActiveCfg = Release|Any CPU
		{333CD6FE-B2A4-4536-B8B9-18547927CD05}.ReleaseReglagePulve|Any CPU.Build.0 = Release|Any CPU
		{333CD6FE-B2A4-4536-B8B9-18547927CD05}.ReleaseReglagePulve|Mixed Platforms.ActiveCfg = Release|Any CPU
		{333CD6FE-B2A4-4536-B8B9-18547927CD05}.ReleaseReglagePulve|PHP 5.5.ActiveCfg = Release|Any CPU
		{333CD6FE-B2A4-4536-B8B9-18547927CD05}.ReleaseReglagePulve|PHP 5.5.Build.0 = Release|Any CPU
		{333CD6FE-B2A4-4536-B8B9-18547927CD05}.ReleaseReglagePulve|x86.ActiveCfg = Release|Any CPU
		{333CD6FE-B2A4-4536-B8B9-18547927CD05}.ReleaseReglagePulve|x86.Build.0 = Release|Any CPU
		{6A47ACA1-97A9-468D-9C04-9B9CC11F6FE9}.Debug|Any CPU.ActiveCfg = Debug|Any CPU
		{6A47ACA1-97A9-468D-9C04-9B9CC11F6FE9}.Debug|Any CPU.Build.0 = Debug|Any CPU
		{6A47ACA1-97A9-468D-9C04-9B9CC11F6FE9}.Debug|Mixed Platforms.ActiveCfg = Debug|Any CPU
		{6A47ACA1-97A9-468D-9C04-9B9CC11F6FE9}.Debug|Mixed Platforms.Build.0 = Debug|Any CPU
		{6A47ACA1-97A9-468D-9C04-9B9CC11F6FE9}.Debug|PHP 5.5.ActiveCfg = Debug|Any CPU
		{6A47ACA1-97A9-468D-9C04-9B9CC11F6FE9}.Debug|PHP 5.5.Build.0 = Debug|Any CPU
		{6A47ACA1-97A9-468D-9C04-9B9CC11F6FE9}.Debug|x86.ActiveCfg = Debug|x86
		{6A47ACA1-97A9-468D-9C04-9B9CC11F6FE9}.Debug|x86.Build.0 = Debug|x86
		{6A47ACA1-97A9-468D-9C04-9B9CC11F6FE9}.DebugReglagePulve|Any CPU.ActiveCfg = Debug|Any CPU
		{6A47ACA1-97A9-468D-9C04-9B9CC11F6FE9}.DebugReglagePulve|Any CPU.Build.0 = Debug|Any CPU
		{6A47ACA1-97A9-468D-9C04-9B9CC11F6FE9}.DebugReglagePulve|Mixed Platforms.ActiveCfg = Debug|Any CPU
		{6A47ACA1-97A9-468D-9C04-9B9CC11F6FE9}.DebugReglagePulve|Mixed Platforms.Build.0 = Debug|Any CPU
		{6A47ACA1-97A9-468D-9C04-9B9CC11F6FE9}.DebugReglagePulve|PHP 5.5.ActiveCfg = Debug|Any CPU
		{6A47ACA1-97A9-468D-9C04-9B9CC11F6FE9}.DebugReglagePulve|PHP 5.5.Build.0 = Debug|Any CPU
		{6A47ACA1-97A9-468D-9C04-9B9CC11F6FE9}.DebugReglagePulve|x86.ActiveCfg = Debug|Any CPU
		{6A47ACA1-97A9-468D-9C04-9B9CC11F6FE9}.DebugReglagePulve|x86.Build.0 = Debug|Any CPU
		{6A47ACA1-97A9-468D-9C04-9B9CC11F6FE9}.DEV|Any CPU.ActiveCfg = Debug|Any CPU
		{6A47ACA1-97A9-468D-9C04-9B9CC11F6FE9}.DEV|Any CPU.Build.0 = Debug|Any CPU
		{6A47ACA1-97A9-468D-9C04-9B9CC11F6FE9}.DEV|Mixed Platforms.ActiveCfg = Debug|Any CPU
		{6A47ACA1-97A9-468D-9C04-9B9CC11F6FE9}.DEV|Mixed Platforms.Build.0 = Debug|Any CPU
		{6A47ACA1-97A9-468D-9C04-9B9CC11F6FE9}.DEV|PHP 5.5.ActiveCfg = Debug|Any CPU
		{6A47ACA1-97A9-468D-9C04-9B9CC11F6FE9}.DEV|PHP 5.5.Build.0 = Debug|Any CPU
		{6A47ACA1-97A9-468D-9C04-9B9CC11F6FE9}.DEV|x86.ActiveCfg = Debug|Any CPU
		{6A47ACA1-97A9-468D-9C04-9B9CC11F6FE9}.DEV|x86.Build.0 = Debug|Any CPU
		{6A47ACA1-97A9-468D-9C04-9B9CC11F6FE9}.dev2|Any CPU.ActiveCfg = Debug|Any CPU
		{6A47ACA1-97A9-468D-9C04-9B9CC11F6FE9}.dev2|Any CPU.Build.0 = Debug|Any CPU
		{6A47ACA1-97A9-468D-9C04-9B9CC11F6FE9}.dev2|Mixed Platforms.ActiveCfg = Debug|Any CPU
		{6A47ACA1-97A9-468D-9C04-9B9CC11F6FE9}.dev2|Mixed Platforms.Build.0 = Debug|Any CPU
		{6A47ACA1-97A9-468D-9C04-9B9CC11F6FE9}.dev2|PHP 5.5.ActiveCfg = Debug|Any CPU
		{6A47ACA1-97A9-468D-9C04-9B9CC11F6FE9}.dev2|PHP 5.5.Build.0 = Debug|Any CPU
		{6A47ACA1-97A9-468D-9C04-9B9CC11F6FE9}.dev2|x86.ActiveCfg = Debug|Any CPU
		{6A47ACA1-97A9-468D-9C04-9B9CC11F6FE9}.dev2|x86.Build.0 = Debug|Any CPU
		{6A47ACA1-97A9-468D-9C04-9B9CC11F6FE9}.dv2|Any CPU.ActiveCfg = Debug|Any CPU
		{6A47ACA1-97A9-468D-9C04-9B9CC11F6FE9}.dv2|Any CPU.Build.0 = Debug|Any CPU
		{6A47ACA1-97A9-468D-9C04-9B9CC11F6FE9}.dv2|Mixed Platforms.ActiveCfg = Debug|Any CPU
		{6A47ACA1-97A9-468D-9C04-9B9CC11F6FE9}.dv2|Mixed Platforms.Build.0 = Debug|Any CPU
		{6A47ACA1-97A9-468D-9C04-9B9CC11F6FE9}.dv2|PHP 5.5.ActiveCfg = Debug|Any CPU
		{6A47ACA1-97A9-468D-9C04-9B9CC11F6FE9}.dv2|PHP 5.5.Build.0 = Debug|Any CPU
		{6A47ACA1-97A9-468D-9C04-9B9CC11F6FE9}.dv2|x86.ActiveCfg = Debug|Any CPU
		{6A47ACA1-97A9-468D-9C04-9B9CC11F6FE9}.dv2|x86.Build.0 = Debug|Any CPU
		{6A47ACA1-97A9-468D-9C04-9B9CC11F6FE9}.Release|Any CPU.ActiveCfg = Release|Any CPU
		{6A47ACA1-97A9-468D-9C04-9B9CC11F6FE9}.Release|Any CPU.Build.0 = Release|Any CPU
		{6A47ACA1-97A9-468D-9C04-9B9CC11F6FE9}.Release|Mixed Platforms.ActiveCfg = Release|Any CPU
		{6A47ACA1-97A9-468D-9C04-9B9CC11F6FE9}.Release|Mixed Platforms.Build.0 = Release|Any CPU
		{6A47ACA1-97A9-468D-9C04-9B9CC11F6FE9}.Release|PHP 5.5.ActiveCfg = Release|Any CPU
		{6A47ACA1-97A9-468D-9C04-9B9CC11F6FE9}.Release|PHP 5.5.Build.0 = Release|Any CPU
		{6A47ACA1-97A9-468D-9C04-9B9CC11F6FE9}.Release|x86.ActiveCfg = Release|Any CPU
		{6A47ACA1-97A9-468D-9C04-9B9CC11F6FE9}.Release|x86.Build.0 = Release|Any CPU
		{6A47ACA1-97A9-468D-9C04-9B9CC11F6FE9}.ReleaseReglagePulve|Any CPU.ActiveCfg = Release|Any CPU
		{6A47ACA1-97A9-468D-9C04-9B9CC11F6FE9}.ReleaseReglagePulve|Any CPU.Build.0 = Release|Any CPU
		{6A47ACA1-97A9-468D-9C04-9B9CC11F6FE9}.ReleaseReglagePulve|Mixed Platforms.ActiveCfg = Release|x86
		{6A47ACA1-97A9-468D-9C04-9B9CC11F6FE9}.ReleaseReglagePulve|Mixed Platforms.Build.0 = Release|x86
		{6A47ACA1-97A9-468D-9C04-9B9CC11F6FE9}.ReleaseReglagePulve|PHP 5.5.ActiveCfg = Release|Any CPU
		{6A47ACA1-97A9-468D-9C04-9B9CC11F6FE9}.ReleaseReglagePulve|PHP 5.5.Build.0 = Release|Any CPU
		{6A47ACA1-97A9-468D-9C04-9B9CC11F6FE9}.ReleaseReglagePulve|x86.ActiveCfg = Release|Any CPU
		{6A47ACA1-97A9-468D-9C04-9B9CC11F6FE9}.ReleaseReglagePulve|x86.Build.0 = Release|Any CPU
		{261D4ECE-CFCD-4BC7-B7EB-EA41468A3439}.Debug|Any CPU.ActiveCfg = Debug|Any CPU
		{261D4ECE-CFCD-4BC7-B7EB-EA41468A3439}.Debug|Any CPU.Build.0 = Debug|Any CPU
		{261D4ECE-CFCD-4BC7-B7EB-EA41468A3439}.Debug|Mixed Platforms.ActiveCfg = Debug|Any CPU
		{261D4ECE-CFCD-4BC7-B7EB-EA41468A3439}.Debug|Mixed Platforms.Build.0 = Debug|Any CPU
		{261D4ECE-CFCD-4BC7-B7EB-EA41468A3439}.Debug|PHP 5.5.ActiveCfg = Debug|Any CPU
		{261D4ECE-CFCD-4BC7-B7EB-EA41468A3439}.Debug|PHP 5.5.Build.0 = Debug|Any CPU
		{261D4ECE-CFCD-4BC7-B7EB-EA41468A3439}.Debug|x86.ActiveCfg = Debug|Any CPU
		{261D4ECE-CFCD-4BC7-B7EB-EA41468A3439}.Debug|x86.Build.0 = Debug|Any CPU
		{261D4ECE-CFCD-4BC7-B7EB-EA41468A3439}.DebugReglagePulve|Any CPU.ActiveCfg = Debug|Any CPU
		{261D4ECE-CFCD-4BC7-B7EB-EA41468A3439}.DebugReglagePulve|Any CPU.Build.0 = Debug|Any CPU
		{261D4ECE-CFCD-4BC7-B7EB-EA41468A3439}.DebugReglagePulve|Mixed Platforms.ActiveCfg = Debug|Any CPU
		{261D4ECE-CFCD-4BC7-B7EB-EA41468A3439}.DebugReglagePulve|Mixed Platforms.Build.0 = Debug|Any CPU
		{261D4ECE-CFCD-4BC7-B7EB-EA41468A3439}.DebugReglagePulve|PHP 5.5.ActiveCfg = Debug|Any CPU
		{261D4ECE-CFCD-4BC7-B7EB-EA41468A3439}.DebugReglagePulve|PHP 5.5.Build.0 = Debug|Any CPU
		{261D4ECE-CFCD-4BC7-B7EB-EA41468A3439}.DebugReglagePulve|x86.ActiveCfg = Debug|Any CPU
		{261D4ECE-CFCD-4BC7-B7EB-EA41468A3439}.DebugReglagePulve|x86.Build.0 = Debug|Any CPU
		{261D4ECE-CFCD-4BC7-B7EB-EA41468A3439}.DEV|Any CPU.ActiveCfg = Debug|Any CPU
		{261D4ECE-CFCD-4BC7-B7EB-EA41468A3439}.DEV|Any CPU.Build.0 = Debug|Any CPU
		{261D4ECE-CFCD-4BC7-B7EB-EA41468A3439}.DEV|Mixed Platforms.ActiveCfg = Debug|Any CPU
		{261D4ECE-CFCD-4BC7-B7EB-EA41468A3439}.DEV|Mixed Platforms.Build.0 = Debug|Any CPU
		{261D4ECE-CFCD-4BC7-B7EB-EA41468A3439}.DEV|PHP 5.5.ActiveCfg = Debug|Any CPU
		{261D4ECE-CFCD-4BC7-B7EB-EA41468A3439}.DEV|PHP 5.5.Build.0 = Debug|Any CPU
		{261D4ECE-CFCD-4BC7-B7EB-EA41468A3439}.DEV|x86.ActiveCfg = Debug|Any CPU
		{261D4ECE-CFCD-4BC7-B7EB-EA41468A3439}.DEV|x86.Build.0 = Debug|Any CPU
		{261D4ECE-CFCD-4BC7-B7EB-EA41468A3439}.dev2|Any CPU.ActiveCfg = Debug|Any CPU
		{261D4ECE-CFCD-4BC7-B7EB-EA41468A3439}.dev2|Any CPU.Build.0 = Debug|Any CPU
		{261D4ECE-CFCD-4BC7-B7EB-EA41468A3439}.dev2|Mixed Platforms.ActiveCfg = Debug|Any CPU
		{261D4ECE-CFCD-4BC7-B7EB-EA41468A3439}.dev2|Mixed Platforms.Build.0 = Debug|Any CPU
		{261D4ECE-CFCD-4BC7-B7EB-EA41468A3439}.dev2|PHP 5.5.ActiveCfg = Debug|Any CPU
		{261D4ECE-CFCD-4BC7-B7EB-EA41468A3439}.dev2|PHP 5.5.Build.0 = Debug|Any CPU
		{261D4ECE-CFCD-4BC7-B7EB-EA41468A3439}.dev2|x86.ActiveCfg = Debug|Any CPU
		{261D4ECE-CFCD-4BC7-B7EB-EA41468A3439}.dev2|x86.Build.0 = Debug|Any CPU
		{261D4ECE-CFCD-4BC7-B7EB-EA41468A3439}.dv2|Any CPU.ActiveCfg = Debug|Any CPU
		{261D4ECE-CFCD-4BC7-B7EB-EA41468A3439}.dv2|Any CPU.Build.0 = Debug|Any CPU
		{261D4ECE-CFCD-4BC7-B7EB-EA41468A3439}.dv2|Mixed Platforms.ActiveCfg = Debug|Any CPU
		{261D4ECE-CFCD-4BC7-B7EB-EA41468A3439}.dv2|Mixed Platforms.Build.0 = Debug|Any CPU
		{261D4ECE-CFCD-4BC7-B7EB-EA41468A3439}.dv2|PHP 5.5.ActiveCfg = Debug|Any CPU
		{261D4ECE-CFCD-4BC7-B7EB-EA41468A3439}.dv2|PHP 5.5.Build.0 = Debug|Any CPU
		{261D4ECE-CFCD-4BC7-B7EB-EA41468A3439}.dv2|x86.ActiveCfg = Debug|Any CPU
		{261D4ECE-CFCD-4BC7-B7EB-EA41468A3439}.dv2|x86.Build.0 = Debug|Any CPU
		{261D4ECE-CFCD-4BC7-B7EB-EA41468A3439}.Release|Any CPU.ActiveCfg = Release|Any CPU
		{261D4ECE-CFCD-4BC7-B7EB-EA41468A3439}.Release|Any CPU.Build.0 = Release|Any CPU
		{261D4ECE-CFCD-4BC7-B7EB-EA41468A3439}.Release|Mixed Platforms.ActiveCfg = Release|Any CPU
		{261D4ECE-CFCD-4BC7-B7EB-EA41468A3439}.Release|Mixed Platforms.Build.0 = Release|Any CPU
		{261D4ECE-CFCD-4BC7-B7EB-EA41468A3439}.Release|PHP 5.5.ActiveCfg = Release|Any CPU
		{261D4ECE-CFCD-4BC7-B7EB-EA41468A3439}.Release|PHP 5.5.Build.0 = Release|Any CPU
		{261D4ECE-CFCD-4BC7-B7EB-EA41468A3439}.Release|x86.ActiveCfg = Release|Any CPU
		{261D4ECE-CFCD-4BC7-B7EB-EA41468A3439}.Release|x86.Build.0 = Release|Any CPU
		{261D4ECE-CFCD-4BC7-B7EB-EA41468A3439}.ReleaseReglagePulve|Any CPU.ActiveCfg = Release|Any CPU
		{261D4ECE-CFCD-4BC7-B7EB-EA41468A3439}.ReleaseReglagePulve|Any CPU.Build.0 = Release|Any CPU
		{261D4ECE-CFCD-4BC7-B7EB-EA41468A3439}.ReleaseReglagePulve|Mixed Platforms.ActiveCfg = Release|Any CPU
		{261D4ECE-CFCD-4BC7-B7EB-EA41468A3439}.ReleaseReglagePulve|PHP 5.5.ActiveCfg = Release|Any CPU
		{261D4ECE-CFCD-4BC7-B7EB-EA41468A3439}.ReleaseReglagePulve|PHP 5.5.Build.0 = Release|Any CPU
		{261D4ECE-CFCD-4BC7-B7EB-EA41468A3439}.ReleaseReglagePulve|x86.ActiveCfg = Release|Any CPU
		{261D4ECE-CFCD-4BC7-B7EB-EA41468A3439}.ReleaseReglagePulve|x86.Build.0 = Release|Any CPU
		{61B6F1F1-01A4-4450-8B8C-0DBC76214DD3}.Debug|Any CPU.ActiveCfg = Debug|Any CPU
		{61B6F1F1-01A4-4450-8B8C-0DBC76214DD3}.Debug|Any CPU.Build.0 = Debug|Any CPU
		{61B6F1F1-01A4-4450-8B8C-0DBC76214DD3}.Debug|Mixed Platforms.ActiveCfg = Debug|Any CPU
		{61B6F1F1-01A4-4450-8B8C-0DBC76214DD3}.Debug|PHP 5.5.ActiveCfg = Debug|Any CPU
		{61B6F1F1-01A4-4450-8B8C-0DBC76214DD3}.Debug|PHP 5.5.Build.0 = Debug|Any CPU
		{61B6F1F1-01A4-4450-8B8C-0DBC76214DD3}.Debug|x86.ActiveCfg = Debug|Any CPU
		{61B6F1F1-01A4-4450-8B8C-0DBC76214DD3}.Debug|x86.Build.0 = Debug|Any CPU
		{61B6F1F1-01A4-4450-8B8C-0DBC76214DD3}.DebugReglagePulve|Any CPU.ActiveCfg = Debug|Any CPU
		{61B6F1F1-01A4-4450-8B8C-0DBC76214DD3}.DebugReglagePulve|Any CPU.Build.0 = Debug|Any CPU
		{61B6F1F1-01A4-4450-8B8C-0DBC76214DD3}.DebugReglagePulve|Mixed Platforms.ActiveCfg = Debug|Any CPU
		{61B6F1F1-01A4-4450-8B8C-0DBC76214DD3}.DebugReglagePulve|Mixed Platforms.Build.0 = Debug|Any CPU
		{61B6F1F1-01A4-4450-8B8C-0DBC76214DD3}.DebugReglagePulve|PHP 5.5.ActiveCfg = Debug|Any CPU
		{61B6F1F1-01A4-4450-8B8C-0DBC76214DD3}.DebugReglagePulve|PHP 5.5.Build.0 = Debug|Any CPU
		{61B6F1F1-01A4-4450-8B8C-0DBC76214DD3}.DebugReglagePulve|x86.ActiveCfg = Debug|Any CPU
		{61B6F1F1-01A4-4450-8B8C-0DBC76214DD3}.DebugReglagePulve|x86.Build.0 = Debug|Any CPU
		{61B6F1F1-01A4-4450-8B8C-0DBC76214DD3}.DEV|Any CPU.ActiveCfg = Debug|Any CPU
		{61B6F1F1-01A4-4450-8B8C-0DBC76214DD3}.DEV|Any CPU.Build.0 = Debug|Any CPU
		{61B6F1F1-01A4-4450-8B8C-0DBC76214DD3}.DEV|Mixed Platforms.ActiveCfg = Debug|Any CPU
		{61B6F1F1-01A4-4450-8B8C-0DBC76214DD3}.DEV|Mixed Platforms.Build.0 = Debug|Any CPU
		{61B6F1F1-01A4-4450-8B8C-0DBC76214DD3}.DEV|PHP 5.5.ActiveCfg = Debug|Any CPU
		{61B6F1F1-01A4-4450-8B8C-0DBC76214DD3}.DEV|PHP 5.5.Build.0 = Debug|Any CPU
		{61B6F1F1-01A4-4450-8B8C-0DBC76214DD3}.DEV|x86.ActiveCfg = Debug|Any CPU
		{61B6F1F1-01A4-4450-8B8C-0DBC76214DD3}.DEV|x86.Build.0 = Debug|Any CPU
		{61B6F1F1-01A4-4450-8B8C-0DBC76214DD3}.dev2|Any CPU.ActiveCfg = Debug|Any CPU
		{61B6F1F1-01A4-4450-8B8C-0DBC76214DD3}.dev2|Any CPU.Build.0 = Debug|Any CPU
		{61B6F1F1-01A4-4450-8B8C-0DBC76214DD3}.dev2|Mixed Platforms.ActiveCfg = Debug|Any CPU
		{61B6F1F1-01A4-4450-8B8C-0DBC76214DD3}.dev2|Mixed Platforms.Build.0 = Debug|Any CPU
		{61B6F1F1-01A4-4450-8B8C-0DBC76214DD3}.dev2|PHP 5.5.ActiveCfg = Debug|Any CPU
		{61B6F1F1-01A4-4450-8B8C-0DBC76214DD3}.dev2|PHP 5.5.Build.0 = Debug|Any CPU
		{61B6F1F1-01A4-4450-8B8C-0DBC76214DD3}.dev2|x86.ActiveCfg = Debug|Any CPU
		{61B6F1F1-01A4-4450-8B8C-0DBC76214DD3}.dev2|x86.Build.0 = Debug|Any CPU
		{61B6F1F1-01A4-4450-8B8C-0DBC76214DD3}.dv2|Any CPU.ActiveCfg = Debug|Any CPU
		{61B6F1F1-01A4-4450-8B8C-0DBC76214DD3}.dv2|Any CPU.Build.0 = Debug|Any CPU
		{61B6F1F1-01A4-4450-8B8C-0DBC76214DD3}.dv2|Mixed Platforms.ActiveCfg = Debug|Any CPU
		{61B6F1F1-01A4-4450-8B8C-0DBC76214DD3}.dv2|Mixed Platforms.Build.0 = Debug|Any CPU
		{61B6F1F1-01A4-4450-8B8C-0DBC76214DD3}.dv2|PHP 5.5.ActiveCfg = Debug|Any CPU
		{61B6F1F1-01A4-4450-8B8C-0DBC76214DD3}.dv2|PHP 5.5.Build.0 = Debug|Any CPU
		{61B6F1F1-01A4-4450-8B8C-0DBC76214DD3}.dv2|x86.ActiveCfg = Debug|Any CPU
		{61B6F1F1-01A4-4450-8B8C-0DBC76214DD3}.dv2|x86.Build.0 = Debug|Any CPU
		{61B6F1F1-01A4-4450-8B8C-0DBC76214DD3}.Release|Any CPU.ActiveCfg = Release|Any CPU
		{61B6F1F1-01A4-4450-8B8C-0DBC76214DD3}.Release|Any CPU.Build.0 = Release|Any CPU
		{61B6F1F1-01A4-4450-8B8C-0DBC76214DD3}.Release|Mixed Platforms.ActiveCfg = Release|Any CPU
		{61B6F1F1-01A4-4450-8B8C-0DBC76214DD3}.Release|Mixed Platforms.Build.0 = Release|Any CPU
		{61B6F1F1-01A4-4450-8B8C-0DBC76214DD3}.Release|PHP 5.5.ActiveCfg = Release|Any CPU
		{61B6F1F1-01A4-4450-8B8C-0DBC76214DD3}.Release|PHP 5.5.Build.0 = Release|Any CPU
		{61B6F1F1-01A4-4450-8B8C-0DBC76214DD3}.Release|x86.ActiveCfg = Release|Any CPU
		{61B6F1F1-01A4-4450-8B8C-0DBC76214DD3}.ReleaseReglagePulve|Any CPU.ActiveCfg = Release|Any CPU
		{61B6F1F1-01A4-4450-8B8C-0DBC76214DD3}.ReleaseReglagePulve|Any CPU.Build.0 = Release|Any CPU
		{61B6F1F1-01A4-4450-8B8C-0DBC76214DD3}.ReleaseReglagePulve|Mixed Platforms.ActiveCfg = Release|Any CPU
		{61B6F1F1-01A4-4450-8B8C-0DBC76214DD3}.ReleaseReglagePulve|Mixed Platforms.Build.0 = Release|Any CPU
		{61B6F1F1-01A4-4450-8B8C-0DBC76214DD3}.ReleaseReglagePulve|PHP 5.5.ActiveCfg = Release|Any CPU
		{61B6F1F1-01A4-4450-8B8C-0DBC76214DD3}.ReleaseReglagePulve|PHP 5.5.Build.0 = Release|Any CPU
		{61B6F1F1-01A4-4450-8B8C-0DBC76214DD3}.ReleaseReglagePulve|x86.ActiveCfg = Release|Any CPU
		{61B6F1F1-01A4-4450-8B8C-0DBC76214DD3}.ReleaseReglagePulve|x86.Build.0 = Release|Any CPU
		{67DCF3F7-9846-42DE-99C5-BA631E5E3BC0}.Debug|Any CPU.ActiveCfg = Debug|Any CPU
		{67DCF3F7-9846-42DE-99C5-BA631E5E3BC0}.Debug|Any CPU.Build.0 = Debug|Any CPU
		{67DCF3F7-9846-42DE-99C5-BA631E5E3BC0}.Debug|Mixed Platforms.ActiveCfg = Debug|Any CPU
		{67DCF3F7-9846-42DE-99C5-BA631E5E3BC0}.Debug|Mixed Platforms.Build.0 = Debug|Any CPU
		{67DCF3F7-9846-42DE-99C5-BA631E5E3BC0}.Debug|PHP 5.5.ActiveCfg = Debug|Any CPU
		{67DCF3F7-9846-42DE-99C5-BA631E5E3BC0}.Debug|PHP 5.5.Build.0 = Debug|Any CPU
		{67DCF3F7-9846-42DE-99C5-BA631E5E3BC0}.Debug|x86.ActiveCfg = Debug|Any CPU
		{67DCF3F7-9846-42DE-99C5-BA631E5E3BC0}.Debug|x86.Build.0 = Debug|Any CPU
		{67DCF3F7-9846-42DE-99C5-BA631E5E3BC0}.DebugReglagePulve|Any CPU.ActiveCfg = Debug|Any CPU
		{67DCF3F7-9846-42DE-99C5-BA631E5E3BC0}.DebugReglagePulve|Any CPU.Build.0 = Debug|Any CPU
		{67DCF3F7-9846-42DE-99C5-BA631E5E3BC0}.DebugReglagePulve|Mixed Platforms.ActiveCfg = Debug|Any CPU
		{67DCF3F7-9846-42DE-99C5-BA631E5E3BC0}.DebugReglagePulve|Mixed Platforms.Build.0 = Debug|Any CPU
		{67DCF3F7-9846-42DE-99C5-BA631E5E3BC0}.DebugReglagePulve|PHP 5.5.ActiveCfg = Debug|Any CPU
		{67DCF3F7-9846-42DE-99C5-BA631E5E3BC0}.DebugReglagePulve|PHP 5.5.Build.0 = Debug|Any CPU
		{67DCF3F7-9846-42DE-99C5-BA631E5E3BC0}.DebugReglagePulve|x86.ActiveCfg = Debug|Any CPU
		{67DCF3F7-9846-42DE-99C5-BA631E5E3BC0}.DebugReglagePulve|x86.Build.0 = Debug|Any CPU
		{67DCF3F7-9846-42DE-99C5-BA631E5E3BC0}.DEV|Any CPU.ActiveCfg = Debug|Any CPU
		{67DCF3F7-9846-42DE-99C5-BA631E5E3BC0}.DEV|Any CPU.Build.0 = Debug|Any CPU
		{67DCF3F7-9846-42DE-99C5-BA631E5E3BC0}.DEV|Mixed Platforms.ActiveCfg = Debug|Any CPU
		{67DCF3F7-9846-42DE-99C5-BA631E5E3BC0}.DEV|Mixed Platforms.Build.0 = Debug|Any CPU
		{67DCF3F7-9846-42DE-99C5-BA631E5E3BC0}.DEV|PHP 5.5.ActiveCfg = Debug|Any CPU
		{67DCF3F7-9846-42DE-99C5-BA631E5E3BC0}.DEV|PHP 5.5.Build.0 = Debug|Any CPU
		{67DCF3F7-9846-42DE-99C5-BA631E5E3BC0}.DEV|x86.ActiveCfg = Debug|Any CPU
		{67DCF3F7-9846-42DE-99C5-BA631E5E3BC0}.DEV|x86.Build.0 = Debug|Any CPU
		{67DCF3F7-9846-42DE-99C5-BA631E5E3BC0}.dev2|Any CPU.ActiveCfg = Debug|Any CPU
		{67DCF3F7-9846-42DE-99C5-BA631E5E3BC0}.dev2|Any CPU.Build.0 = Debug|Any CPU
		{67DCF3F7-9846-42DE-99C5-BA631E5E3BC0}.dev2|Mixed Platforms.ActiveCfg = Debug|Any CPU
		{67DCF3F7-9846-42DE-99C5-BA631E5E3BC0}.dev2|Mixed Platforms.Build.0 = Debug|Any CPU
		{67DCF3F7-9846-42DE-99C5-BA631E5E3BC0}.dev2|PHP 5.5.ActiveCfg = Debug|Any CPU
		{67DCF3F7-9846-42DE-99C5-BA631E5E3BC0}.dev2|PHP 5.5.Build.0 = Debug|Any CPU
		{67DCF3F7-9846-42DE-99C5-BA631E5E3BC0}.dev2|x86.ActiveCfg = Debug|Any CPU
		{67DCF3F7-9846-42DE-99C5-BA631E5E3BC0}.dev2|x86.Build.0 = Debug|Any CPU
		{67DCF3F7-9846-42DE-99C5-BA631E5E3BC0}.dv2|Any CPU.ActiveCfg = Debug|Any CPU
		{67DCF3F7-9846-42DE-99C5-BA631E5E3BC0}.dv2|Any CPU.Build.0 = Debug|Any CPU
		{67DCF3F7-9846-42DE-99C5-BA631E5E3BC0}.dv2|Mixed Platforms.ActiveCfg = Debug|Any CPU
		{67DCF3F7-9846-42DE-99C5-BA631E5E3BC0}.dv2|Mixed Platforms.Build.0 = Debug|Any CPU
		{67DCF3F7-9846-42DE-99C5-BA631E5E3BC0}.dv2|PHP 5.5.ActiveCfg = Debug|Any CPU
		{67DCF3F7-9846-42DE-99C5-BA631E5E3BC0}.dv2|PHP 5.5.Build.0 = Debug|Any CPU
		{67DCF3F7-9846-42DE-99C5-BA631E5E3BC0}.dv2|x86.ActiveCfg = Debug|Any CPU
		{67DCF3F7-9846-42DE-99C5-BA631E5E3BC0}.dv2|x86.Build.0 = Debug|Any CPU
		{67DCF3F7-9846-42DE-99C5-BA631E5E3BC0}.Release|Any CPU.ActiveCfg = Release|Any CPU
		{67DCF3F7-9846-42DE-99C5-BA631E5E3BC0}.Release|Any CPU.Build.0 = Release|Any CPU
		{67DCF3F7-9846-42DE-99C5-BA631E5E3BC0}.Release|Mixed Platforms.ActiveCfg = Release|Any CPU
		{67DCF3F7-9846-42DE-99C5-BA631E5E3BC0}.Release|Mixed Platforms.Build.0 = Release|Any CPU
		{67DCF3F7-9846-42DE-99C5-BA631E5E3BC0}.Release|PHP 5.5.ActiveCfg = Release|Any CPU
		{67DCF3F7-9846-42DE-99C5-BA631E5E3BC0}.Release|PHP 5.5.Build.0 = Release|Any CPU
		{67DCF3F7-9846-42DE-99C5-BA631E5E3BC0}.Release|x86.ActiveCfg = Release|Any CPU
		{67DCF3F7-9846-42DE-99C5-BA631E5E3BC0}.Release|x86.Build.0 = Release|Any CPU
		{67DCF3F7-9846-42DE-99C5-BA631E5E3BC0}.ReleaseReglagePulve|Any CPU.ActiveCfg = Release|Any CPU
		{67DCF3F7-9846-42DE-99C5-BA631E5E3BC0}.ReleaseReglagePulve|Any CPU.Build.0 = Release|Any CPU
		{67DCF3F7-9846-42DE-99C5-BA631E5E3BC0}.ReleaseReglagePulve|Mixed Platforms.ActiveCfg = Release|Any CPU
		{67DCF3F7-9846-42DE-99C5-BA631E5E3BC0}.ReleaseReglagePulve|Mixed Platforms.Build.0 = Release|Any CPU
		{67DCF3F7-9846-42DE-99C5-BA631E5E3BC0}.ReleaseReglagePulve|PHP 5.5.ActiveCfg = Release|Any CPU
		{67DCF3F7-9846-42DE-99C5-BA631E5E3BC0}.ReleaseReglagePulve|PHP 5.5.Build.0 = Release|Any CPU
		{67DCF3F7-9846-42DE-99C5-BA631E5E3BC0}.ReleaseReglagePulve|x86.ActiveCfg = Release|Any CPU
		{67DCF3F7-9846-42DE-99C5-BA631E5E3BC0}.ReleaseReglagePulve|x86.Build.0 = Release|Any CPU
		{20A5B624-091F-4463-9D58-FD9591E0CB51}.Debug|Any CPU.ActiveCfg = Debug|Any CPU
		{20A5B624-091F-4463-9D58-FD9591E0CB51}.Debug|Any CPU.Build.0 = Debug|Any CPU
		{20A5B624-091F-4463-9D58-FD9591E0CB51}.Debug|Mixed Platforms.ActiveCfg = Debug|Any CPU
		{20A5B624-091F-4463-9D58-FD9591E0CB51}.Debug|Mixed Platforms.Build.0 = Debug|Any CPU
		{20A5B624-091F-4463-9D58-FD9591E0CB51}.Debug|PHP 5.5.ActiveCfg = Debug|Any CPU
		{20A5B624-091F-4463-9D58-FD9591E0CB51}.Debug|PHP 5.5.Build.0 = Debug|Any CPU
		{20A5B624-091F-4463-9D58-FD9591E0CB51}.Debug|x86.ActiveCfg = Debug|Any CPU
		{20A5B624-091F-4463-9D58-FD9591E0CB51}.Debug|x86.Build.0 = Debug|Any CPU
		{20A5B624-091F-4463-9D58-FD9591E0CB51}.DebugReglagePulve|Any CPU.ActiveCfg = Debug|Any CPU
		{20A5B624-091F-4463-9D58-FD9591E0CB51}.DebugReglagePulve|Any CPU.Build.0 = Debug|Any CPU
		{20A5B624-091F-4463-9D58-FD9591E0CB51}.DebugReglagePulve|Mixed Platforms.ActiveCfg = Debug|Any CPU
		{20A5B624-091F-4463-9D58-FD9591E0CB51}.DebugReglagePulve|Mixed Platforms.Build.0 = Debug|Any CPU
		{20A5B624-091F-4463-9D58-FD9591E0CB51}.DebugReglagePulve|PHP 5.5.ActiveCfg = Debug|Any CPU
		{20A5B624-091F-4463-9D58-FD9591E0CB51}.DebugReglagePulve|PHP 5.5.Build.0 = Debug|Any CPU
		{20A5B624-091F-4463-9D58-FD9591E0CB51}.DebugReglagePulve|x86.ActiveCfg = Debug|Any CPU
		{20A5B624-091F-4463-9D58-FD9591E0CB51}.DebugReglagePulve|x86.Build.0 = Debug|Any CPU
		{20A5B624-091F-4463-9D58-FD9591E0CB51}.DEV|Any CPU.ActiveCfg = Debug|Any CPU
		{20A5B624-091F-4463-9D58-FD9591E0CB51}.DEV|Any CPU.Build.0 = Debug|Any CPU
		{20A5B624-091F-4463-9D58-FD9591E0CB51}.DEV|Mixed Platforms.ActiveCfg = Debug|Any CPU
		{20A5B624-091F-4463-9D58-FD9591E0CB51}.DEV|Mixed Platforms.Build.0 = Debug|Any CPU
		{20A5B624-091F-4463-9D58-FD9591E0CB51}.DEV|PHP 5.5.ActiveCfg = Debug|Any CPU
		{20A5B624-091F-4463-9D58-FD9591E0CB51}.DEV|PHP 5.5.Build.0 = Debug|Any CPU
		{20A5B624-091F-4463-9D58-FD9591E0CB51}.DEV|x86.ActiveCfg = Debug|Any CPU
		{20A5B624-091F-4463-9D58-FD9591E0CB51}.DEV|x86.Build.0 = Debug|Any CPU
		{20A5B624-091F-4463-9D58-FD9591E0CB51}.dev2|Any CPU.ActiveCfg = Debug|Any CPU
		{20A5B624-091F-4463-9D58-FD9591E0CB51}.dev2|Any CPU.Build.0 = Debug|Any CPU
		{20A5B624-091F-4463-9D58-FD9591E0CB51}.dev2|Mixed Platforms.ActiveCfg = Debug|Any CPU
		{20A5B624-091F-4463-9D58-FD9591E0CB51}.dev2|Mixed Platforms.Build.0 = Debug|Any CPU
		{20A5B624-091F-4463-9D58-FD9591E0CB51}.dev2|PHP 5.5.ActiveCfg = Debug|Any CPU
		{20A5B624-091F-4463-9D58-FD9591E0CB51}.dev2|PHP 5.5.Build.0 = Debug|Any CPU
		{20A5B624-091F-4463-9D58-FD9591E0CB51}.dev2|x86.ActiveCfg = Debug|Any CPU
		{20A5B624-091F-4463-9D58-FD9591E0CB51}.dev2|x86.Build.0 = Debug|Any CPU
		{20A5B624-091F-4463-9D58-FD9591E0CB51}.dv2|Any CPU.ActiveCfg = Debug|Any CPU
		{20A5B624-091F-4463-9D58-FD9591E0CB51}.dv2|Any CPU.Build.0 = Debug|Any CPU
		{20A5B624-091F-4463-9D58-FD9591E0CB51}.dv2|Mixed Platforms.ActiveCfg = Debug|Any CPU
		{20A5B624-091F-4463-9D58-FD9591E0CB51}.dv2|Mixed Platforms.Build.0 = Debug|Any CPU
		{20A5B624-091F-4463-9D58-FD9591E0CB51}.dv2|PHP 5.5.ActiveCfg = Debug|Any CPU
		{20A5B624-091F-4463-9D58-FD9591E0CB51}.dv2|PHP 5.5.Build.0 = Debug|Any CPU
		{20A5B624-091F-4463-9D58-FD9591E0CB51}.dv2|x86.ActiveCfg = Debug|Any CPU
		{20A5B624-091F-4463-9D58-FD9591E0CB51}.dv2|x86.Build.0 = Debug|Any CPU
		{20A5B624-091F-4463-9D58-FD9591E0CB51}.Release|Any CPU.ActiveCfg = Release|Any CPU
		{20A5B624-091F-4463-9D58-FD9591E0CB51}.Release|Any CPU.Build.0 = Release|Any CPU
		{20A5B624-091F-4463-9D58-FD9591E0CB51}.Release|Mixed Platforms.ActiveCfg = Release|Any CPU
		{20A5B624-091F-4463-9D58-FD9591E0CB51}.Release|Mixed Platforms.Build.0 = Release|Any CPU
		{20A5B624-091F-4463-9D58-FD9591E0CB51}.Release|PHP 5.5.ActiveCfg = Release|Any CPU
		{20A5B624-091F-4463-9D58-FD9591E0CB51}.Release|PHP 5.5.Build.0 = Release|Any CPU
		{20A5B624-091F-4463-9D58-FD9591E0CB51}.Release|x86.ActiveCfg = Release|Any CPU
		{20A5B624-091F-4463-9D58-FD9591E0CB51}.Release|x86.Build.0 = Release|Any CPU
		{20A5B624-091F-4463-9D58-FD9591E0CB51}.ReleaseReglagePulve|Any CPU.ActiveCfg = Release|Any CPU
		{20A5B624-091F-4463-9D58-FD9591E0CB51}.ReleaseReglagePulve|Any CPU.Build.0 = Release|Any CPU
		{20A5B624-091F-4463-9D58-FD9591E0CB51}.ReleaseReglagePulve|Mixed Platforms.ActiveCfg = Release|Any CPU
		{20A5B624-091F-4463-9D58-FD9591E0CB51}.ReleaseReglagePulve|Mixed Platforms.Build.0 = Release|Any CPU
		{20A5B624-091F-4463-9D58-FD9591E0CB51}.ReleaseReglagePulve|PHP 5.5.ActiveCfg = Release|Any CPU
		{20A5B624-091F-4463-9D58-FD9591E0CB51}.ReleaseReglagePulve|PHP 5.5.Build.0 = Release|Any CPU
		{20A5B624-091F-4463-9D58-FD9591E0CB51}.ReleaseReglagePulve|x86.ActiveCfg = Release|Any CPU
		{20A5B624-091F-4463-9D58-FD9591E0CB51}.ReleaseReglagePulve|x86.Build.0 = Release|Any CPU
		{49258497-1A03-42AF-A50E-EDDFC444EA96}.Debug|Any CPU.ActiveCfg = Debug
		{49258497-1A03-42AF-A50E-EDDFC444EA96}.Debug|Any CPU.Build.0 = Debug
		{49258497-1A03-42AF-A50E-EDDFC444EA96}.Debug|Mixed Platforms.ActiveCfg = Debug
		{49258497-1A03-42AF-A50E-EDDFC444EA96}.Debug|PHP 5.5.ActiveCfg = Debug
		{49258497-1A03-42AF-A50E-EDDFC444EA96}.Debug|PHP 5.5.Build.0 = Debug
		{49258497-1A03-42AF-A50E-EDDFC444EA96}.Debug|x86.ActiveCfg = Debug
		{49258497-1A03-42AF-A50E-EDDFC444EA96}.DebugReglagePulve|Any CPU.ActiveCfg = Debug
		{49258497-1A03-42AF-A50E-EDDFC444EA96}.DebugReglagePulve|Any CPU.Build.0 = Debug
		{49258497-1A03-42AF-A50E-EDDFC444EA96}.DebugReglagePulve|Mixed Platforms.ActiveCfg = Debug
		{49258497-1A03-42AF-A50E-EDDFC444EA96}.DebugReglagePulve|Mixed Platforms.Build.0 = Debug
		{49258497-1A03-42AF-A50E-EDDFC444EA96}.DebugReglagePulve|PHP 5.5.ActiveCfg = Debug
		{49258497-1A03-42AF-A50E-EDDFC444EA96}.DebugReglagePulve|PHP 5.5.Build.0 = Debug
		{49258497-1A03-42AF-A50E-EDDFC444EA96}.DebugReglagePulve|x86.ActiveCfg = Debug
		{49258497-1A03-42AF-A50E-EDDFC444EA96}.DebugReglagePulve|x86.Build.0 = Debug
		{49258497-1A03-42AF-A50E-EDDFC444EA96}.DEV|Any CPU.ActiveCfg = Debug
		{49258497-1A03-42AF-A50E-EDDFC444EA96}.DEV|Any CPU.Build.0 = Debug
		{49258497-1A03-42AF-A50E-EDDFC444EA96}.DEV|Mixed Platforms.ActiveCfg = Debug
		{49258497-1A03-42AF-A50E-EDDFC444EA96}.DEV|Mixed Platforms.Build.0 = Debug
		{49258497-1A03-42AF-A50E-EDDFC444EA96}.DEV|PHP 5.5.ActiveCfg = Debug
		{49258497-1A03-42AF-A50E-EDDFC444EA96}.DEV|PHP 5.5.Build.0 = Debug
		{49258497-1A03-42AF-A50E-EDDFC444EA96}.DEV|x86.ActiveCfg = Debug
		{49258497-1A03-42AF-A50E-EDDFC444EA96}.DEV|x86.Build.0 = Debug
		{49258497-1A03-42AF-A50E-EDDFC444EA96}.dev2|Any CPU.ActiveCfg = Debug
		{49258497-1A03-42AF-A50E-EDDFC444EA96}.dev2|Any CPU.Build.0 = Debug
		{49258497-1A03-42AF-A50E-EDDFC444EA96}.dev2|Mixed Platforms.ActiveCfg = Debug
		{49258497-1A03-42AF-A50E-EDDFC444EA96}.dev2|Mixed Platforms.Build.0 = Debug
		{49258497-1A03-42AF-A50E-EDDFC444EA96}.dev2|PHP 5.5.ActiveCfg = Debug
		{49258497-1A03-42AF-A50E-EDDFC444EA96}.dev2|PHP 5.5.Build.0 = Debug
		{49258497-1A03-42AF-A50E-EDDFC444EA96}.dev2|x86.ActiveCfg = Debug
		{49258497-1A03-42AF-A50E-EDDFC444EA96}.dev2|x86.Build.0 = Debug
		{49258497-1A03-42AF-A50E-EDDFC444EA96}.dv2|Any CPU.ActiveCfg = Debug
		{49258497-1A03-42AF-A50E-EDDFC444EA96}.dv2|Any CPU.Build.0 = Debug
		{49258497-1A03-42AF-A50E-EDDFC444EA96}.dv2|Mixed Platforms.ActiveCfg = Debug
		{49258497-1A03-42AF-A50E-EDDFC444EA96}.dv2|Mixed Platforms.Build.0 = Debug
		{49258497-1A03-42AF-A50E-EDDFC444EA96}.dv2|PHP 5.5.ActiveCfg = Debug
		{49258497-1A03-42AF-A50E-EDDFC444EA96}.dv2|PHP 5.5.Build.0 = Debug
		{49258497-1A03-42AF-A50E-EDDFC444EA96}.dv2|x86.ActiveCfg = Debug
		{49258497-1A03-42AF-A50E-EDDFC444EA96}.dv2|x86.Build.0 = Debug
		{49258497-1A03-42AF-A50E-EDDFC444EA96}.Release|Any CPU.ActiveCfg = Release
		{49258497-1A03-42AF-A50E-EDDFC444EA96}.Release|Any CPU.Build.0 = Release
		{49258497-1A03-42AF-A50E-EDDFC444EA96}.Release|Mixed Platforms.ActiveCfg = Release
		{49258497-1A03-42AF-A50E-EDDFC444EA96}.Release|Mixed Platforms.Build.0 = Release
		{49258497-1A03-42AF-A50E-EDDFC444EA96}.Release|PHP 5.5.ActiveCfg = Release
		{49258497-1A03-42AF-A50E-EDDFC444EA96}.Release|PHP 5.5.Build.0 = Release
		{49258497-1A03-42AF-A50E-EDDFC444EA96}.Release|x86.ActiveCfg = Release
		{49258497-1A03-42AF-A50E-EDDFC444EA96}.ReleaseReglagePulve|Any CPU.ActiveCfg = Release
		{49258497-1A03-42AF-A50E-EDDFC444EA96}.ReleaseReglagePulve|Any CPU.Build.0 = Release
		{49258497-1A03-42AF-A50E-EDDFC444EA96}.ReleaseReglagePulve|Mixed Platforms.ActiveCfg = Release
		{49258497-1A03-42AF-A50E-EDDFC444EA96}.ReleaseReglagePulve|Mixed Platforms.Build.0 = Release
		{49258497-1A03-42AF-A50E-EDDFC444EA96}.ReleaseReglagePulve|PHP 5.5.ActiveCfg = Release
		{49258497-1A03-42AF-A50E-EDDFC444EA96}.ReleaseReglagePulve|PHP 5.5.Build.0 = Release
		{49258497-1A03-42AF-A50E-EDDFC444EA96}.ReleaseReglagePulve|x86.ActiveCfg = Release
		{49258497-1A03-42AF-A50E-EDDFC444EA96}.ReleaseReglagePulve|x86.Build.0 = Release
		{17D2745C-F3C7-4ACA-B579-60E4BE471002}.Debug|Any CPU.ActiveCfg = Debug|Any CPU
		{17D2745C-F3C7-4ACA-B579-60E4BE471002}.Debug|Any CPU.Build.0 = Debug|Any CPU
		{17D2745C-F3C7-4ACA-B579-60E4BE471002}.Debug|Mixed Platforms.ActiveCfg = Debug|Any CPU
		{17D2745C-F3C7-4ACA-B579-60E4BE471002}.Debug|Mixed Platforms.Build.0 = Debug|Any CPU
		{17D2745C-F3C7-4ACA-B579-60E4BE471002}.Debug|PHP 5.5.ActiveCfg = Debug|Any CPU
		{17D2745C-F3C7-4ACA-B579-60E4BE471002}.Debug|PHP 5.5.Build.0 = Debug|Any CPU
		{17D2745C-F3C7-4ACA-B579-60E4BE471002}.Debug|x86.ActiveCfg = Debug|Any CPU
		{17D2745C-F3C7-4ACA-B579-60E4BE471002}.Debug|x86.Build.0 = Debug|Any CPU
		{17D2745C-F3C7-4ACA-B579-60E4BE471002}.DebugReglagePulve|Any CPU.ActiveCfg = Debug|Any CPU
		{17D2745C-F3C7-4ACA-B579-60E4BE471002}.DebugReglagePulve|Any CPU.Build.0 = Debug|Any CPU
		{17D2745C-F3C7-4ACA-B579-60E4BE471002}.DebugReglagePulve|Mixed Platforms.ActiveCfg = Debug|Any CPU
		{17D2745C-F3C7-4ACA-B579-60E4BE471002}.DebugReglagePulve|Mixed Platforms.Build.0 = Debug|Any CPU
		{17D2745C-F3C7-4ACA-B579-60E4BE471002}.DebugReglagePulve|PHP 5.5.ActiveCfg = Debug|Any CPU
		{17D2745C-F3C7-4ACA-B579-60E4BE471002}.DebugReglagePulve|PHP 5.5.Build.0 = Debug|Any CPU
		{17D2745C-F3C7-4ACA-B579-60E4BE471002}.DebugReglagePulve|x86.ActiveCfg = Debug|Any CPU
		{17D2745C-F3C7-4ACA-B579-60E4BE471002}.DebugReglagePulve|x86.Build.0 = Debug|Any CPU
		{17D2745C-F3C7-4ACA-B579-60E4BE471002}.DEV|Any CPU.ActiveCfg = Debug|Any CPU
		{17D2745C-F3C7-4ACA-B579-60E4BE471002}.DEV|Any CPU.Build.0 = Debug|Any CPU
		{17D2745C-F3C7-4ACA-B579-60E4BE471002}.DEV|Mixed Platforms.ActiveCfg = Debug|Any CPU
		{17D2745C-F3C7-4ACA-B579-60E4BE471002}.DEV|Mixed Platforms.Build.0 = Debug|Any CPU
		{17D2745C-F3C7-4ACA-B579-60E4BE471002}.DEV|PHP 5.5.ActiveCfg = Debug|Any CPU
		{17D2745C-F3C7-4ACA-B579-60E4BE471002}.DEV|PHP 5.5.Build.0 = Debug|Any CPU
		{17D2745C-F3C7-4ACA-B579-60E4BE471002}.DEV|x86.ActiveCfg = Debug|Any CPU
		{17D2745C-F3C7-4ACA-B579-60E4BE471002}.DEV|x86.Build.0 = Debug|Any CPU
		{17D2745C-F3C7-4ACA-B579-60E4BE471002}.dev2|Any CPU.ActiveCfg = Debug|Any CPU
		{17D2745C-F3C7-4ACA-B579-60E4BE471002}.dev2|Any CPU.Build.0 = Debug|Any CPU
		{17D2745C-F3C7-4ACA-B579-60E4BE471002}.dev2|Mixed Platforms.ActiveCfg = Debug|Any CPU
		{17D2745C-F3C7-4ACA-B579-60E4BE471002}.dev2|Mixed Platforms.Build.0 = Debug|Any CPU
		{17D2745C-F3C7-4ACA-B579-60E4BE471002}.dev2|PHP 5.5.ActiveCfg = Debug|Any CPU
		{17D2745C-F3C7-4ACA-B579-60E4BE471002}.dev2|PHP 5.5.Build.0 = Debug|Any CPU
		{17D2745C-F3C7-4ACA-B579-60E4BE471002}.dev2|x86.ActiveCfg = Debug|Any CPU
		{17D2745C-F3C7-4ACA-B579-60E4BE471002}.dev2|x86.Build.0 = Debug|Any CPU
		{17D2745C-F3C7-4ACA-B579-60E4BE471002}.dv2|Any CPU.ActiveCfg = Debug|Any CPU
		{17D2745C-F3C7-4ACA-B579-60E4BE471002}.dv2|Any CPU.Build.0 = Debug|Any CPU
		{17D2745C-F3C7-4ACA-B579-60E4BE471002}.dv2|Mixed Platforms.ActiveCfg = Debug|Any CPU
		{17D2745C-F3C7-4ACA-B579-60E4BE471002}.dv2|Mixed Platforms.Build.0 = Debug|Any CPU
		{17D2745C-F3C7-4ACA-B579-60E4BE471002}.dv2|PHP 5.5.ActiveCfg = Debug|Any CPU
		{17D2745C-F3C7-4ACA-B579-60E4BE471002}.dv2|PHP 5.5.Build.0 = Debug|Any CPU
		{17D2745C-F3C7-4ACA-B579-60E4BE471002}.dv2|x86.ActiveCfg = Debug|Any CPU
		{17D2745C-F3C7-4ACA-B579-60E4BE471002}.dv2|x86.Build.0 = Debug|Any CPU
		{17D2745C-F3C7-4ACA-B579-60E4BE471002}.Release|Any CPU.ActiveCfg = Release|Any CPU
		{17D2745C-F3C7-4ACA-B579-60E4BE471002}.Release|Any CPU.Build.0 = Release|Any CPU
		{17D2745C-F3C7-4ACA-B579-60E4BE471002}.Release|Mixed Platforms.ActiveCfg = Release|Any CPU
		{17D2745C-F3C7-4ACA-B579-60E4BE471002}.Release|Mixed Platforms.Build.0 = Release|Any CPU
		{17D2745C-F3C7-4ACA-B579-60E4BE471002}.Release|PHP 5.5.ActiveCfg = Release|Any CPU
		{17D2745C-F3C7-4ACA-B579-60E4BE471002}.Release|PHP 5.5.Build.0 = Release|Any CPU
		{17D2745C-F3C7-4ACA-B579-60E4BE471002}.Release|x86.ActiveCfg = Release|Any CPU
		{17D2745C-F3C7-4ACA-B579-60E4BE471002}.Release|x86.Build.0 = Release|Any CPU
		{17D2745C-F3C7-4ACA-B579-60E4BE471002}.ReleaseReglagePulve|Any CPU.ActiveCfg = Release|Any CPU
		{17D2745C-F3C7-4ACA-B579-60E4BE471002}.ReleaseReglagePulve|Any CPU.Build.0 = Release|Any CPU
		{17D2745C-F3C7-4ACA-B579-60E4BE471002}.ReleaseReglagePulve|Mixed Platforms.ActiveCfg = Release|Any CPU
		{17D2745C-F3C7-4ACA-B579-60E4BE471002}.ReleaseReglagePulve|Mixed Platforms.Build.0 = Release|Any CPU
		{17D2745C-F3C7-4ACA-B579-60E4BE471002}.ReleaseReglagePulve|PHP 5.5.ActiveCfg = Release|Any CPU
		{17D2745C-F3C7-4ACA-B579-60E4BE471002}.ReleaseReglagePulve|PHP 5.5.Build.0 = Release|Any CPU
		{17D2745C-F3C7-4ACA-B579-60E4BE471002}.ReleaseReglagePulve|x86.ActiveCfg = Release|Any CPU
		{17D2745C-F3C7-4ACA-B579-60E4BE471002}.ReleaseReglagePulve|x86.Build.0 = Release|Any CPU
	EndGlobalSection
	GlobalSection(SolutionProperties) = preSolution
		HideSolutionNode = FALSE
	EndGlobalSection
	GlobalSection(ExtensibilityGlobals) = postSolution
		SolutionGuid = {AB31C4C4-A793-4E51-B9B5-0E972D1BF041}
	EndGlobalSection
	GlobalSection(SubversionScc) = preSolution
		Svn-Managed = True
		Manager = AnkhSVN - Subversion Support for Visual Studio
	EndGlobalSection
	GlobalSection(TestCaseManagementSettings) = postSolution
		CategoryFile = Crodip_agent.vsmdi
	EndGlobalSection
EndGlobal
