
Microsoft Visual Studio Solution File, Format Version 12.00
# Visual Studio 2013
VisualStudioVersion = 12.0.40629.0
MinimumVisualStudioVersion = 10.0.40219.1
Project("{2150E333-8FDC-42A3-9474-1A3956D46DE8}") = "Solution Items", "Solution Items", "{34DE14A0-A2A5-484B-9809-A82B3B9C3FAE}"
	ProjectSection(SolutionItems) = preProject
		Notes.txt = Notes.txt
		Performance1.psess = Performance1.psess
	EndProjectSection
EndProject
Project("{F184B08F-C81C-45F6-A57F-5ABD9991F28F}") = "Crodip_updater", "Crodip_updater\Crodip_updater.vbproj", "{3CD1ECE4-5DF3-46FD-A6A0-17163645B1F0}"
EndProject
Project("{F184B08F-C81C-45F6-A57F-5ABD9991F28F}") = "DBUpdate", "DBUpdate\DBUpdate.vbproj", "{65815FF1-9AC8-4D74-A001-3069EA510506}"
EndProject
Project("{F184B08F-C81C-45F6-A57F-5ABD9991F28F}") = "CRODIP_ControlLibrary", "CRODIP_ControlLibrary\CRODIP_ControlLibrary\CRODIP_ControlLibrary.vbproj", "{2E21234E-DAEF-48B6-AFF5-A3655C9420E4}"
EndProject
Project("{F184B08F-C81C-45F6-A57F-5ABD9991F28F}") = "MAJAGENT", "MAJAGENT\MAJAGENT.vbproj", "{5B2ACFA3-C4CD-4804-A2A9-F1893E9B1BCA}"
EndProject
Project("{F184B08F-C81C-45F6-A57F-5ABD9991F28F}") = "PreRequisCRODIPW", "..\PreRequisCRODIPW\PreRequisCRODIPW.vbproj", "{A864E81A-4FCB-4E9A-90CB-31934C41D84B}"
EndProject
Project("{F184B08F-C81C-45F6-A57F-5ABD9991F28F}") = "Crodip_agent", "Crodip_agent.vbproj", "{DD7C56AA-4A81-4966-94BC-6B9B62054235}"
EndProject
Project("{F184B08F-C81C-45F6-A57F-5ABD9991F28F}") = "testViewPDF", "..\testViewPDF\testViewPDF.vbproj", "{B2544668-C7DC-4BFF-BCC7-4D768D58BA1C}"
EndProject
Project("{F184B08F-C81C-45F6-A57F-5ABD9991F28F}") = "TestCrodip", "R:\Crodip-Agent\TestCrodip\TestCrodip.vbproj", "{EB1EABF3-4919-48EB-AC1A-5697B33F063D}"
EndProject
Project("{54435603-DBB4-11D2-8724-00A0C9A8B90C}") = "SetupAgent", "..\SetupAgent\SetupAgent.vdproj", "{58D2F90B-ED87-4964-8716-C72617A890AE}"
EndProject
Global
	GlobalSection(SolutionConfigurationPlatforms) = preSolution
		Debug|Any CPU = Debug|Any CPU
		Debug|Mixed Platforms = Debug|Mixed Platforms
		Debug|x86 = Debug|x86
		DebugReglagePulve|Any CPU = DebugReglagePulve|Any CPU
		DebugReglagePulve|Mixed Platforms = DebugReglagePulve|Mixed Platforms
		DebugReglagePulve|x86 = DebugReglagePulve|x86
		Release|Any CPU = Release|Any CPU
		Release|Mixed Platforms = Release|Mixed Platforms
		Release|x86 = Release|x86
		ReleaseReglagePulve|Any CPU = ReleaseReglagePulve|Any CPU
		ReleaseReglagePulve|Mixed Platforms = ReleaseReglagePulve|Mixed Platforms
		ReleaseReglagePulve|x86 = ReleaseReglagePulve|x86
	EndGlobalSection
	GlobalSection(ProjectConfigurationPlatforms) = postSolution
		{3CD1ECE4-5DF3-46FD-A6A0-17163645B1F0}.Debug|Any CPU.ActiveCfg = Debug|Any CPU
		{3CD1ECE4-5DF3-46FD-A6A0-17163645B1F0}.Debug|Any CPU.Build.0 = Debug|Any CPU
		{3CD1ECE4-5DF3-46FD-A6A0-17163645B1F0}.Debug|Mixed Platforms.ActiveCfg = Debug|x86
		{3CD1ECE4-5DF3-46FD-A6A0-17163645B1F0}.Debug|Mixed Platforms.Build.0 = Debug|x86
		{3CD1ECE4-5DF3-46FD-A6A0-17163645B1F0}.Debug|x86.ActiveCfg = Debug|Any CPU
		{3CD1ECE4-5DF3-46FD-A6A0-17163645B1F0}.DebugReglagePulve|Any CPU.ActiveCfg = DebugReglagePulve|Any CPU
		{3CD1ECE4-5DF3-46FD-A6A0-17163645B1F0}.DebugReglagePulve|Any CPU.Build.0 = DebugReglagePulve|Any CPU
		{3CD1ECE4-5DF3-46FD-A6A0-17163645B1F0}.DebugReglagePulve|Mixed Platforms.ActiveCfg = DebugReglagePulve|x86
		{3CD1ECE4-5DF3-46FD-A6A0-17163645B1F0}.DebugReglagePulve|Mixed Platforms.Build.0 = DebugReglagePulve|x86
		{3CD1ECE4-5DF3-46FD-A6A0-17163645B1F0}.DebugReglagePulve|x86.ActiveCfg = DebugReglagePulve|x86
		{3CD1ECE4-5DF3-46FD-A6A0-17163645B1F0}.DebugReglagePulve|x86.Build.0 = DebugReglagePulve|x86
		{3CD1ECE4-5DF3-46FD-A6A0-17163645B1F0}.Release|Any CPU.ActiveCfg = Release|Any CPU
		{3CD1ECE4-5DF3-46FD-A6A0-17163645B1F0}.Release|Any CPU.Build.0 = Release|Any CPU
		{3CD1ECE4-5DF3-46FD-A6A0-17163645B1F0}.Release|Mixed Platforms.ActiveCfg = Release|x86
		{3CD1ECE4-5DF3-46FD-A6A0-17163645B1F0}.Release|Mixed Platforms.Build.0 = Release|x86
		{3CD1ECE4-5DF3-46FD-A6A0-17163645B1F0}.Release|x86.ActiveCfg = Release|Any CPU
		{3CD1ECE4-5DF3-46FD-A6A0-17163645B1F0}.ReleaseReglagePulve|Any CPU.ActiveCfg = ReleaseReglagePulve|Any CPU
		{3CD1ECE4-5DF3-46FD-A6A0-17163645B1F0}.ReleaseReglagePulve|Any CPU.Build.0 = ReleaseReglagePulve|Any CPU
		{3CD1ECE4-5DF3-46FD-A6A0-17163645B1F0}.ReleaseReglagePulve|Mixed Platforms.ActiveCfg = ReleaseReglagePulve|x86
		{3CD1ECE4-5DF3-46FD-A6A0-17163645B1F0}.ReleaseReglagePulve|Mixed Platforms.Build.0 = ReleaseReglagePulve|x86
		{3CD1ECE4-5DF3-46FD-A6A0-17163645B1F0}.ReleaseReglagePulve|x86.ActiveCfg = ReleaseReglagePulve|x86
		{3CD1ECE4-5DF3-46FD-A6A0-17163645B1F0}.ReleaseReglagePulve|x86.Build.0 = ReleaseReglagePulve|x86
		{65815FF1-9AC8-4D74-A001-3069EA510506}.Debug|Any CPU.ActiveCfg = Debug|x86
		{65815FF1-9AC8-4D74-A001-3069EA510506}.Debug|Mixed Platforms.ActiveCfg = Debug|x86
		{65815FF1-9AC8-4D74-A001-3069EA510506}.Debug|Mixed Platforms.Build.0 = Debug|x86
		{65815FF1-9AC8-4D74-A001-3069EA510506}.Debug|x86.ActiveCfg = Debug|x86
		{65815FF1-9AC8-4D74-A001-3069EA510506}.Debug|x86.Build.0 = Debug|x86
		{65815FF1-9AC8-4D74-A001-3069EA510506}.DebugReglagePulve|Any CPU.ActiveCfg = DebugReglagePulve|x86
		{65815FF1-9AC8-4D74-A001-3069EA510506}.DebugReglagePulve|Mixed Platforms.ActiveCfg = DebugReglagePulve|x86
		{65815FF1-9AC8-4D74-A001-3069EA510506}.DebugReglagePulve|Mixed Platforms.Build.0 = DebugReglagePulve|x86
		{65815FF1-9AC8-4D74-A001-3069EA510506}.DebugReglagePulve|x86.ActiveCfg = DebugReglagePulve|x86
		{65815FF1-9AC8-4D74-A001-3069EA510506}.DebugReglagePulve|x86.Build.0 = DebugReglagePulve|x86
		{65815FF1-9AC8-4D74-A001-3069EA510506}.Release|Any CPU.ActiveCfg = Release|x86
		{65815FF1-9AC8-4D74-A001-3069EA510506}.Release|Mixed Platforms.ActiveCfg = Release|x86
		{65815FF1-9AC8-4D74-A001-3069EA510506}.Release|Mixed Platforms.Build.0 = Release|x86
		{65815FF1-9AC8-4D74-A001-3069EA510506}.Release|x86.ActiveCfg = Release|x86
		{65815FF1-9AC8-4D74-A001-3069EA510506}.Release|x86.Build.0 = Release|x86
		{65815FF1-9AC8-4D74-A001-3069EA510506}.ReleaseReglagePulve|Any CPU.ActiveCfg = ReleaseReglagePulve|x86
		{65815FF1-9AC8-4D74-A001-3069EA510506}.ReleaseReglagePulve|Mixed Platforms.ActiveCfg = ReleaseReglagePulve|x86
		{65815FF1-9AC8-4D74-A001-3069EA510506}.ReleaseReglagePulve|Mixed Platforms.Build.0 = ReleaseReglagePulve|x86
		{65815FF1-9AC8-4D74-A001-3069EA510506}.ReleaseReglagePulve|x86.ActiveCfg = ReleaseReglagePulve|x86
		{65815FF1-9AC8-4D74-A001-3069EA510506}.ReleaseReglagePulve|x86.Build.0 = ReleaseReglagePulve|x86
		{2E21234E-DAEF-48B6-AFF5-A3655C9420E4}.Debug|Any CPU.ActiveCfg = Debug|Any CPU
		{2E21234E-DAEF-48B6-AFF5-A3655C9420E4}.Debug|Any CPU.Build.0 = Debug|Any CPU
		{2E21234E-DAEF-48B6-AFF5-A3655C9420E4}.Debug|Mixed Platforms.ActiveCfg = Debug|x86
		{2E21234E-DAEF-48B6-AFF5-A3655C9420E4}.Debug|Mixed Platforms.Build.0 = Debug|x86
		{2E21234E-DAEF-48B6-AFF5-A3655C9420E4}.Debug|x86.ActiveCfg = Debug|Any CPU
		{2E21234E-DAEF-48B6-AFF5-A3655C9420E4}.DebugReglagePulve|Any CPU.ActiveCfg = DebugReglagePulve|Any CPU
		{2E21234E-DAEF-48B6-AFF5-A3655C9420E4}.DebugReglagePulve|Any CPU.Build.0 = DebugReglagePulve|Any CPU
		{2E21234E-DAEF-48B6-AFF5-A3655C9420E4}.DebugReglagePulve|Mixed Platforms.ActiveCfg = DebugReglagePulve|x86
		{2E21234E-DAEF-48B6-AFF5-A3655C9420E4}.DebugReglagePulve|Mixed Platforms.Build.0 = DebugReglagePulve|x86
		{2E21234E-DAEF-48B6-AFF5-A3655C9420E4}.DebugReglagePulve|x86.ActiveCfg = DebugReglagePulve|x86
		{2E21234E-DAEF-48B6-AFF5-A3655C9420E4}.DebugReglagePulve|x86.Build.0 = DebugReglagePulve|x86
		{2E21234E-DAEF-48B6-AFF5-A3655C9420E4}.Release|Any CPU.ActiveCfg = Release|Any CPU
		{2E21234E-DAEF-48B6-AFF5-A3655C9420E4}.Release|Any CPU.Build.0 = Release|Any CPU
		{2E21234E-DAEF-48B6-AFF5-A3655C9420E4}.Release|Mixed Platforms.ActiveCfg = Release|x86
		{2E21234E-DAEF-48B6-AFF5-A3655C9420E4}.Release|Mixed Platforms.Build.0 = Release|x86
		{2E21234E-DAEF-48B6-AFF5-A3655C9420E4}.Release|x86.ActiveCfg = Release|Any CPU
		{2E21234E-DAEF-48B6-AFF5-A3655C9420E4}.ReleaseReglagePulve|Any CPU.ActiveCfg = ReleaseReglagePulve|Any CPU
		{2E21234E-DAEF-48B6-AFF5-A3655C9420E4}.ReleaseReglagePulve|Any CPU.Build.0 = ReleaseReglagePulve|Any CPU
		{2E21234E-DAEF-48B6-AFF5-A3655C9420E4}.ReleaseReglagePulve|Mixed Platforms.ActiveCfg = ReleaseReglagePulve|x86
		{2E21234E-DAEF-48B6-AFF5-A3655C9420E4}.ReleaseReglagePulve|Mixed Platforms.Build.0 = ReleaseReglagePulve|x86
		{2E21234E-DAEF-48B6-AFF5-A3655C9420E4}.ReleaseReglagePulve|x86.ActiveCfg = ReleaseReglagePulve|x86
		{2E21234E-DAEF-48B6-AFF5-A3655C9420E4}.ReleaseReglagePulve|x86.Build.0 = ReleaseReglagePulve|x86
		{5B2ACFA3-C4CD-4804-A2A9-F1893E9B1BCA}.Debug|Any CPU.ActiveCfg = Debug|Any CPU
		{5B2ACFA3-C4CD-4804-A2A9-F1893E9B1BCA}.Debug|Any CPU.Build.0 = Debug|Any CPU
		{5B2ACFA3-C4CD-4804-A2A9-F1893E9B1BCA}.Debug|Mixed Platforms.ActiveCfg = Debug|Any CPU
		{5B2ACFA3-C4CD-4804-A2A9-F1893E9B1BCA}.Debug|Mixed Platforms.Build.0 = Debug|Any CPU
		{5B2ACFA3-C4CD-4804-A2A9-F1893E9B1BCA}.Debug|x86.ActiveCfg = Debug|Any CPU
		{5B2ACFA3-C4CD-4804-A2A9-F1893E9B1BCA}.Debug|x86.Build.0 = Debug|Any CPU
		{5B2ACFA3-C4CD-4804-A2A9-F1893E9B1BCA}.DebugReglagePulve|Any CPU.ActiveCfg = Debug|Any CPU
		{5B2ACFA3-C4CD-4804-A2A9-F1893E9B1BCA}.DebugReglagePulve|Any CPU.Build.0 = Debug|Any CPU
		{5B2ACFA3-C4CD-4804-A2A9-F1893E9B1BCA}.DebugReglagePulve|Mixed Platforms.ActiveCfg = Debug|Any CPU
		{5B2ACFA3-C4CD-4804-A2A9-F1893E9B1BCA}.DebugReglagePulve|Mixed Platforms.Build.0 = Debug|Any CPU
		{5B2ACFA3-C4CD-4804-A2A9-F1893E9B1BCA}.DebugReglagePulve|x86.ActiveCfg = Debug|Any CPU
		{5B2ACFA3-C4CD-4804-A2A9-F1893E9B1BCA}.DebugReglagePulve|x86.Build.0 = Debug|Any CPU
		{5B2ACFA3-C4CD-4804-A2A9-F1893E9B1BCA}.Release|Any CPU.ActiveCfg = Release|Any CPU
		{5B2ACFA3-C4CD-4804-A2A9-F1893E9B1BCA}.Release|Any CPU.Build.0 = Release|Any CPU
		{5B2ACFA3-C4CD-4804-A2A9-F1893E9B1BCA}.Release|Mixed Platforms.ActiveCfg = Release|Any CPU
		{5B2ACFA3-C4CD-4804-A2A9-F1893E9B1BCA}.Release|Mixed Platforms.Build.0 = Release|Any CPU
		{5B2ACFA3-C4CD-4804-A2A9-F1893E9B1BCA}.Release|x86.ActiveCfg = Release|Any CPU
		{5B2ACFA3-C4CD-4804-A2A9-F1893E9B1BCA}.Release|x86.Build.0 = Release|Any CPU
		{5B2ACFA3-C4CD-4804-A2A9-F1893E9B1BCA}.ReleaseReglagePulve|Any CPU.ActiveCfg = Release|Any CPU
		{5B2ACFA3-C4CD-4804-A2A9-F1893E9B1BCA}.ReleaseReglagePulve|Any CPU.Build.0 = Release|Any CPU
		{5B2ACFA3-C4CD-4804-A2A9-F1893E9B1BCA}.ReleaseReglagePulve|Mixed Platforms.ActiveCfg = Release|Any CPU
		{5B2ACFA3-C4CD-4804-A2A9-F1893E9B1BCA}.ReleaseReglagePulve|Mixed Platforms.Build.0 = Release|Any CPU
		{5B2ACFA3-C4CD-4804-A2A9-F1893E9B1BCA}.ReleaseReglagePulve|x86.ActiveCfg = Release|Any CPU
		{5B2ACFA3-C4CD-4804-A2A9-F1893E9B1BCA}.ReleaseReglagePulve|x86.Build.0 = Release|Any CPU
		{A864E81A-4FCB-4E9A-90CB-31934C41D84B}.Debug|Any CPU.ActiveCfg = Debug|Any CPU
		{A864E81A-4FCB-4E9A-90CB-31934C41D84B}.Debug|Any CPU.Build.0 = Debug|Any CPU
		{A864E81A-4FCB-4E9A-90CB-31934C41D84B}.Debug|Mixed Platforms.ActiveCfg = Debug|Any CPU
		{A864E81A-4FCB-4E9A-90CB-31934C41D84B}.Debug|Mixed Platforms.Build.0 = Debug|Any CPU
		{A864E81A-4FCB-4E9A-90CB-31934C41D84B}.Debug|x86.ActiveCfg = Debug|Any CPU
		{A864E81A-4FCB-4E9A-90CB-31934C41D84B}.Debug|x86.Build.0 = Debug|Any CPU
		{A864E81A-4FCB-4E9A-90CB-31934C41D84B}.DebugReglagePulve|Any CPU.ActiveCfg = Debug|Any CPU
		{A864E81A-4FCB-4E9A-90CB-31934C41D84B}.DebugReglagePulve|Any CPU.Build.0 = Debug|Any CPU
		{A864E81A-4FCB-4E9A-90CB-31934C41D84B}.DebugReglagePulve|Mixed Platforms.ActiveCfg = Debug|Any CPU
		{A864E81A-4FCB-4E9A-90CB-31934C41D84B}.DebugReglagePulve|Mixed Platforms.Build.0 = Debug|Any CPU
		{A864E81A-4FCB-4E9A-90CB-31934C41D84B}.DebugReglagePulve|x86.ActiveCfg = Debug|Any CPU
		{A864E81A-4FCB-4E9A-90CB-31934C41D84B}.DebugReglagePulve|x86.Build.0 = Debug|Any CPU
		{A864E81A-4FCB-4E9A-90CB-31934C41D84B}.Release|Any CPU.ActiveCfg = Release|Any CPU
		{A864E81A-4FCB-4E9A-90CB-31934C41D84B}.Release|Any CPU.Build.0 = Release|Any CPU
		{A864E81A-4FCB-4E9A-90CB-31934C41D84B}.Release|Mixed Platforms.ActiveCfg = Release|Any CPU
		{A864E81A-4FCB-4E9A-90CB-31934C41D84B}.Release|Mixed Platforms.Build.0 = Release|Any CPU
		{A864E81A-4FCB-4E9A-90CB-31934C41D84B}.Release|x86.ActiveCfg = Release|Any CPU
		{A864E81A-4FCB-4E9A-90CB-31934C41D84B}.Release|x86.Build.0 = Release|Any CPU
		{A864E81A-4FCB-4E9A-90CB-31934C41D84B}.ReleaseReglagePulve|Any CPU.ActiveCfg = Release|Any CPU
		{A864E81A-4FCB-4E9A-90CB-31934C41D84B}.ReleaseReglagePulve|Any CPU.Build.0 = Release|Any CPU
		{A864E81A-4FCB-4E9A-90CB-31934C41D84B}.ReleaseReglagePulve|Mixed Platforms.ActiveCfg = Release|Any CPU
		{A864E81A-4FCB-4E9A-90CB-31934C41D84B}.ReleaseReglagePulve|Mixed Platforms.Build.0 = Release|Any CPU
		{A864E81A-4FCB-4E9A-90CB-31934C41D84B}.ReleaseReglagePulve|x86.ActiveCfg = Release|Any CPU
		{A864E81A-4FCB-4E9A-90CB-31934C41D84B}.ReleaseReglagePulve|x86.Build.0 = Release|Any CPU
		{DD7C56AA-4A81-4966-94BC-6B9B62054235}.Debug|Any CPU.ActiveCfg = Debug|Any CPU
		{DD7C56AA-4A81-4966-94BC-6B9B62054235}.Debug|Any CPU.Build.0 = Debug|Any CPU
		{DD7C56AA-4A81-4966-94BC-6B9B62054235}.Debug|Mixed Platforms.ActiveCfg = Debug|x86
		{DD7C56AA-4A81-4966-94BC-6B9B62054235}.Debug|Mixed Platforms.Build.0 = Debug|x86
		{DD7C56AA-4A81-4966-94BC-6B9B62054235}.Debug|x86.ActiveCfg = Debug|x86
		{DD7C56AA-4A81-4966-94BC-6B9B62054235}.Debug|x86.Build.0 = Debug|x86
		{DD7C56AA-4A81-4966-94BC-6B9B62054235}.DebugReglagePulve|Any CPU.ActiveCfg = DebugReglagePulve|Any CPU
		{DD7C56AA-4A81-4966-94BC-6B9B62054235}.DebugReglagePulve|Any CPU.Build.0 = DebugReglagePulve|Any CPU
		{DD7C56AA-4A81-4966-94BC-6B9B62054235}.DebugReglagePulve|Mixed Platforms.ActiveCfg = DebugReglagePulve|x86
		{DD7C56AA-4A81-4966-94BC-6B9B62054235}.DebugReglagePulve|Mixed Platforms.Build.0 = DebugReglagePulve|x86
		{DD7C56AA-4A81-4966-94BC-6B9B62054235}.DebugReglagePulve|x86.ActiveCfg = DebugReglagePulve|x86
		{DD7C56AA-4A81-4966-94BC-6B9B62054235}.DebugReglagePulve|x86.Build.0 = DebugReglagePulve|x86
		{DD7C56AA-4A81-4966-94BC-6B9B62054235}.Release|Any CPU.ActiveCfg = Release|Any CPU
		{DD7C56AA-4A81-4966-94BC-6B9B62054235}.Release|Any CPU.Build.0 = Release|Any CPU
		{DD7C56AA-4A81-4966-94BC-6B9B62054235}.Release|Mixed Platforms.ActiveCfg = Release|x86
		{DD7C56AA-4A81-4966-94BC-6B9B62054235}.Release|Mixed Platforms.Build.0 = Release|x86
		{DD7C56AA-4A81-4966-94BC-6B9B62054235}.Release|x86.ActiveCfg = Release|x86
		{DD7C56AA-4A81-4966-94BC-6B9B62054235}.Release|x86.Build.0 = Release|x86
		{DD7C56AA-4A81-4966-94BC-6B9B62054235}.ReleaseReglagePulve|Any CPU.ActiveCfg = ReleaseReglagePulve|Any CPU
		{DD7C56AA-4A81-4966-94BC-6B9B62054235}.ReleaseReglagePulve|Any CPU.Build.0 = ReleaseReglagePulve|Any CPU
		{DD7C56AA-4A81-4966-94BC-6B9B62054235}.ReleaseReglagePulve|Mixed Platforms.ActiveCfg = ReleaseReglagePulve|x86
		{DD7C56AA-4A81-4966-94BC-6B9B62054235}.ReleaseReglagePulve|Mixed Platforms.Build.0 = ReleaseReglagePulve|x86
		{DD7C56AA-4A81-4966-94BC-6B9B62054235}.ReleaseReglagePulve|x86.ActiveCfg = ReleaseReglagePulve|x86
		{DD7C56AA-4A81-4966-94BC-6B9B62054235}.ReleaseReglagePulve|x86.Build.0 = ReleaseReglagePulve|x86
		{B2544668-C7DC-4BFF-BCC7-4D768D58BA1C}.Debug|Any CPU.ActiveCfg = Debug|Any CPU
		{B2544668-C7DC-4BFF-BCC7-4D768D58BA1C}.Debug|Any CPU.Build.0 = Debug|Any CPU
		{B2544668-C7DC-4BFF-BCC7-4D768D58BA1C}.Debug|Mixed Platforms.ActiveCfg = Debug|Any CPU
		{B2544668-C7DC-4BFF-BCC7-4D768D58BA1C}.Debug|Mixed Platforms.Build.0 = Debug|Any CPU
		{B2544668-C7DC-4BFF-BCC7-4D768D58BA1C}.Debug|x86.ActiveCfg = Debug|Any CPU
		{B2544668-C7DC-4BFF-BCC7-4D768D58BA1C}.DebugReglagePulve|Any CPU.ActiveCfg = Debug|Any CPU
		{B2544668-C7DC-4BFF-BCC7-4D768D58BA1C}.DebugReglagePulve|Any CPU.Build.0 = Debug|Any CPU
		{B2544668-C7DC-4BFF-BCC7-4D768D58BA1C}.DebugReglagePulve|Mixed Platforms.ActiveCfg = Debug|Any CPU
		{B2544668-C7DC-4BFF-BCC7-4D768D58BA1C}.DebugReglagePulve|Mixed Platforms.Build.0 = Debug|Any CPU
		{B2544668-C7DC-4BFF-BCC7-4D768D58BA1C}.DebugReglagePulve|x86.ActiveCfg = Debug|Any CPU
		{B2544668-C7DC-4BFF-BCC7-4D768D58BA1C}.Release|Any CPU.ActiveCfg = Release|Any CPU
		{B2544668-C7DC-4BFF-BCC7-4D768D58BA1C}.Release|Any CPU.Build.0 = Release|Any CPU
		{B2544668-C7DC-4BFF-BCC7-4D768D58BA1C}.Release|Mixed Platforms.ActiveCfg = Release|Any CPU
		{B2544668-C7DC-4BFF-BCC7-4D768D58BA1C}.Release|Mixed Platforms.Build.0 = Release|Any CPU
		{B2544668-C7DC-4BFF-BCC7-4D768D58BA1C}.Release|x86.ActiveCfg = Release|Any CPU
		{B2544668-C7DC-4BFF-BCC7-4D768D58BA1C}.ReleaseReglagePulve|Any CPU.ActiveCfg = Release|Any CPU
		{B2544668-C7DC-4BFF-BCC7-4D768D58BA1C}.ReleaseReglagePulve|Any CPU.Build.0 = Release|Any CPU
		{B2544668-C7DC-4BFF-BCC7-4D768D58BA1C}.ReleaseReglagePulve|Mixed Platforms.ActiveCfg = Release|Any CPU
		{B2544668-C7DC-4BFF-BCC7-4D768D58BA1C}.ReleaseReglagePulve|Mixed Platforms.Build.0 = Release|Any CPU
		{B2544668-C7DC-4BFF-BCC7-4D768D58BA1C}.ReleaseReglagePulve|x86.ActiveCfg = Release|Any CPU
		{EB1EABF3-4919-48EB-AC1A-5697B33F063D}.Debug|Any CPU.ActiveCfg = Debug|Any CPU
		{EB1EABF3-4919-48EB-AC1A-5697B33F063D}.Debug|Any CPU.Build.0 = Debug|Any CPU
		{EB1EABF3-4919-48EB-AC1A-5697B33F063D}.Debug|Mixed Platforms.ActiveCfg = Debug|x86
		{EB1EABF3-4919-48EB-AC1A-5697B33F063D}.Debug|Mixed Platforms.Build.0 = Debug|x86
		{EB1EABF3-4919-48EB-AC1A-5697B33F063D}.Debug|x86.ActiveCfg = Debug|x86
		{EB1EABF3-4919-48EB-AC1A-5697B33F063D}.Debug|x86.Build.0 = Debug|x86
		{EB1EABF3-4919-48EB-AC1A-5697B33F063D}.DebugReglagePulve|Any CPU.ActiveCfg = DebugReglagePulve|Any CPU
		{EB1EABF3-4919-48EB-AC1A-5697B33F063D}.DebugReglagePulve|Any CPU.Build.0 = DebugReglagePulve|Any CPU
		{EB1EABF3-4919-48EB-AC1A-5697B33F063D}.DebugReglagePulve|Mixed Platforms.ActiveCfg = DebugReglagePulve|x86
		{EB1EABF3-4919-48EB-AC1A-5697B33F063D}.DebugReglagePulve|Mixed Platforms.Build.0 = DebugReglagePulve|x86
		{EB1EABF3-4919-48EB-AC1A-5697B33F063D}.DebugReglagePulve|x86.ActiveCfg = DebugReglagePulve|x86
		{EB1EABF3-4919-48EB-AC1A-5697B33F063D}.DebugReglagePulve|x86.Build.0 = DebugReglagePulve|x86
		{EB1EABF3-4919-48EB-AC1A-5697B33F063D}.Release|Any CPU.ActiveCfg = Release|Any CPU
		{EB1EABF3-4919-48EB-AC1A-5697B33F063D}.Release|Any CPU.Build.0 = Release|Any CPU
		{EB1EABF3-4919-48EB-AC1A-5697B33F063D}.Release|Mixed Platforms.ActiveCfg = Release|x86
		{EB1EABF3-4919-48EB-AC1A-5697B33F063D}.Release|Mixed Platforms.Build.0 = Release|x86
		{EB1EABF3-4919-48EB-AC1A-5697B33F063D}.Release|x86.ActiveCfg = Release|x86
		{EB1EABF3-4919-48EB-AC1A-5697B33F063D}.Release|x86.Build.0 = Release|x86
		{EB1EABF3-4919-48EB-AC1A-5697B33F063D}.ReleaseReglagePulve|Any CPU.ActiveCfg = Release|Any CPU
		{EB1EABF3-4919-48EB-AC1A-5697B33F063D}.ReleaseReglagePulve|Any CPU.Build.0 = Release|Any CPU
		{EB1EABF3-4919-48EB-AC1A-5697B33F063D}.ReleaseReglagePulve|Mixed Platforms.ActiveCfg = Release|x86
		{EB1EABF3-4919-48EB-AC1A-5697B33F063D}.ReleaseReglagePulve|Mixed Platforms.Build.0 = Release|x86
		{EB1EABF3-4919-48EB-AC1A-5697B33F063D}.ReleaseReglagePulve|x86.ActiveCfg = Release|x86
		{EB1EABF3-4919-48EB-AC1A-5697B33F063D}.ReleaseReglagePulve|x86.Build.0 = Release|x86
		{58D2F90B-ED87-4964-8716-C72617A890AE}.Debug|Any CPU.ActiveCfg = Debug
		{58D2F90B-ED87-4964-8716-C72617A890AE}.Debug|Mixed Platforms.ActiveCfg = Debug
		{58D2F90B-ED87-4964-8716-C72617A890AE}.Debug|x86.ActiveCfg = Debug
		{58D2F90B-ED87-4964-8716-C72617A890AE}.DebugReglagePulve|Any CPU.ActiveCfg = Debug
		{58D2F90B-ED87-4964-8716-C72617A890AE}.DebugReglagePulve|Mixed Platforms.ActiveCfg = Debug
		{58D2F90B-ED87-4964-8716-C72617A890AE}.DebugReglagePulve|x86.ActiveCfg = Debug
		{58D2F90B-ED87-4964-8716-C72617A890AE}.Release|Any CPU.ActiveCfg = Release
		{58D2F90B-ED87-4964-8716-C72617A890AE}.Release|Mixed Platforms.ActiveCfg = Release
		{58D2F90B-ED87-4964-8716-C72617A890AE}.Release|x86.ActiveCfg = Release
		{58D2F90B-ED87-4964-8716-C72617A890AE}.ReleaseReglagePulve|Any CPU.ActiveCfg = Release
		{58D2F90B-ED87-4964-8716-C72617A890AE}.ReleaseReglagePulve|Mixed Platforms.ActiveCfg = Release
		{58D2F90B-ED87-4964-8716-C72617A890AE}.ReleaseReglagePulve|x86.ActiveCfg = Release
	EndGlobalSection
	GlobalSection(SolutionProperties) = preSolution
		HideSolutionNode = FALSE
	EndGlobalSection
	GlobalSection(ExtensibilityGlobals) = postSolution
		SolutionGuid = {AB31C4C4-A793-4E51-B9B5-0E972D1BF041}
	EndGlobalSection
	GlobalSection(SubversionScc) = preSolution
		Svn-Managed = True
		Manager = AnkhSVN - Subversion Support for Visual Studio
	EndGlobalSection
	GlobalSection(TestCaseManagementSettings) = postSolution
		CategoryFile = Crodip_agent.vsmdi
	EndGlobalSection
EndGlobal
