
Microsoft Visual Studio Solution File, Format Version 11.00
# Visual Studio 2010
Project("{F184B08F-C81C-45F6-A57F-5ABD9991F28F}") = "Crodip_agent", "R:\Projets\Crodip_agent.vbproj", "{DD7C56AA-4A81-4966-94BC-6B9B62054235}"
EndProject
Project("{F184B08F-C81C-45F6-A57F-5ABD9991F28F}") = "Crodip_updater", "R:\Projets\Crodip_updater\Crodip_updater.vbproj", "{3CD1ECE4-5DF3-46FD-A6A0-17163645B1F0}"
EndProject
Project("{2150E333-8FDC-42A3-9474-1A3956D46DE8}") = "Solution Items", "Solution Items", "{34DE14A0-A2A5-484B-9809-A82B3B9C3FAE}"
EndProject
Project("{F184B08F-C81C-45F6-A57F-5ABD9991F28F}") = "TestCrodip", "F:\Mes documents\NewCo\CRODIP\Projets\TestCrodip\TestCrodip.vbproj", "{16C8EDEE-16AE-4944-83A9-B3A0604C65A3}"
	ProjectSection(ProjectDependencies) = postProject
		{3CD1ECE4-5DF3-46FD-A6A0-17163645B1F0} = {3CD1ECE4-5DF3-46FD-A6A0-17163645B1F0}
	EndProjectSection
EndProject
Project("{54435603-DBB4-11D2-8724-00A0C9A8B90C}") = "Crodip_setup", "R:\Projets\Crodip_setup\Crodip_setup.vdproj", "{C0464C6D-0C67-492C-A32B-48C8DCACE2CB}"
EndProject
Global
	GlobalSection(TestCaseManagementSettings) = postSolution
		CategoryFile = R:\Projets\Crodip_agent.vsmdi
	EndGlobalSection
	GlobalSection(SolutionConfigurationPlatforms) = preSolution
		Debug|Any CPU = Debug|Any CPU
		Debug|Mixed Platforms = Debug|Mixed Platforms
		Debug|x86 = Debug|x86
		Release|Any CPU = Release|Any CPU
		Release|Mixed Platforms = Release|Mixed Platforms
		Release|x86 = Release|x86
	EndGlobalSection
	GlobalSection(ProjectConfigurationPlatforms) = postSolution
		{DD7C56AA-4A81-4966-94BC-6B9B62054235}.Debug|Any CPU.ActiveCfg = Debug|Any CPU
		{DD7C56AA-4A81-4966-94BC-6B9B62054235}.Debug|Any CPU.Build.0 = Debug|Any CPU
		{DD7C56AA-4A81-4966-94BC-6B9B62054235}.Debug|Mixed Platforms.ActiveCfg = Debug|Any CPU
		{DD7C56AA-4A81-4966-94BC-6B9B62054235}.Debug|Mixed Platforms.Build.0 = Debug|Any CPU
		{DD7C56AA-4A81-4966-94BC-6B9B62054235}.Debug|x86.ActiveCfg = Debug|Any CPU
		{DD7C56AA-4A81-4966-94BC-6B9B62054235}.Release|Any CPU.ActiveCfg = Release|Any CPU
		{DD7C56AA-4A81-4966-94BC-6B9B62054235}.Release|Any CPU.Build.0 = Release|Any CPU
		{DD7C56AA-4A81-4966-94BC-6B9B62054235}.Release|Mixed Platforms.ActiveCfg = Release|Any CPU
		{DD7C56AA-4A81-4966-94BC-6B9B62054235}.Release|Mixed Platforms.Build.0 = Release|Any CPU
		{DD7C56AA-4A81-4966-94BC-6B9B62054235}.Release|x86.ActiveCfg = Release|Any CPU
		{3CD1ECE4-5DF3-46FD-A6A0-17163645B1F0}.Debug|Any CPU.ActiveCfg = Debug|Any CPU
		{3CD1ECE4-5DF3-46FD-A6A0-17163645B1F0}.Debug|Mixed Platforms.ActiveCfg = Debug|Any CPU
		{3CD1ECE4-5DF3-46FD-A6A0-17163645B1F0}.Debug|x86.ActiveCfg = Debug|Any CPU
		{3CD1ECE4-5DF3-46FD-A6A0-17163645B1F0}.Release|Any CPU.ActiveCfg = Release|Any CPU
		{3CD1ECE4-5DF3-46FD-A6A0-17163645B1F0}.Release|Any CPU.Build.0 = Release|Any CPU
		{3CD1ECE4-5DF3-46FD-A6A0-17163645B1F0}.Release|Mixed Platforms.ActiveCfg = Release|Any CPU
		{3CD1ECE4-5DF3-46FD-A6A0-17163645B1F0}.Release|Mixed Platforms.Build.0 = Release|Any CPU
		{3CD1ECE4-5DF3-46FD-A6A0-17163645B1F0}.Release|x86.ActiveCfg = Release|Any CPU
		{16C8EDEE-16AE-4944-83A9-B3A0604C65A3}.Debug|Any CPU.ActiveCfg = Debug|Any CPU
		{16C8EDEE-16AE-4944-83A9-B3A0604C65A3}.Debug|Any CPU.Build.0 = Debug|Any CPU
		{16C8EDEE-16AE-4944-83A9-B3A0604C65A3}.Debug|Mixed Platforms.ActiveCfg = Debug|Any CPU
		{16C8EDEE-16AE-4944-83A9-B3A0604C65A3}.Debug|x86.ActiveCfg = Debug|Any CPU
		{16C8EDEE-16AE-4944-83A9-B3A0604C65A3}.Release|Any CPU.ActiveCfg = Release|Any CPU
		{16C8EDEE-16AE-4944-83A9-B3A0604C65A3}.Release|Any CPU.Build.0 = Release|Any CPU
		{16C8EDEE-16AE-4944-83A9-B3A0604C65A3}.Release|Mixed Platforms.ActiveCfg = Release|Any CPU
		{16C8EDEE-16AE-4944-83A9-B3A0604C65A3}.Release|Mixed Platforms.Build.0 = Release|Any CPU
		{16C8EDEE-16AE-4944-83A9-B3A0604C65A3}.Release|x86.ActiveCfg = Release|Any CPU
		{C0464C6D-0C67-492C-A32B-48C8DCACE2CB}.Debug|Any CPU.ActiveCfg = Debug
		{C0464C6D-0C67-492C-A32B-48C8DCACE2CB}.Debug|Any CPU.Build.0 = Debug
		{C0464C6D-0C67-492C-A32B-48C8DCACE2CB}.Debug|Mixed Platforms.ActiveCfg = Debug
		{C0464C6D-0C67-492C-A32B-48C8DCACE2CB}.Debug|Mixed Platforms.Build.0 = Debug
		{C0464C6D-0C67-492C-A32B-48C8DCACE2CB}.Debug|x86.ActiveCfg = Debug
		{C0464C6D-0C67-492C-A32B-48C8DCACE2CB}.Debug|x86.Build.0 = Debug
		{C0464C6D-0C67-492C-A32B-48C8DCACE2CB}.Release|Any CPU.ActiveCfg = Release
		{C0464C6D-0C67-492C-A32B-48C8DCACE2CB}.Release|Any CPU.Build.0 = Release
		{C0464C6D-0C67-492C-A32B-48C8DCACE2CB}.Release|Mixed Platforms.ActiveCfg = Release
		{C0464C6D-0C67-492C-A32B-48C8DCACE2CB}.Release|Mixed Platforms.Build.0 = Release
		{C0464C6D-0C67-492C-A32B-48C8DCACE2CB}.Release|x86.ActiveCfg = Release
		{C0464C6D-0C67-492C-A32B-48C8DCACE2CB}.Release|x86.Build.0 = Release
	EndGlobalSection
	GlobalSection(SolutionProperties) = preSolution
		HideSolutionNode = FALSE
	EndGlobalSection
EndGlobal
