
Microsoft Visual Studio Solution File, Format Version 12.00
# Visual Studio 15
VisualStudioVersion = 15.0.27428.2005
MinimumVisualStudioVersion = 10.0.40219.1
Project("{2150E333-8FDC-42A3-9474-1A3956D46DE8}") = "Solution Items", "Solution Items", "{34DE14A0-A2A5-484B-9809-A82B3B9C3FAE}"
	ProjectSection(SolutionItems) = preProject
		Notes.txt = Notes.txt
		Performance1.psess = Performance1.psess
	EndProjectSection
EndProject
Project("{F184B08F-C81C-45F6-A57F-5ABD9991F28F}") = "TestCrodip", "TestCrodip\TestCrodip.vbproj", "{16C8EDEE-16AE-4944-83A9-B3A0604C65A3}"
EndProject
Project("{F184B08F-C81C-45F6-A57F-5ABD9991F28F}") = "Crodip_updater", "Crodip_updater\Crodip_updater.vbproj", "{3CD1ECE4-5DF3-46FD-A6A0-17163645B1F0}"
EndProject
Project("{F184B08F-C81C-45F6-A57F-5ABD9991F28F}") = "DBUpdate", "DBUpdate\DBUpdate.vbproj", "{65815FF1-9AC8-4D74-A001-3069EA510506}"
EndProject
Project("{F184B08F-C81C-45F6-A57F-5ABD9991F28F}") = "CRODIP_ControlLibrary", "CRODIP_ControlLibrary\CRODIP_ControlLibrary\CRODIP_ControlLibrary.vbproj", "{2E21234E-DAEF-48B6-AFF5-A3655C9420E4}"
EndProject
Project("{F184B08F-C81C-45F6-A57F-5ABD9991F28F}") = "MAJAGENT", "MAJAGENT\MAJAGENT.vbproj", "{5B2ACFA3-C4CD-4804-A2A9-F1893E9B1BCA}"
EndProject
Project("{F184B08F-C81C-45F6-A57F-5ABD9991F28F}") = "TestCrodip2", "TestCrodip2\TestCrodip2.vbproj", "{0EA0B91B-AE0E-4C6E-A2FC-A93B8E8154D8}"
EndProject
Project("{F184B08F-C81C-45F6-A57F-5ABD9991F28F}") = "PreRequisCRODIPW", "..\PreRequisCRODIPW\PreRequisCRODIPW.vbproj", "{A864E81A-4FCB-4E9A-90CB-31934C41D84B}"
EndProject
Project("{F184B08F-C81C-45F6-A57F-5ABD9991F28F}") = "WindowsApp1", "..\WindowsApp1\WindowsApp1.vbproj", "{F07460C3-FBD1-49E8-BFDB-565415593A61}"
EndProject
Project("{F184B08F-C81C-45F6-A57F-5ABD9991F28F}") = "Crodip_agent", "Crodip_agent.vbproj", "{DD7C56AA-4A81-4966-94BC-6B9B62054235}"
EndProject
Global
	GlobalSection(SolutionConfigurationPlatforms) = preSolution
		Debug|Any CPU = Debug|Any CPU
		Debug|Mixed Platforms = Debug|Mixed Platforms
		Debug|x86 = Debug|x86
		DebugReglagePulve|Any CPU = DebugReglagePulve|Any CPU
		DebugReglagePulve|Mixed Platforms = DebugReglagePulve|Mixed Platforms
		DebugReglagePulve|x86 = DebugReglagePulve|x86
		Release|Any CPU = Release|Any CPU
		Release|Mixed Platforms = Release|Mixed Platforms
		Release|x86 = Release|x86
		ReleaseReglagePulve|Any CPU = ReleaseReglagePulve|Any CPU
		ReleaseReglagePulve|Mixed Platforms = ReleaseReglagePulve|Mixed Platforms
		ReleaseReglagePulve|x86 = ReleaseReglagePulve|x86
	EndGlobalSection
	GlobalSection(ProjectConfigurationPlatforms) = postSolution
		{16C8EDEE-16AE-4944-83A9-B3A0604C65A3}.Debug|Any CPU.ActiveCfg = Debug|Any CPU
		{16C8EDEE-16AE-4944-83A9-B3A0604C65A3}.Debug|Any CPU.Build.0 = Debug|Any CPU
		{16C8EDEE-16AE-4944-83A9-B3A0604C65A3}.Debug|Mixed Platforms.ActiveCfg = Debug|x86
		{16C8EDEE-16AE-4944-83A9-B3A0604C65A3}.Debug|Mixed Platforms.Build.0 = Debug|x86
		{16C8EDEE-16AE-4944-83A9-B3A0604C65A3}.Debug|x86.ActiveCfg = Debug|Any CPU
		{16C8EDEE-16AE-4944-83A9-B3A0604C65A3}.DebugReglagePulve|Any CPU.ActiveCfg = DebugReglagePulve|Any CPU
		{16C8EDEE-16AE-4944-83A9-B3A0604C65A3}.DebugReglagePulve|Any CPU.Build.0 = DebugReglagePulve|Any CPU
		{16C8EDEE-16AE-4944-83A9-B3A0604C65A3}.DebugReglagePulve|Mixed Platforms.ActiveCfg = DebugReglagePulve|x86
		{16C8EDEE-16AE-4944-83A9-B3A0604C65A3}.DebugReglagePulve|Mixed Platforms.Build.0 = DebugReglagePulve|x86
		{16C8EDEE-16AE-4944-83A9-B3A0604C65A3}.DebugReglagePulve|x86.ActiveCfg = DebugReglagePulve|x86
		{16C8EDEE-16AE-4944-83A9-B3A0604C65A3}.DebugReglagePulve|x86.Build.0 = DebugReglagePulve|x86
		{16C8EDEE-16AE-4944-83A9-B3A0604C65A3}.Release|Any CPU.ActiveCfg = Release|Any CPU
		{16C8EDEE-16AE-4944-83A9-B3A0604C65A3}.Release|Any CPU.Build.0 = Release|Any CPU
		{16C8EDEE-16AE-4944-83A9-B3A0604C65A3}.Release|Mixed Platforms.ActiveCfg = Release|x86
		{16C8EDEE-16AE-4944-83A9-B3A0604C65A3}.Release|x86.ActiveCfg = Release|Any CPU
		{16C8EDEE-16AE-4944-83A9-B3A0604C65A3}.ReleaseReglagePulve|Any CPU.ActiveCfg = ReleaseReglagePulve|Any CPU
		{16C8EDEE-16AE-4944-83A9-B3A0604C65A3}.ReleaseReglagePulve|Mixed Platforms.ActiveCfg = ReleaseReglagePulve|x86
		{16C8EDEE-16AE-4944-83A9-B3A0604C65A3}.ReleaseReglagePulve|Mixed Platforms.Build.0 = ReleaseReglagePulve|x86
		{16C8EDEE-16AE-4944-83A9-B3A0604C65A3}.ReleaseReglagePulve|x86.ActiveCfg = ReleaseReglagePulve|x86
		{3CD1ECE4-5DF3-46FD-A6A0-17163645B1F0}.Debug|Any CPU.ActiveCfg = Debug|Any CPU
		{3CD1ECE4-5DF3-46FD-A6A0-17163645B1F0}.Debug|Any CPU.Build.0 = Debug|Any CPU
		{3CD1ECE4-5DF3-46FD-A6A0-17163645B1F0}.Debug|Mixed Platforms.ActiveCfg = Debug|x86
		{3CD1ECE4-5DF3-46FD-A6A0-17163645B1F0}.Debug|Mixed Platforms.Build.0 = Debug|x86
		{3CD1ECE4-5DF3-46FD-A6A0-17163645B1F0}.Debug|x86.ActiveCfg = Debug|Any CPU
		{3CD1ECE4-5DF3-46FD-A6A0-17163645B1F0}.DebugReglagePulve|Any CPU.ActiveCfg = DebugReglagePulve|Any CPU
		{3CD1ECE4-5DF3-46FD-A6A0-17163645B1F0}.DebugReglagePulve|Any CPU.Build.0 = DebugReglagePulve|Any CPU
		{3CD1ECE4-5DF3-46FD-A6A0-17163645B1F0}.DebugReglagePulve|Mixed Platforms.ActiveCfg = DebugReglagePulve|x86
		{3CD1ECE4-5DF3-46FD-A6A0-17163645B1F0}.DebugReglagePulve|Mixed Platforms.Build.0 = DebugReglagePulve|x86
		{3CD1ECE4-5DF3-46FD-A6A0-17163645B1F0}.DebugReglagePulve|x86.ActiveCfg = DebugReglagePulve|x86
		{3CD1ECE4-5DF3-46FD-A6A0-17163645B1F0}.DebugReglagePulve|x86.Build.0 = DebugReglagePulve|x86
		{3CD1ECE4-5DF3-46FD-A6A0-17163645B1F0}.Release|Any CPU.ActiveCfg = Release|Any CPU
		{3CD1ECE4-5DF3-46FD-A6A0-17163645B1F0}.Release|Any CPU.Build.0 = Release|Any CPU
		{3CD1ECE4-5DF3-46FD-A6A0-17163645B1F0}.Release|Mixed Platforms.ActiveCfg = Release|x86
		{3CD1ECE4-5DF3-46FD-A6A0-17163645B1F0}.Release|Mixed Platforms.Build.0 = Release|x86
		{3CD1ECE4-5DF3-46FD-A6A0-17163645B1F0}.Release|x86.ActiveCfg = Release|Any CPU
		{3CD1ECE4-5DF3-46FD-A6A0-17163645B1F0}.ReleaseReglagePulve|Any CPU.ActiveCfg = ReleaseReglagePulve|Any CPU
		{3CD1ECE4-5DF3-46FD-A6A0-17163645B1F0}.ReleaseReglagePulve|Any CPU.Build.0 = ReleaseReglagePulve|Any CPU
		{3CD1ECE4-5DF3-46FD-A6A0-17163645B1F0}.ReleaseReglagePulve|Mixed Platforms.ActiveCfg = ReleaseReglagePulve|x86
		{3CD1ECE4-5DF3-46FD-A6A0-17163645B1F0}.ReleaseReglagePulve|Mixed Platforms.Build.0 = ReleaseReglagePulve|x86
		{3CD1ECE4-5DF3-46FD-A6A0-17163645B1F0}.ReleaseReglagePulve|x86.ActiveCfg = ReleaseReglagePulve|x86
		{3CD1ECE4-5DF3-46FD-A6A0-17163645B1F0}.ReleaseReglagePulve|x86.Build.0 = ReleaseReglagePulve|x86
		{65815FF1-9AC8-4D74-A001-3069EA510506}.Debug|Any CPU.ActiveCfg = Debug|x86
		{65815FF1-9AC8-4D74-A001-3069EA510506}.Debug|Mixed Platforms.ActiveCfg = Debug|x86
		{65815FF1-9AC8-4D74-A001-3069EA510506}.Debug|Mixed Platforms.Build.0 = Debug|x86
		{65815FF1-9AC8-4D74-A001-3069EA510506}.Debug|x86.ActiveCfg = Debug|x86
		{65815FF1-9AC8-4D74-A001-3069EA510506}.Debug|x86.Build.0 = Debug|x86
		{65815FF1-9AC8-4D74-A001-3069EA510506}.DebugReglagePulve|Any CPU.ActiveCfg = DebugReglagePulve|x86
		{65815FF1-9AC8-4D74-A001-3069EA510506}.DebugReglagePulve|Mixed Platforms.ActiveCfg = DebugReglagePulve|x86
		{65815FF1-9AC8-4D74-A001-3069EA510506}.DebugReglagePulve|Mixed Platforms.Build.0 = DebugReglagePulve|x86
		{65815FF1-9AC8-4D74-A001-3069EA510506}.DebugReglagePulve|x86.ActiveCfg = DebugReglagePulve|x86
		{65815FF1-9AC8-4D74-A001-3069EA510506}.DebugReglagePulve|x86.Build.0 = DebugReglagePulve|x86
		{65815FF1-9AC8-4D74-A001-3069EA510506}.Release|Any CPU.ActiveCfg = Release|x86
		{65815FF1-9AC8-4D74-A001-3069EA510506}.Release|Mixed Platforms.ActiveCfg = Release|x86
		{65815FF1-9AC8-4D74-A001-3069EA510506}.Release|Mixed Platforms.Build.0 = Release|x86
		{65815FF1-9AC8-4D74-A001-3069EA510506}.Release|x86.ActiveCfg = Release|x86
		{65815FF1-9AC8-4D74-A001-3069EA510506}.Release|x86.Build.0 = Release|x86
		{65815FF1-9AC8-4D74-A001-3069EA510506}.ReleaseReglagePulve|Any CPU.ActiveCfg = ReleaseReglagePulve|x86
		{65815FF1-9AC8-4D74-A001-3069EA510506}.ReleaseReglagePulve|Mixed Platforms.ActiveCfg = ReleaseReglagePulve|x86
		{65815FF1-9AC8-4D74-A001-3069EA510506}.ReleaseReglagePulve|Mixed Platforms.Build.0 = ReleaseReglagePulve|x86
		{65815FF1-9AC8-4D74-A001-3069EA510506}.ReleaseReglagePulve|x86.ActiveCfg = ReleaseReglagePulve|x86
		{65815FF1-9AC8-4D74-A001-3069EA510506}.ReleaseReglagePulve|x86.Build.0 = ReleaseReglagePulve|x86
		{2E21234E-DAEF-48B6-AFF5-A3655C9420E4}.Debug|Any CPU.ActiveCfg = Debug|Any CPU
		{2E21234E-DAEF-48B6-AFF5-A3655C9420E4}.Debug|Any CPU.Build.0 = Debug|Any CPU
		{2E21234E-DAEF-48B6-AFF5-A3655C9420E4}.Debug|Mixed Platforms.ActiveCfg = Debug|x86
		{2E21234E-DAEF-48B6-AFF5-A3655C9420E4}.Debug|Mixed Platforms.Build.0 = Debug|x86
		{2E21234E-DAEF-48B6-AFF5-A3655C9420E4}.Debug|x86.ActiveCfg = Debug|Any CPU
		{2E21234E-DAEF-48B6-AFF5-A3655C9420E4}.DebugReglagePulve|Any CPU.ActiveCfg = DebugReglagePulve|Any CPU
		{2E21234E-DAEF-48B6-AFF5-A3655C9420E4}.DebugReglagePulve|Any CPU.Build.0 = DebugReglagePulve|Any CPU
		{2E21234E-DAEF-48B6-AFF5-A3655C9420E4}.DebugReglagePulve|Mixed Platforms.ActiveCfg = DebugReglagePulve|x86
		{2E21234E-DAEF-48B6-AFF5-A3655C9420E4}.DebugReglagePulve|Mixed Platforms.Build.0 = DebugReglagePulve|x86
		{2E21234E-DAEF-48B6-AFF5-A3655C9420E4}.DebugReglagePulve|x86.ActiveCfg = DebugReglagePulve|x86
		{2E21234E-DAEF-48B6-AFF5-A3655C9420E4}.DebugReglagePulve|x86.Build.0 = DebugReglagePulve|x86
		{2E21234E-DAEF-48B6-AFF5-A3655C9420E4}.Release|Any CPU.ActiveCfg = Release|Any CPU
		{2E21234E-DAEF-48B6-AFF5-A3655C9420E4}.Release|Any CPU.Build.0 = Release|Any CPU
		{2E21234E-DAEF-48B6-AFF5-A3655C9420E4}.Release|Mixed Platforms.ActiveCfg = Release|x86
		{2E21234E-DAEF-48B6-AFF5-A3655C9420E4}.Release|Mixed Platforms.Build.0 = Release|x86
		{2E21234E-DAEF-48B6-AFF5-A3655C9420E4}.Release|x86.ActiveCfg = Release|Any CPU
		{2E21234E-DAEF-48B6-AFF5-A3655C9420E4}.ReleaseReglagePulve|Any CPU.ActiveCfg = ReleaseReglagePulve|Any CPU
		{2E21234E-DAEF-48B6-AFF5-A3655C9420E4}.ReleaseReglagePulve|Any CPU.Build.0 = ReleaseReglagePulve|Any CPU
		{2E21234E-DAEF-48B6-AFF5-A3655C9420E4}.ReleaseReglagePulve|Mixed Platforms.ActiveCfg = ReleaseReglagePulve|x86
		{2E21234E-DAEF-48B6-AFF5-A3655C9420E4}.ReleaseReglagePulve|Mixed Platforms.Build.0 = ReleaseReglagePulve|x86
		{2E21234E-DAEF-48B6-AFF5-A3655C9420E4}.ReleaseReglagePulve|x86.ActiveCfg = ReleaseReglagePulve|x86
		{2E21234E-DAEF-48B6-AFF5-A3655C9420E4}.ReleaseReglagePulve|x86.Build.0 = ReleaseReglagePulve|x86
		{5B2ACFA3-C4CD-4804-A2A9-F1893E9B1BCA}.Debug|Any CPU.ActiveCfg = Debug|Any CPU
		{5B2ACFA3-C4CD-4804-A2A9-F1893E9B1BCA}.Debug|Any CPU.Build.0 = Debug|Any CPU
		{5B2ACFA3-C4CD-4804-A2A9-F1893E9B1BCA}.Debug|Mixed Platforms.ActiveCfg = Debug|Any CPU
		{5B2ACFA3-C4CD-4804-A2A9-F1893E9B1BCA}.Debug|Mixed Platforms.Build.0 = Debug|Any CPU
		{5B2ACFA3-C4CD-4804-A2A9-F1893E9B1BCA}.Debug|x86.ActiveCfg = Debug|Any CPU
		{5B2ACFA3-C4CD-4804-A2A9-F1893E9B1BCA}.Debug|x86.Build.0 = Debug|Any CPU
		{5B2ACFA3-C4CD-4804-A2A9-F1893E9B1BCA}.DebugReglagePulve|Any CPU.ActiveCfg = Debug|Any CPU
		{5B2ACFA3-C4CD-4804-A2A9-F1893E9B1BCA}.DebugReglagePulve|Any CPU.Build.0 = Debug|Any CPU
		{5B2ACFA3-C4CD-4804-A2A9-F1893E9B1BCA}.DebugReglagePulve|Mixed Platforms.ActiveCfg = Debug|Any CPU
		{5B2ACFA3-C4CD-4804-A2A9-F1893E9B1BCA}.DebugReglagePulve|Mixed Platforms.Build.0 = Debug|Any CPU
		{5B2ACFA3-C4CD-4804-A2A9-F1893E9B1BCA}.DebugReglagePulve|x86.ActiveCfg = Debug|Any CPU
		{5B2ACFA3-C4CD-4804-A2A9-F1893E9B1BCA}.DebugReglagePulve|x86.Build.0 = Debug|Any CPU
		{5B2ACFA3-C4CD-4804-A2A9-F1893E9B1BCA}.Release|Any CPU.ActiveCfg = Release|Any CPU
		{5B2ACFA3-C4CD-4804-A2A9-F1893E9B1BCA}.Release|Any CPU.Build.0 = Release|Any CPU
		{5B2ACFA3-C4CD-4804-A2A9-F1893E9B1BCA}.Release|Mixed Platforms.ActiveCfg = Release|Any CPU
		{5B2ACFA3-C4CD-4804-A2A9-F1893E9B1BCA}.Release|Mixed Platforms.Build.0 = Release|Any CPU
		{5B2ACFA3-C4CD-4804-A2A9-F1893E9B1BCA}.Release|x86.ActiveCfg = Release|Any CPU
		{5B2ACFA3-C4CD-4804-A2A9-F1893E9B1BCA}.Release|x86.Build.0 = Release|Any CPU
		{5B2ACFA3-C4CD-4804-A2A9-F1893E9B1BCA}.ReleaseReglagePulve|Any CPU.ActiveCfg = Release|Any CPU
		{5B2ACFA3-C4CD-4804-A2A9-F1893E9B1BCA}.ReleaseReglagePulve|Any CPU.Build.0 = Release|Any CPU
		{5B2ACFA3-C4CD-4804-A2A9-F1893E9B1BCA}.ReleaseReglagePulve|Mixed Platforms.ActiveCfg = Release|Any CPU
		{5B2ACFA3-C4CD-4804-A2A9-F1893E9B1BCA}.ReleaseReglagePulve|Mixed Platforms.Build.0 = Release|Any CPU
		{5B2ACFA3-C4CD-4804-A2A9-F1893E9B1BCA}.ReleaseReglagePulve|x86.ActiveCfg = Release|Any CPU
		{5B2ACFA3-C4CD-4804-A2A9-F1893E9B1BCA}.ReleaseReglagePulve|x86.Build.0 = Release|Any CPU
		{0EA0B91B-AE0E-4C6E-A2FC-A93B8E8154D8}.Debug|Any CPU.ActiveCfg = Debug|Any CPU
		{0EA0B91B-AE0E-4C6E-A2FC-A93B8E8154D8}.Debug|Any CPU.Build.0 = Debug|Any CPU
		{0EA0B91B-AE0E-4C6E-A2FC-A93B8E8154D8}.Debug|Mixed Platforms.ActiveCfg = Debug|Any CPU
		{0EA0B91B-AE0E-4C6E-A2FC-A93B8E8154D8}.Debug|Mixed Platforms.Build.0 = Debug|Any CPU
		{0EA0B91B-AE0E-4C6E-A2FC-A93B8E8154D8}.Debug|x86.ActiveCfg = Debug|Any CPU
		{0EA0B91B-AE0E-4C6E-A2FC-A93B8E8154D8}.Debug|x86.Build.0 = Debug|Any CPU
		{0EA0B91B-AE0E-4C6E-A2FC-A93B8E8154D8}.DebugReglagePulve|Any CPU.ActiveCfg = Debug|Any CPU
		{0EA0B91B-AE0E-4C6E-A2FC-A93B8E8154D8}.DebugReglagePulve|Any CPU.Build.0 = Debug|Any CPU
		{0EA0B91B-AE0E-4C6E-A2FC-A93B8E8154D8}.DebugReglagePulve|Mixed Platforms.ActiveCfg = Debug|Any CPU
		{0EA0B91B-AE0E-4C6E-A2FC-A93B8E8154D8}.DebugReglagePulve|Mixed Platforms.Build.0 = Debug|Any CPU
		{0EA0B91B-AE0E-4C6E-A2FC-A93B8E8154D8}.DebugReglagePulve|x86.ActiveCfg = Debug|Any CPU
		{0EA0B91B-AE0E-4C6E-A2FC-A93B8E8154D8}.DebugReglagePulve|x86.Build.0 = Debug|Any CPU
		{0EA0B91B-AE0E-4C6E-A2FC-A93B8E8154D8}.Release|Any CPU.ActiveCfg = Release|Any CPU
		{0EA0B91B-AE0E-4C6E-A2FC-A93B8E8154D8}.Release|Any CPU.Build.0 = Release|Any CPU
		{0EA0B91B-AE0E-4C6E-A2FC-A93B8E8154D8}.Release|Mixed Platforms.ActiveCfg = Release|Any CPU
		{0EA0B91B-AE0E-4C6E-A2FC-A93B8E8154D8}.Release|Mixed Platforms.Build.0 = Release|Any CPU
		{0EA0B91B-AE0E-4C6E-A2FC-A93B8E8154D8}.Release|x86.ActiveCfg = Release|Any CPU
		{0EA0B91B-AE0E-4C6E-A2FC-A93B8E8154D8}.Release|x86.Build.0 = Release|Any CPU
		{0EA0B91B-AE0E-4C6E-A2FC-A93B8E8154D8}.ReleaseReglagePulve|Any CPU.ActiveCfg = Release|Any CPU
		{0EA0B91B-AE0E-4C6E-A2FC-A93B8E8154D8}.ReleaseReglagePulve|Any CPU.Build.0 = Release|Any CPU
		{0EA0B91B-AE0E-4C6E-A2FC-A93B8E8154D8}.ReleaseReglagePulve|Mixed Platforms.ActiveCfg = Release|Any CPU
		{0EA0B91B-AE0E-4C6E-A2FC-A93B8E8154D8}.ReleaseReglagePulve|Mixed Platforms.Build.0 = Release|Any CPU
		{0EA0B91B-AE0E-4C6E-A2FC-A93B8E8154D8}.ReleaseReglagePulve|x86.ActiveCfg = Release|Any CPU
		{0EA0B91B-AE0E-4C6E-A2FC-A93B8E8154D8}.ReleaseReglagePulve|x86.Build.0 = Release|Any CPU
		{A864E81A-4FCB-4E9A-90CB-31934C41D84B}.Debug|Any CPU.ActiveCfg = Debug|Any CPU
		{A864E81A-4FCB-4E9A-90CB-31934C41D84B}.Debug|Any CPU.Build.0 = Debug|Any CPU
		{A864E81A-4FCB-4E9A-90CB-31934C41D84B}.Debug|Mixed Platforms.ActiveCfg = Debug|Any CPU
		{A864E81A-4FCB-4E9A-90CB-31934C41D84B}.Debug|Mixed Platforms.Build.0 = Debug|Any CPU
		{A864E81A-4FCB-4E9A-90CB-31934C41D84B}.Debug|x86.ActiveCfg = Debug|Any CPU
		{A864E81A-4FCB-4E9A-90CB-31934C41D84B}.Debug|x86.Build.0 = Debug|Any CPU
		{A864E81A-4FCB-4E9A-90CB-31934C41D84B}.DebugReglagePulve|Any CPU.ActiveCfg = Debug|Any CPU
		{A864E81A-4FCB-4E9A-90CB-31934C41D84B}.DebugReglagePulve|Any CPU.Build.0 = Debug|Any CPU
		{A864E81A-4FCB-4E9A-90CB-31934C41D84B}.DebugReglagePulve|Mixed Platforms.ActiveCfg = Debug|Any CPU
		{A864E81A-4FCB-4E9A-90CB-31934C41D84B}.DebugReglagePulve|Mixed Platforms.Build.0 = Debug|Any CPU
		{A864E81A-4FCB-4E9A-90CB-31934C41D84B}.DebugReglagePulve|x86.ActiveCfg = Debug|Any CPU
		{A864E81A-4FCB-4E9A-90CB-31934C41D84B}.DebugReglagePulve|x86.Build.0 = Debug|Any CPU
		{A864E81A-4FCB-4E9A-90CB-31934C41D84B}.Release|Any CPU.ActiveCfg = Release|Any CPU
		{A864E81A-4FCB-4E9A-90CB-31934C41D84B}.Release|Any CPU.Build.0 = Release|Any CPU
		{A864E81A-4FCB-4E9A-90CB-31934C41D84B}.Release|Mixed Platforms.ActiveCfg = Release|Any CPU
		{A864E81A-4FCB-4E9A-90CB-31934C41D84B}.Release|Mixed Platforms.Build.0 = Release|Any CPU
		{A864E81A-4FCB-4E9A-90CB-31934C41D84B}.Release|x86.ActiveCfg = Release|Any CPU
		{A864E81A-4FCB-4E9A-90CB-31934C41D84B}.Release|x86.Build.0 = Release|Any CPU
		{A864E81A-4FCB-4E9A-90CB-31934C41D84B}.ReleaseReglagePulve|Any CPU.ActiveCfg = Release|Any CPU
		{A864E81A-4FCB-4E9A-90CB-31934C41D84B}.ReleaseReglagePulve|Any CPU.Build.0 = Release|Any CPU
		{A864E81A-4FCB-4E9A-90CB-31934C41D84B}.ReleaseReglagePulve|Mixed Platforms.ActiveCfg = Release|Any CPU
		{A864E81A-4FCB-4E9A-90CB-31934C41D84B}.ReleaseReglagePulve|Mixed Platforms.Build.0 = Release|Any CPU
		{A864E81A-4FCB-4E9A-90CB-31934C41D84B}.ReleaseReglagePulve|x86.ActiveCfg = Release|Any CPU
		{A864E81A-4FCB-4E9A-90CB-31934C41D84B}.ReleaseReglagePulve|x86.Build.0 = Release|Any CPU
		{F07460C3-FBD1-49E8-BFDB-565415593A61}.Debug|Any CPU.ActiveCfg = Debug|Any CPU
		{F07460C3-FBD1-49E8-BFDB-565415593A61}.Debug|Any CPU.Build.0 = Debug|Any CPU
		{F07460C3-FBD1-49E8-BFDB-565415593A61}.Debug|Mixed Platforms.ActiveCfg = Debug|Any CPU
		{F07460C3-FBD1-49E8-BFDB-565415593A61}.Debug|Mixed Platforms.Build.0 = Debug|Any CPU
		{F07460C3-FBD1-49E8-BFDB-565415593A61}.Debug|x86.ActiveCfg = Debug|Any CPU
		{F07460C3-FBD1-49E8-BFDB-565415593A61}.Debug|x86.Build.0 = Debug|Any CPU
		{F07460C3-FBD1-49E8-BFDB-565415593A61}.DebugReglagePulve|Any CPU.ActiveCfg = Debug|Any CPU
		{F07460C3-FBD1-49E8-BFDB-565415593A61}.DebugReglagePulve|Any CPU.Build.0 = Debug|Any CPU
		{F07460C3-FBD1-49E8-BFDB-565415593A61}.DebugReglagePulve|Mixed Platforms.ActiveCfg = Debug|Any CPU
		{F07460C3-FBD1-49E8-BFDB-565415593A61}.DebugReglagePulve|Mixed Platforms.Build.0 = Debug|Any CPU
		{F07460C3-FBD1-49E8-BFDB-565415593A61}.DebugReglagePulve|x86.ActiveCfg = Debug|Any CPU
		{F07460C3-FBD1-49E8-BFDB-565415593A61}.DebugReglagePulve|x86.Build.0 = Debug|Any CPU
		{F07460C3-FBD1-49E8-BFDB-565415593A61}.Release|Any CPU.ActiveCfg = Release|Any CPU
		{F07460C3-FBD1-49E8-BFDB-565415593A61}.Release|Any CPU.Build.0 = Release|Any CPU
		{F07460C3-FBD1-49E8-BFDB-565415593A61}.Release|Mixed Platforms.ActiveCfg = Release|Any CPU
		{F07460C3-FBD1-49E8-BFDB-565415593A61}.Release|Mixed Platforms.Build.0 = Release|Any CPU
		{F07460C3-FBD1-49E8-BFDB-565415593A61}.Release|x86.ActiveCfg = Release|Any CPU
		{F07460C3-FBD1-49E8-BFDB-565415593A61}.Release|x86.Build.0 = Release|Any CPU
		{F07460C3-FBD1-49E8-BFDB-565415593A61}.ReleaseReglagePulve|Any CPU.ActiveCfg = Release|Any CPU
		{F07460C3-FBD1-49E8-BFDB-565415593A61}.ReleaseReglagePulve|Any CPU.Build.0 = Release|Any CPU
		{F07460C3-FBD1-49E8-BFDB-565415593A61}.ReleaseReglagePulve|Mixed Platforms.ActiveCfg = Release|Any CPU
		{F07460C3-FBD1-49E8-BFDB-565415593A61}.ReleaseReglagePulve|Mixed Platforms.Build.0 = Release|Any CPU
		{F07460C3-FBD1-49E8-BFDB-565415593A61}.ReleaseReglagePulve|x86.ActiveCfg = Release|Any CPU
		{F07460C3-FBD1-49E8-BFDB-565415593A61}.ReleaseReglagePulve|x86.Build.0 = Release|Any CPU
		{DD7C56AA-4A81-4966-94BC-6B9B62054235}.Debug|Any CPU.ActiveCfg = Debug|Any CPU
		{DD7C56AA-4A81-4966-94BC-6B9B62054235}.Debug|Any CPU.Build.0 = Debug|Any CPU
		{DD7C56AA-4A81-4966-94BC-6B9B62054235}.Debug|Mixed Platforms.ActiveCfg = Debug|x86
		{DD7C56AA-4A81-4966-94BC-6B9B62054235}.Debug|Mixed Platforms.Build.0 = Debug|x86
		{DD7C56AA-4A81-4966-94BC-6B9B62054235}.Debug|x86.ActiveCfg = Debug|x86
		{DD7C56AA-4A81-4966-94BC-6B9B62054235}.Debug|x86.Build.0 = Debug|x86
		{DD7C56AA-4A81-4966-94BC-6B9B62054235}.DebugReglagePulve|Any CPU.ActiveCfg = DebugReglagePulve|Any CPU
		{DD7C56AA-4A81-4966-94BC-6B9B62054235}.DebugReglagePulve|Any CPU.Build.0 = DebugReglagePulve|Any CPU
		{DD7C56AA-4A81-4966-94BC-6B9B62054235}.DebugReglagePulve|Mixed Platforms.ActiveCfg = DebugReglagePulve|x86
		{DD7C56AA-4A81-4966-94BC-6B9B62054235}.DebugReglagePulve|Mixed Platforms.Build.0 = DebugReglagePulve|x86
		{DD7C56AA-4A81-4966-94BC-6B9B62054235}.DebugReglagePulve|x86.ActiveCfg = DebugReglagePulve|x86
		{DD7C56AA-4A81-4966-94BC-6B9B62054235}.DebugReglagePulve|x86.Build.0 = DebugReglagePulve|x86
		{DD7C56AA-4A81-4966-94BC-6B9B62054235}.Release|Any CPU.ActiveCfg = Release|Any CPU
		{DD7C56AA-4A81-4966-94BC-6B9B62054235}.Release|Any CPU.Build.0 = Release|Any CPU
		{DD7C56AA-4A81-4966-94BC-6B9B62054235}.Release|Mixed Platforms.ActiveCfg = Release|x86
		{DD7C56AA-4A81-4966-94BC-6B9B62054235}.Release|Mixed Platforms.Build.0 = Release|x86
		{DD7C56AA-4A81-4966-94BC-6B9B62054235}.Release|x86.ActiveCfg = Release|x86
		{DD7C56AA-4A81-4966-94BC-6B9B62054235}.Release|x86.Build.0 = Release|x86
		{DD7C56AA-4A81-4966-94BC-6B9B62054235}.ReleaseReglagePulve|Any CPU.ActiveCfg = ReleaseReglagePulve|Any CPU
		{DD7C56AA-4A81-4966-94BC-6B9B62054235}.ReleaseReglagePulve|Any CPU.Build.0 = ReleaseReglagePulve|Any CPU
		{DD7C56AA-4A81-4966-94BC-6B9B62054235}.ReleaseReglagePulve|Mixed Platforms.ActiveCfg = ReleaseReglagePulve|x86
		{DD7C56AA-4A81-4966-94BC-6B9B62054235}.ReleaseReglagePulve|Mixed Platforms.Build.0 = ReleaseReglagePulve|x86
		{DD7C56AA-4A81-4966-94BC-6B9B62054235}.ReleaseReglagePulve|x86.ActiveCfg = ReleaseReglagePulve|x86
		{DD7C56AA-4A81-4966-94BC-6B9B62054235}.ReleaseReglagePulve|x86.Build.0 = ReleaseReglagePulve|x86
	EndGlobalSection
	GlobalSection(SolutionProperties) = preSolution
		HideSolutionNode = FALSE
	EndGlobalSection
	GlobalSection(ExtensibilityGlobals) = postSolution
		SolutionGuid = {AB31C4C4-A793-4E51-B9B5-0E972D1BF041}
	EndGlobalSection
	GlobalSection(SubversionScc) = preSolution
		Svn-Managed = True
		Manager = AnkhSVN - Subversion Support for Visual Studio
	EndGlobalSection
	GlobalSection(TestCaseManagementSettings) = postSolution
		CategoryFile = Crodip_agent.vsmdi
	EndGlobalSection
EndGlobal
