
Microsoft Visual Studio Solution File, Format Version 11.00
# Visual Studio 2010
Project("{F184B08F-C81C-45F6-A57F-5ABD9991F28F}") = "Questionnaire", "Questionnaire.vbproj", "{05F0E96E-295E-41AC-910E-D84884627EEE}"
EndProject
Project("{F184B08F-C81C-45F6-A57F-5ABD9991F28F}") = "InvoiceMaker", "..\..\InvoiceMaker\InvoiceMaker.vbproj", "{AEC0AF59-BC50-4370-A1D5-9A551DACCE62}"
EndProject
Project("{F184B08F-C81C-45F6-A57F-5ABD9991F28F}") = "Crodip_agent", "..\Crodip_agent.vbproj", "{DD7C56AA-4A81-4966-94BC-6B9B62054235}"
EndProject
Global
	GlobalSection(SubversionScc) = preSolution
		Svn-Managed = True
		Manager = AnkhSVN - Subversion Support for Visual Studio
	EndGlobalSection
	GlobalSection(SolutionConfigurationPlatforms) = preSolution
		Debug|Any CPU = Debug|Any CPU
		Debug|Mixed Platforms = Debug|Mixed Platforms
		Debug|x86 = Debug|x86
		Release|Any CPU = Release|Any CPU
		Release|Mixed Platforms = Release|Mixed Platforms
		Release|x86 = Release|x86
	EndGlobalSection
	GlobalSection(ProjectConfigurationPlatforms) = postSolution
		{05F0E96E-295E-41AC-910E-D84884627EEE}.Debug|Any CPU.ActiveCfg = Debug|x86
		{05F0E96E-295E-41AC-910E-D84884627EEE}.Debug|Mixed Platforms.ActiveCfg = Debug|x86
		{05F0E96E-295E-41AC-910E-D84884627EEE}.Debug|Mixed Platforms.Build.0 = Debug|x86
		{05F0E96E-295E-41AC-910E-D84884627EEE}.Debug|x86.ActiveCfg = Debug|x86
		{05F0E96E-295E-41AC-910E-D84884627EEE}.Debug|x86.Build.0 = Debug|x86
		{05F0E96E-295E-41AC-910E-D84884627EEE}.Release|Any CPU.ActiveCfg = Release|x86
		{05F0E96E-295E-41AC-910E-D84884627EEE}.Release|Mixed Platforms.ActiveCfg = Release|x86
		{05F0E96E-295E-41AC-910E-D84884627EEE}.Release|Mixed Platforms.Build.0 = Release|x86
		{05F0E96E-295E-41AC-910E-D84884627EEE}.Release|x86.ActiveCfg = Release|x86
		{05F0E96E-295E-41AC-910E-D84884627EEE}.Release|x86.Build.0 = Release|x86
		{AEC0AF59-BC50-4370-A1D5-9A551DACCE62}.Debug|Any CPU.ActiveCfg = Debug|Any CPU
		{AEC0AF59-BC50-4370-A1D5-9A551DACCE62}.Debug|Any CPU.Build.0 = Debug|Any CPU
		{AEC0AF59-BC50-4370-A1D5-9A551DACCE62}.Debug|Mixed Platforms.ActiveCfg = Debug|Any CPU
		{AEC0AF59-BC50-4370-A1D5-9A551DACCE62}.Debug|Mixed Platforms.Build.0 = Debug|Any CPU
		{AEC0AF59-BC50-4370-A1D5-9A551DACCE62}.Debug|x86.ActiveCfg = Debug|Any CPU
		{AEC0AF59-BC50-4370-A1D5-9A551DACCE62}.Release|Any CPU.ActiveCfg = Release|Any CPU
		{AEC0AF59-BC50-4370-A1D5-9A551DACCE62}.Release|Any CPU.Build.0 = Release|Any CPU
		{AEC0AF59-BC50-4370-A1D5-9A551DACCE62}.Release|Mixed Platforms.ActiveCfg = Release|Any CPU
		{AEC0AF59-BC50-4370-A1D5-9A551DACCE62}.Release|Mixed Platforms.Build.0 = Release|Any CPU
		{AEC0AF59-BC50-4370-A1D5-9A551DACCE62}.Release|x86.ActiveCfg = Release|Any CPU
		{DD7C56AA-4A81-4966-94BC-6B9B62054235}.Debug|Any CPU.ActiveCfg = Debug|Any CPU
		{DD7C56AA-4A81-4966-94BC-6B9B62054235}.Debug|Any CPU.Build.0 = Debug|Any CPU
		{DD7C56AA-4A81-4966-94BC-6B9B62054235}.Debug|Mixed Platforms.ActiveCfg = Debug|Any CPU
		{DD7C56AA-4A81-4966-94BC-6B9B62054235}.Debug|Mixed Platforms.Build.0 = Debug|Any CPU
		{DD7C56AA-4A81-4966-94BC-6B9B62054235}.Debug|x86.ActiveCfg = Debug|Any CPU
		{DD7C56AA-4A81-4966-94BC-6B9B62054235}.Release|Any CPU.ActiveCfg = Release|Any CPU
		{DD7C56AA-4A81-4966-94BC-6B9B62054235}.Release|Any CPU.Build.0 = Release|Any CPU
		{DD7C56AA-4A81-4966-94BC-6B9B62054235}.Release|Mixed Platforms.ActiveCfg = Release|Any CPU
		{DD7C56AA-4A81-4966-94BC-6B9B62054235}.Release|Mixed Platforms.Build.0 = Release|Any CPU
		{DD7C56AA-4A81-4966-94BC-6B9B62054235}.Release|x86.ActiveCfg = Release|Any CPU
	EndGlobalSection
	GlobalSection(SolutionProperties) = preSolution
		HideSolutionNode = FALSE
	EndGlobalSection
EndGlobal
